// !$*UTF8*$!
{
	archiveVersion = 1;
	classes = {
	};
	objectVersion = 50;
	objects = {

/* Begin PBXBuildFile section */
		4F1EA48122B2793800FFA4D2 /* scalar coercions.swift in Sources */ = {isa = PBXBuildFile; fileRef = 4F1EA48022B2793800FFA4D2 /* scalar coercions.swift */; };
		4F1EA48322B2794400FFA4D2 /* collection coercions.swift in Sources */ = {isa = PBXBuildFile; fileRef = 4F1EA48222B2794400FFA4D2 /* collection coercions.swift */; };
		4F1EA48522B279B500FFA4D2 /* null.swift in Sources */ = {isa = PBXBuildFile; fileRef = 4F1EA48422B279B500FFA4D2 /* null.swift */; };
		4F1EA48722B27B8D00FFA4D2 /* text.swift in Sources */ = {isa = PBXBuildFile; fileRef = 4F1EA48622B27B8D00FFA4D2 /* text.swift */; };
		4F1EA48922B2888400FFA4D2 /* ordered list.swift in Sources */ = {isa = PBXBuildFile; fileRef = 4F1EA48822B2888400FFA4D2 /* ordered list.swift */; };
		4F1EA48E22B4E7C200FFA4D2 /* coercion modifiers.swift in Sources */ = {isa = PBXBuildFile; fileRef = 4F1EA48D22B4E7C200FFA4D2 /* coercion modifiers.swift */; };
		4F1EA49022B4E8D700FFA4D2 /* complex coercions.swift in Sources */ = {isa = PBXBuildFile; fileRef = 4F1EA48F22B4E8D700FFA4D2 /* complex coercions.swift */; };
		4F25506522EA38F500B7034F /* block readers.swift in Sources */ = {isa = PBXBuildFile; fileRef = 4F25506422EA38F500B7034F /* block readers.swift */; };
		4F25553B22E5053E002FAE5E /* operator registry.swift in Sources */ = {isa = PBXBuildFile; fileRef = 4F25553A22E5053E002FAE5E /* operator registry.swift */; };
		4F25553D22E5D3DE002FAE5E /* characters.swift in Sources */ = {isa = PBXBuildFile; fileRef = 4F25553C22E5D3DE002FAE5E /* characters.swift */; };
		4F257CCC22BAD1FA00A51CF5 /* math funcs.swift in Sources */ = {isa = PBXBuildFile; fileRef = 4F257CCB22BAD1FA00A51CF5 /* math funcs.swift */; };
		4F25FB8522B64B58007EE7AE /* numeric.swift in Sources */ = {isa = PBXBuildFile; fileRef = 4F25FB8422B64B58007EE7AE /* numeric.swift */; };
		4F25FB8722B68530007EE7AE /* query values.swift in Sources */ = {isa = PBXBuildFile; fileRef = 4F25FB8622B68530007EE7AE /* query values.swift */; };
		4F25FB8A22B6AC82007EE7AE /* general funcs.swift in Sources */ = {isa = PBXBuildFile; fileRef = 4F25FB8922B6AC82007EE7AE /* general funcs.swift */; };
		4F25FB8C22B6E561007EE7AE /* stdlib_handlers.swift in Sources */ = {isa = PBXBuildFile; fileRef = 4F25FB8B22B6E561007EE7AE /* stdlib_handlers.swift */; };
		4F26065422BECD7B0036D904 /* record.swift in Sources */ = {isa = PBXBuildFile; fileRef = 4F26065322BECD7B0036D904 /* record.swift */; };
		4F26065622C0158C0036D904 /* value modifiers.swift in Sources */ = {isa = PBXBuildFile; fileRef = 4F26065522C0158C0036D904 /* value modifiers.swift */; };
		4F26065822C015A30036D904 /* symbol.swift in Sources */ = {isa = PBXBuildFile; fileRef = 4F26065722C015A30036D904 /* symbol.swift */; };
		4F26065B22C015F10036D904 /* handler interface.swift in Sources */ = {isa = PBXBuildFile; fileRef = 4F26065A22C015F10036D904 /* handler interface.swift */; };
		4F26065D22C0161D0036D904 /* native handler.swift in Sources */ = {isa = PBXBuildFile; fileRef = 4F26065C22C0161D0036D904 /* native handler.swift */; };
		4F26065F22C016570036D904 /* primitive handler.swift in Sources */ = {isa = PBXBuildFile; fileRef = 4F26065E22C016570036D904 /* primitive handler.swift */; };
		4F26066222C017EF0036D904 /* command bindings.swift in Sources */ = {isa = PBXBuildFile; fileRef = 4F26066122C017EF0036D904 /* command bindings.swift */; };
		4F2694D722DF5607009B8FC0 /* token.swift in Sources */ = {isa = PBXBuildFile; fileRef = 4F2694D622DF5607009B8FC0 /* token.swift */; };
		4F2694D922E061AC009B8FC0 /* numeric reader.swift in Sources */ = {isa = PBXBuildFile; fileRef = 4F2694D822E061AC009B8FC0 /* numeric reader.swift */; };
		4F2694DB22E06D24009B8FC0 /* parser protocols.swift in Sources */ = {isa = PBXBuildFile; fileRef = 4F2694DA22E06D24009B8FC0 /* parser protocols.swift */; };
		4F26F7182306C410002DD292 /* stdlib_operators.swift in Sources */ = {isa = PBXBuildFile; fileRef = 4F26F7172306C410002DD292 /* stdlib_operators.swift */; };
		4F27087622D9E584009F40B2 /* keyed list.swift in Sources */ = {isa = PBXBuildFile; fileRef = 4F27087522D9E584009F40B2 /* keyed list.swift */; };
		4F29320022E2290B00BC0AD4 /* editable script.swift in Sources */ = {isa = PBXBuildFile; fileRef = 4F2931FF22E2290B00BC0AD4 /* editable script.swift */; };
		4F29320222E23AD700BC0AD4 /* other line readers.swift in Sources */ = {isa = PBXBuildFile; fileRef = 4F29320122E23AD700BC0AD4 /* other line readers.swift */; };
		4F29320422E25E7100BC0AD4 /* operator reader.swift in Sources */ = {isa = PBXBuildFile; fileRef = 4F29320322E25E7100BC0AD4 /* operator reader.swift */; };
		4F2B81BF22CCD63E00FD1EB8 /* record coercion.swift in Sources */ = {isa = PBXBuildFile; fileRef = 4F2B81BE22CCD63E00FD1EB8 /* record coercion.swift */; };
		4F5B58852302098200B039DC /* pair.swift in Sources */ = {isa = PBXBuildFile; fileRef = 4F5B58842302098200B039DC /* pair.swift */; };
		4F84D00122ADA0F200C9FD23 /* main.swift in Sources */ = {isa = PBXBuildFile; fileRef = 4F84D00022ADA0F200C9FD23 /* main.swift */; };
		4F84D00822ADA12A00C9FD23 /* value protocols.swift in Sources */ = {isa = PBXBuildFile; fileRef = 4F84D00722ADA12A00C9FD23 /* value protocols.swift */; };
		4F84D00A22ADA13700C9FD23 /* coercion protocols.swift in Sources */ = {isa = PBXBuildFile; fileRef = 4F84D00922ADA13700C9FD23 /* coercion protocols.swift */; };
		4F84D00C22ADA1AF00C9FD23 /* environment.swift in Sources */ = {isa = PBXBuildFile; fileRef = 4F84D00B22ADA1AF00C9FD23 /* environment.swift */; };
		4F84D01022AE7E2500C9FD23 /* command.swift in Sources */ = {isa = PBXBuildFile; fileRef = 4F84D00F22AE7E2500C9FD23 /* command.swift */; };
		4F84D01222AE7E2C00C9FD23 /* handler protocols.swift in Sources */ = {isa = PBXBuildFile; fileRef = 4F84D01122AE7E2C00C9FD23 /* handler protocols.swift */; };
		4F84D01422AE7EEA00C9FD23 /* block.swift in Sources */ = {isa = PBXBuildFile; fileRef = 4F84D01322AE7EEA00C9FD23 /* block.swift */; };
		4F84D01622AE819000C9FD23 /* errors.swift in Sources */ = {isa = PBXBuildFile; fileRef = 4F84D01522AE819000C9FD23 /* errors.swift */; };
		4F857701230C9247002B47F2 /* stdlib_constants.swift in Sources */ = {isa = PBXBuildFile; fileRef = 4F857700230C9247002B47F2 /* stdlib_constants.swift */; };
		4F857703230D34AF002B47F2 /* state funcs.swift in Sources */ = {isa = PBXBuildFile; fileRef = 4F857702230D34AE002B47F2 /* state funcs.swift */; };
		4FAE769422FDBCCA00952994 /* parser.swift in Sources */ = {isa = PBXBuildFile; fileRef = 4FAE769322FDBCCA00952994 /* parser.swift */; };
		4FC5C7F8230F380E007D694C /* handler coercions.swift in Sources */ = {isa = PBXBuildFile; fileRef = 4FC5C7F7230F380E007D694C /* handler coercions.swift */; };
		4FC5C7FD23110B1F007D694C /* quote reader.swift in Sources */ = {isa = PBXBuildFile; fileRef = 4FC5C7FC23110B1F007D694C /* quote reader.swift */; };
		4FC5C7FF23110B76007D694C /* name reader.swift in Sources */ = {isa = PBXBuildFile; fileRef = 4FC5C7FE23110B76007D694C /* name reader.swift */; };
		4FC5C81E23129BCC007D694C /* handlers template.swift in Sources */ = {isa = PBXBuildFile; fileRef = 4FC5C81B23129BCC007D694C /* handlers template.swift */; };
		4FC5C81F23129BCC007D694C /* handlers glue.swift in Sources */ = {isa = PBXBuildFile; fileRef = 4FC5C81C23129BCC007D694C /* handlers glue.swift */; };
		4FC5C82023129BCC007D694C /* text template.swift in Sources */ = {isa = PBXBuildFile; fileRef = 4FC5C81D23129BCC007D694C /* text template.swift */; };
		4FC5C82123129CAA007D694C /* gluelib_handlers.swift in Sources */ = {isa = PBXBuildFile; fileRef = 4FC5C7FA23109824007D694C /* gluelib_handlers.swift */; };
		4FC5C82223129CAA007D694C /* gluelib_operators.swift in Sources */ = {isa = PBXBuildFile; fileRef = 4FC5C7FB23109826007D694C /* gluelib_operators.swift */; };
		4FFC6F2522D6818000D636B9 /* tokenizer.swift in Sources */ = {isa = PBXBuildFile; fileRef = 4FFC6F2422D6818000D636B9 /* tokenizer.swift */; };
		4FFC6F2A22D7704D00D636B9 /* access protocols.swift in Sources */ = {isa = PBXBuildFile; fileRef = 4FFC6F2922D7704D00D636B9 /* access protocols.swift */; };
/* End PBXBuildFile section */

/* Begin PBXCopyFilesBuildPhase section */
		4F84CFFB22ADA0F200C9FD23 /* CopyFiles */ = {
			isa = PBXCopyFilesBuildPhase;
			buildActionMask = 2147483647;
			dstPath = /usr/share/man/man1/;
			dstSubfolderSpec = 0;
			files = (
			);
			runOnlyForDeploymentPostprocessing = 1;
		};
/* End PBXCopyFilesBuildPhase section */

/* Begin PBXFileReference section */
		4F1EA48022B2793800FFA4D2 /* scalar coercions.swift */ = {isa = PBXFileReference; lastKnownFileType = sourcecode.swift; path = "scalar coercions.swift"; sourceTree = "<group>"; };
		4F1EA48222B2794400FFA4D2 /* collection coercions.swift */ = {isa = PBXFileReference; lastKnownFileType = sourcecode.swift; path = "collection coercions.swift"; sourceTree = "<group>"; };
		4F1EA48422B279B500FFA4D2 /* null.swift */ = {isa = PBXFileReference; lastKnownFileType = sourcecode.swift; path = null.swift; sourceTree = "<group>"; };
		4F1EA48622B27B8D00FFA4D2 /* text.swift */ = {isa = PBXFileReference; lastKnownFileType = sourcecode.swift; path = text.swift; sourceTree = "<group>"; };
		4F1EA48822B2888400FFA4D2 /* ordered list.swift */ = {isa = PBXFileReference; lastKnownFileType = sourcecode.swift; path = "ordered list.swift"; sourceTree = "<group>"; };
		4F1EA48D22B4E7C200FFA4D2 /* coercion modifiers.swift */ = {isa = PBXFileReference; lastKnownFileType = sourcecode.swift; path = "coercion modifiers.swift"; sourceTree = "<group>"; };
		4F1EA48F22B4E8D700FFA4D2 /* complex coercions.swift */ = {isa = PBXFileReference; lastKnownFileType = sourcecode.swift; path = "complex coercions.swift"; sourceTree = "<group>"; };
		4F25506422EA38F500B7034F /* block readers.swift */ = {isa = PBXFileReference; lastKnownFileType = sourcecode.swift; path = "block readers.swift"; sourceTree = "<group>"; };
		4F25553A22E5053E002FAE5E /* operator registry.swift */ = {isa = PBXFileReference; lastKnownFileType = sourcecode.swift; path = "operator registry.swift"; sourceTree = "<group>"; };
		4F25553C22E5D3DE002FAE5E /* characters.swift */ = {isa = PBXFileReference; lastKnownFileType = sourcecode.swift; path = characters.swift; sourceTree = "<group>"; };
		4F257CCB22BAD1FA00A51CF5 /* math funcs.swift */ = {isa = PBXFileReference; lastKnownFileType = sourcecode.swift; path = "math funcs.swift"; sourceTree = "<group>"; };
		4F25FB8422B64B58007EE7AE /* numeric.swift */ = {isa = PBXFileReference; fileEncoding = 4; lastKnownFileType = sourcecode.swift; path = numeric.swift; sourceTree = "<group>"; };
		4F25FB8622B68530007EE7AE /* query values.swift */ = {isa = PBXFileReference; lastKnownFileType = sourcecode.swift; path = "query values.swift"; sourceTree = "<group>"; };
		4F25FB8922B6AC82007EE7AE /* general funcs.swift */ = {isa = PBXFileReference; fileEncoding = 4; lastKnownFileType = sourcecode.swift; path = "general funcs.swift"; sourceTree = "<group>"; };
		4F25FB8B22B6E561007EE7AE /* stdlib_handlers.swift */ = {isa = PBXFileReference; lastKnownFileType = sourcecode.swift; path = stdlib_handlers.swift; sourceTree = "<group>"; };
		4F26065322BECD7B0036D904 /* record.swift */ = {isa = PBXFileReference; lastKnownFileType = sourcecode.swift; path = record.swift; sourceTree = "<group>"; };
		4F26065522C0158C0036D904 /* value modifiers.swift */ = {isa = PBXFileReference; lastKnownFileType = sourcecode.swift; path = "value modifiers.swift"; sourceTree = "<group>"; };
		4F26065722C015A30036D904 /* symbol.swift */ = {isa = PBXFileReference; lastKnownFileType = sourcecode.swift; path = symbol.swift; sourceTree = "<group>"; };
		4F26065A22C015F10036D904 /* handler interface.swift */ = {isa = PBXFileReference; lastKnownFileType = sourcecode.swift; path = "handler interface.swift"; sourceTree = "<group>"; };
		4F26065C22C0161D0036D904 /* native handler.swift */ = {isa = PBXFileReference; lastKnownFileType = sourcecode.swift; path = "native handler.swift"; sourceTree = "<group>"; };
		4F26065E22C016570036D904 /* primitive handler.swift */ = {isa = PBXFileReference; lastKnownFileType = sourcecode.swift; path = "primitive handler.swift"; sourceTree = "<group>"; };
		4F26066122C017EF0036D904 /* command bindings.swift */ = {isa = PBXFileReference; lastKnownFileType = sourcecode.swift; path = "command bindings.swift"; sourceTree = "<group>"; };
		4F2694D622DF5607009B8FC0 /* token.swift */ = {isa = PBXFileReference; lastKnownFileType = sourcecode.swift; path = token.swift; sourceTree = "<group>"; };
		4F2694D822E061AC009B8FC0 /* numeric reader.swift */ = {isa = PBXFileReference; lastKnownFileType = sourcecode.swift; path = "numeric reader.swift"; sourceTree = "<group>"; };
		4F2694DA22E06D24009B8FC0 /* parser protocols.swift */ = {isa = PBXFileReference; lastKnownFileType = sourcecode.swift; path = "parser protocols.swift"; sourceTree = "<group>"; };
		4F26F7172306C410002DD292 /* stdlib_operators.swift */ = {isa = PBXFileReference; lastKnownFileType = sourcecode.swift; path = stdlib_operators.swift; sourceTree = "<group>"; };
		4F27087522D9E584009F40B2 /* keyed list.swift */ = {isa = PBXFileReference; lastKnownFileType = sourcecode.swift; path = "keyed list.swift"; sourceTree = "<group>"; };
		4F2931FF22E2290B00BC0AD4 /* editable script.swift */ = {isa = PBXFileReference; lastKnownFileType = sourcecode.swift; path = "editable script.swift"; sourceTree = "<group>"; };
		4F29320122E23AD700BC0AD4 /* other line readers.swift */ = {isa = PBXFileReference; lastKnownFileType = sourcecode.swift; path = "other line readers.swift"; sourceTree = "<group>"; };
		4F29320322E25E7100BC0AD4 /* operator reader.swift */ = {isa = PBXFileReference; lastKnownFileType = sourcecode.swift; path = "operator reader.swift"; sourceTree = "<group>"; };
		4F2B81BE22CCD63E00FD1EB8 /* record coercion.swift */ = {isa = PBXFileReference; lastKnownFileType = sourcecode.swift; path = "record coercion.swift"; sourceTree = "<group>"; };
		4F5B58842302098200B039DC /* pair.swift */ = {isa = PBXFileReference; lastKnownFileType = sourcecode.swift; path = pair.swift; sourceTree = "<group>"; };
		4F84CFFD22ADA0F200C9FD23 /* iris-script */ = {isa = PBXFileReference; explicitFileType = "compiled.mach-o.executable"; includeInIndex = 0; path = "iris-script"; sourceTree = BUILT_PRODUCTS_DIR; };
		4F84D00022ADA0F200C9FD23 /* main.swift */ = {isa = PBXFileReference; lastKnownFileType = sourcecode.swift; path = main.swift; sourceTree = "<group>"; };
		4F84D00722ADA12A00C9FD23 /* value protocols.swift */ = {isa = PBXFileReference; lastKnownFileType = sourcecode.swift; path = "value protocols.swift"; sourceTree = "<group>"; };
		4F84D00922ADA13700C9FD23 /* coercion protocols.swift */ = {isa = PBXFileReference; lastKnownFileType = sourcecode.swift; path = "coercion protocols.swift"; sourceTree = "<group>"; };
		4F84D00B22ADA1AF00C9FD23 /* environment.swift */ = {isa = PBXFileReference; lastKnownFileType = sourcecode.swift; path = environment.swift; sourceTree = "<group>"; };
		4F84D00F22AE7E2500C9FD23 /* command.swift */ = {isa = PBXFileReference; lastKnownFileType = sourcecode.swift; path = command.swift; sourceTree = "<group>"; };
		4F84D01122AE7E2C00C9FD23 /* handler protocols.swift */ = {isa = PBXFileReference; lastKnownFileType = sourcecode.swift; path = "handler protocols.swift"; sourceTree = "<group>"; };
		4F84D01322AE7EEA00C9FD23 /* block.swift */ = {isa = PBXFileReference; lastKnownFileType = sourcecode.swift; path = block.swift; sourceTree = "<group>"; };
		4F84D01522AE819000C9FD23 /* errors.swift */ = {isa = PBXFileReference; lastKnownFileType = sourcecode.swift; path = errors.swift; sourceTree = "<group>"; };
		4F857700230C9247002B47F2 /* stdlib_constants.swift */ = {isa = PBXFileReference; fileEncoding = 4; lastKnownFileType = sourcecode.swift; path = stdlib_constants.swift; sourceTree = "<group>"; };
		4F857702230D34AE002B47F2 /* state funcs.swift */ = {isa = PBXFileReference; fileEncoding = 4; lastKnownFileType = sourcecode.swift; path = "state funcs.swift"; sourceTree = "<group>"; };
		4FAE769322FDBCCA00952994 /* parser.swift */ = {isa = PBXFileReference; lastKnownFileType = sourcecode.swift; path = parser.swift; sourceTree = "<group>"; };
		4FC5C7F7230F380E007D694C /* handler coercions.swift */ = {isa = PBXFileReference; lastKnownFileType = sourcecode.swift; path = "handler coercions.swift"; sourceTree = "<group>"; };
		4FC5C7FA23109824007D694C /* gluelib_handlers.swift */ = {isa = PBXFileReference; lastKnownFileType = sourcecode.swift; path = gluelib_handlers.swift; sourceTree = "<group>"; };
		4FC5C7FB23109826007D694C /* gluelib_operators.swift */ = {isa = PBXFileReference; lastKnownFileType = sourcecode.swift; path = gluelib_operators.swift; sourceTree = "<group>"; };
		4FC5C7FC23110B1F007D694C /* quote reader.swift */ = {isa = PBXFileReference; lastKnownFileType = sourcecode.swift; path = "quote reader.swift"; sourceTree = "<group>"; };
		4FC5C7FE23110B76007D694C /* name reader.swift */ = {isa = PBXFileReference; lastKnownFileType = sourcecode.swift; path = "name reader.swift"; sourceTree = "<group>"; };
		4FC5C81B23129BCC007D694C /* handlers template.swift */ = {isa = PBXFileReference; fileEncoding = 4; lastKnownFileType = sourcecode.swift; path = "handlers template.swift"; sourceTree = "<group>"; };
		4FC5C81C23129BCC007D694C /* handlers glue.swift */ = {isa = PBXFileReference; fileEncoding = 4; lastKnownFileType = sourcecode.swift; path = "handlers glue.swift"; sourceTree = "<group>"; };
		4FC5C81D23129BCC007D694C /* text template.swift */ = {isa = PBXFileReference; fileEncoding = 4; lastKnownFileType = sourcecode.swift; path = "text template.swift"; sourceTree = "<group>"; };
		4FC5C8232312A06C007D694C /* notes.txt */ = {isa = PBXFileReference; lastKnownFileType = text; path = notes.txt; sourceTree = "<group>"; };
		4FFC6F2422D6818000D636B9 /* tokenizer.swift */ = {isa = PBXFileReference; lastKnownFileType = sourcecode.swift; path = tokenizer.swift; sourceTree = "<group>"; };
		4FFC6F2922D7704D00D636B9 /* access protocols.swift */ = {isa = PBXFileReference; lastKnownFileType = sourcecode.swift; path = "access protocols.swift"; sourceTree = "<group>"; };
/* End PBXFileReference section */

/* Begin PBXFrameworksBuildPhase section */
		4F84CFFA22ADA0F200C9FD23 /* Frameworks */ = {
			isa = PBXFrameworksBuildPhase;
			buildActionMask = 2147483647;
			files = (
			);
			runOnlyForDeploymentPostprocessing = 0;
		};
/* End PBXFrameworksBuildPhase section */

/* Begin PBXGroup section */
		4F1EA48B22B4E71300FFA4D2 /* values */ = {
			isa = PBXGroup;
			children = (
				4F84D00722ADA12A00C9FD23 /* value protocols.swift */,
				4F27087722D9E58C009F40B2 /* scalars */,
				4F27087922D9E608009F40B2 /* collections */,
				4F27087822D9E5D2009F40B2 /* complex */,
				4F26066022C017AC0036D904 /* commands */,
				4F26065922C015D50036D904 /* handlers */,
				4F26065522C0158C0036D904 /* value modifiers.swift */,
			);
			path = values;
			sourceTree = "<group>";
		};
		4F1EA48C22B4E72F00FFA4D2 /* coercions */ = {
			isa = PBXGroup;
			children = (
				4F84D00922ADA13700C9FD23 /* coercion protocols.swift */,
				4F1EA48022B2793800FFA4D2 /* scalar coercions.swift */,
				4F1EA48222B2794400FFA4D2 /* collection coercions.swift */,
				4F1EA48F22B4E8D700FFA4D2 /* complex coercions.swift */,
				4FC5C7F7230F380E007D694C /* handler coercions.swift */,
				4F1EA48D22B4E7C200FFA4D2 /* coercion modifiers.swift */,
				4F2B81BE22CCD63E00FD1EB8 /* record coercion.swift */,
			);
			path = coercions;
			sourceTree = "<group>";
		};
		4F25506022EA384F00B7034F /* lexer */ = {
			isa = PBXGroup;
			children = (
				4FFC6F2422D6818000D636B9 /* tokenizer.swift */,
				4FC5C7FE23110B76007D694C /* name reader.swift */,
				4F2694D822E061AC009B8FC0 /* numeric reader.swift */,
				4F29320322E25E7100BC0AD4 /* operator reader.swift */,
				4F29320122E23AD700BC0AD4 /* other line readers.swift */,
			);
			name = lexer;
			sourceTree = "<group>";
		};
		4F25506122EA386400B7034F /* parser */ = {
			isa = PBXGroup;
			children = (
				4F2931FF22E2290B00BC0AD4 /* editable script.swift */,
				4F25506422EA38F500B7034F /* block readers.swift */,
				4FC5C7FC23110B1F007D694C /* quote reader.swift */,
				4FAE769322FDBCCA00952994 /* parser.swift */,
			);
			name = parser;
			sourceTree = "<group>";
		};
		4F257CCA22BACB0D00A51CF5 /* chunk expressions */ = {
			isa = PBXGroup;
			children = (
				4F25FB8622B68530007EE7AE /* query values.swift */,
			);
			path = "chunk expressions";
			sourceTree = "<group>";
		};
		4F25FB8822B6AC57007EE7AE /* stdlib */ = {
			isa = PBXGroup;
			children = (
				4F25FB8922B6AC82007EE7AE /* general funcs.swift */,
				4F257CCB22BAD1FA00A51CF5 /* math funcs.swift */,
				4F857702230D34AE002B47F2 /* state funcs.swift */,
				4F25FB8B22B6E561007EE7AE /* stdlib_handlers.swift */,
				4F857700230C9247002B47F2 /* stdlib_constants.swift */,
				4F26F7172306C410002DD292 /* stdlib_operators.swift */,
			);
			path = stdlib;
			sourceTree = "<group>";
		};
		4F26065922C015D50036D904 /* handlers */ = {
			isa = PBXGroup;
			children = (
				4F84D01122AE7E2C00C9FD23 /* handler protocols.swift */,
				4F26065A22C015F10036D904 /* handler interface.swift */,
				4F26065C22C0161D0036D904 /* native handler.swift */,
				4F26065E22C016570036D904 /* primitive handler.swift */,
			);
			name = handlers;
			sourceTree = "<group>";
		};
		4F26066022C017AC0036D904 /* commands */ = {
			isa = PBXGroup;
			children = (
				4F84D00F22AE7E2500C9FD23 /* command.swift */,
				4F26066122C017EF0036D904 /* command bindings.swift */,
			);
			name = commands;
			sourceTree = "<group>";
		};
		4F27087722D9E58C009F40B2 /* scalars */ = {
			isa = PBXGroup;
			children = (
				4F1EA48622B27B8D00FFA4D2 /* text.swift */,
				4F25FB8422B64B58007EE7AE /* numeric.swift */,
			);
			name = scalars;
			sourceTree = "<group>";
		};
		4F27087822D9E5D2009F40B2 /* complex */ = {
			isa = PBXGroup;
			children = (
				4F1EA48422B279B500FFA4D2 /* null.swift */,
				4F26065722C015A30036D904 /* symbol.swift */,
				4F5B58842302098200B039DC /* pair.swift */,
				4F26065322BECD7B0036D904 /* record.swift */,
				4F84D01322AE7EEA00C9FD23 /* block.swift */,
			);
			name = complex;
			sourceTree = "<group>";
		};
		4F27087922D9E608009F40B2 /* collections */ = {
			isa = PBXGroup;
			children = (
				4F1EA48822B2888400FFA4D2 /* ordered list.swift */,
				4F27087522D9E584009F40B2 /* keyed list.swift */,
			);
			name = collections;
			sourceTree = "<group>";
		};
		4F84CFF422ADA0F100C9FD23 = {
			isa = PBXGroup;
			children = (
				4FC5C8232312A06C007D694C /* notes.txt */,
				4F84CFFF22ADA0F200C9FD23 /* iris-script */,
				4F84CFFE22ADA0F200C9FD23 /* Products */,
			);
			sourceTree = "<group>";
		};
		4F84CFFE22ADA0F200C9FD23 /* Products */ = {
			isa = PBXGroup;
			children = (
				4F84CFFD22ADA0F200C9FD23 /* iris-script */,
			);
			name = Products;
			sourceTree = "<group>";
		};
		4F84CFFF22ADA0F200C9FD23 /* iris-script */ = {
			isa = PBXGroup;
			children = (
				4F84D00022ADA0F200C9FD23 /* main.swift */,
				4FFC6F2322D6816F00D636B9 /* parser */,
				4F1EA48B22B4E71300FFA4D2 /* values */,
				4F1EA48C22B4E72F00FFA4D2 /* coercions */,
				4FFC6F2822D7703000D636B9 /* scopes */,
				4F84D01522AE819000C9FD23 /* errors.swift */,
				4F257CCA22BACB0D00A51CF5 /* chunk expressions */,
				4F25FB8822B6AC57007EE7AE /* stdlib */,
				4FC5C7F9231097FE007D694C /* gluelib */,
			);
			path = "iris-script";
			sourceTree = "<group>";
		};
		4FC5C7F9231097FE007D694C /* gluelib */ = {
			isa = PBXGroup;
			children = (
				4FC5C81B23129BCC007D694C /* handlers template.swift */,
				4FC5C81C23129BCC007D694C /* handlers glue.swift */,
				4FC5C81D23129BCC007D694C /* text template.swift */,
				4FC5C7FA23109824007D694C /* gluelib_handlers.swift */,
				4FC5C7FB23109826007D694C /* gluelib_operators.swift */,
			);
			path = gluelib;
			sourceTree = "<group>";
		};
		4FFC6F2322D6816F00D636B9 /* parser */ = {
			isa = PBXGroup;
			children = (
				4F2694DA22E06D24009B8FC0 /* parser protocols.swift */,
				4F25553C22E5D3DE002FAE5E /* characters.swift */,
				4F2694D622DF5607009B8FC0 /* token.swift */,
				4F25553A22E5053E002FAE5E /* operator registry.swift */,
				4F25506022EA384F00B7034F /* lexer */,
				4F25506122EA386400B7034F /* parser */,
			);
			path = parser;
			sourceTree = "<group>";
		};
		4FFC6F2822D7703000D636B9 /* scopes */ = {
			isa = PBXGroup;
			children = (
				4FFC6F2922D7704D00D636B9 /* access protocols.swift */,
				4F84D00B22ADA1AF00C9FD23 /* environment.swift */,
			);
			path = scopes;
			sourceTree = "<group>";
		};
/* End PBXGroup section */

/* Begin PBXNativeTarget section */
		4F84CFFC22ADA0F200C9FD23 /* iris-script */ = {
			isa = PBXNativeTarget;
			buildConfigurationList = 4F84D00422ADA0F200C9FD23 /* Build configuration list for PBXNativeTarget "iris-script" */;
			buildPhases = (
				4F84CFF922ADA0F200C9FD23 /* Sources */,
				4F84CFFA22ADA0F200C9FD23 /* Frameworks */,
				4F84CFFB22ADA0F200C9FD23 /* CopyFiles */,
			);
			buildRules = (
			);
			dependencies = (
			);
			name = "iris-script";
			productName = "iris-lang";
			productReference = 4F84CFFD22ADA0F200C9FD23 /* iris-script */;
			productType = "com.apple.product-type.tool";
		};
/* End PBXNativeTarget section */

/* Begin PBXProject section */
		4F84CFF522ADA0F100C9FD23 /* Project object */ = {
			isa = PBXProject;
			attributes = {
				LastSwiftUpdateCheck = 1020;
				LastUpgradeCheck = 1020;
				TargetAttributes = {
					4F84CFFC22ADA0F200C9FD23 = {
						CreatedOnToolsVersion = 10.2.1;
					};
				};
			};
			buildConfigurationList = 4F84CFF822ADA0F100C9FD23 /* Build configuration list for PBXProject "iris-script" */;
			compatibilityVersion = "Xcode 9.3";
			developmentRegion = en;
			hasScannedForEncodings = 0;
			knownRegions = (
				en,
				Base,
			);
			mainGroup = 4F84CFF422ADA0F100C9FD23;
			productRefGroup = 4F84CFFE22ADA0F200C9FD23 /* Products */;
			projectDirPath = "";
			projectRoot = "";
			targets = (
				4F84CFFC22ADA0F200C9FD23 /* iris-script */,
			);
		};
/* End PBXProject section */

/* Begin PBXSourcesBuildPhase section */
		4F84CFF922ADA0F200C9FD23 /* Sources */ = {
			isa = PBXSourcesBuildPhase;
			buildActionMask = 2147483647;
			files = (
				4FC5C82123129CAA007D694C /* gluelib_handlers.swift in Sources */,
				4FC5C82223129CAA007D694C /* gluelib_operators.swift in Sources */,
				4F1EA48722B27B8D00FFA4D2 /* text.swift in Sources */,
				4F5B58852302098200B039DC /* pair.swift in Sources */,
				4FFC6F2A22D7704D00D636B9 /* access protocols.swift in Sources */,
				4F857703230D34AF002B47F2 /* state funcs.swift in Sources */,
				4F2B81BF22CCD63E00FD1EB8 /* record coercion.swift in Sources */,
				4F26066222C017EF0036D904 /* command bindings.swift in Sources */,
				4F1EA48522B279B500FFA4D2 /* null.swift in Sources */,
				4F84D00A22ADA13700C9FD23 /* coercion protocols.swift in Sources */,
				4F25FB8A22B6AC82007EE7AE /* general funcs.swift in Sources */,
				4F257CCC22BAD1FA00A51CF5 /* math funcs.swift in Sources */,
				4F25553B22E5053E002FAE5E /* operator registry.swift in Sources */,
				4F26065D22C0161D0036D904 /* native handler.swift in Sources */,
				4F2694D722DF5607009B8FC0 /* token.swift in Sources */,
				4F25FB8722B68530007EE7AE /* query values.swift in Sources */,
				4F26065F22C016570036D904 /* primitive handler.swift in Sources */,
				4F84D00C22ADA1AF00C9FD23 /* environment.swift in Sources */,
				4FC5C81F23129BCC007D694C /* handlers glue.swift in Sources */,
				4F84D01422AE7EEA00C9FD23 /* block.swift in Sources */,
				4F84D00122ADA0F200C9FD23 /* main.swift in Sources */,
				4F26065B22C015F10036D904 /* handler interface.swift in Sources */,
				4F84D01622AE819000C9FD23 /* errors.swift in Sources */,
				4F25506522EA38F500B7034F /* block readers.swift in Sources */,
				4F26065622C0158C0036D904 /* value modifiers.swift in Sources */,
				4FC5C7FD23110B1F007D694C /* quote reader.swift in Sources */,
				4F25553D22E5D3DE002FAE5E /* characters.swift in Sources */,
				4F1EA49022B4E8D700FFA4D2 /* complex coercions.swift in Sources */,
				4FAE769422FDBCCA00952994 /* parser.swift in Sources */,
				4F84D00822ADA12A00C9FD23 /* value protocols.swift in Sources */,
				4F26F7182306C410002DD292 /* stdlib_operators.swift in Sources */,
				4F29320222E23AD700BC0AD4 /* other line readers.swift in Sources */,
				4F857701230C9247002B47F2 /* stdlib_constants.swift in Sources */,
				4FC5C7F8230F380E007D694C /* handler coercions.swift in Sources */,
				4F29320422E25E7100BC0AD4 /* operator reader.swift in Sources */,
				4FC5C7FF23110B76007D694C /* name reader.swift in Sources */,
				4FC5C82023129BCC007D694C /* text template.swift in Sources */,
				4F2694D922E061AC009B8FC0 /* numeric reader.swift in Sources */,
				4FC5C81E23129BCC007D694C /* handlers template.swift in Sources */,
				4F2694DB22E06D24009B8FC0 /* parser protocols.swift in Sources */,
				4FFC6F2522D6818000D636B9 /* tokenizer.swift in Sources */,
				4F84D01222AE7E2C00C9FD23 /* handler protocols.swift in Sources */,
				4F1EA48E22B4E7C200FFA4D2 /* coercion modifiers.swift in Sources */,
				4F26065822C015A30036D904 /* symbol.swift in Sources */,
				4F1EA48322B2794400FFA4D2 /* collection coercions.swift in Sources */,
				4F1EA48922B2888400FFA4D2 /* ordered list.swift in Sources */,
				4F26065422BECD7B0036D904 /* record.swift in Sources */,
				4F29320022E2290B00BC0AD4 /* editable script.swift in Sources */,
				4F25FB8C22B6E561007EE7AE /* stdlib_handlers.swift in Sources */,
				4F25FB8522B64B58007EE7AE /* numeric.swift in Sources */,
				4F84D01022AE7E2500C9FD23 /* command.swift in Sources */,
				4F27087622D9E584009F40B2 /* keyed list.swift in Sources */,
				4F1EA48122B2793800FFA4D2 /* scalar coercions.swift in Sources */,
			);
			runOnlyForDeploymentPostprocessing = 0;
		};
/* End PBXSourcesBuildPhase section */

/* Begin XCBuildConfiguration section */
		4F84D00222ADA0F200C9FD23 /* Debug */ = {
			isa = XCBuildConfiguration;
			buildSettings = {
				ALWAYS_SEARCH_USER_PATHS = NO;
				CLANG_ANALYZER_NONNULL = YES;
				CLANG_ANALYZER_NUMBER_OBJECT_CONVERSION = YES_AGGRESSIVE;
				CLANG_CXX_LANGUAGE_STANDARD = "gnu++14";
				CLANG_CXX_LIBRARY = "libc++";
				CLANG_ENABLE_MODULES = YES;
				CLANG_ENABLE_OBJC_ARC = YES;
				CLANG_ENABLE_OBJC_WEAK = YES;
				CLANG_WARN_BLOCK_CAPTURE_AUTORELEASING = YES;
				CLANG_WARN_BOOL_CONVERSION = YES;
				CLANG_WARN_COMMA = YES;
				CLANG_WARN_CONSTANT_CONVERSION = YES;
				CLANG_WARN_DEPRECATED_OBJC_IMPLEMENTATIONS = YES;
				CLANG_WARN_DIRECT_OBJC_ISA_USAGE = YES_ERROR;
				CLANG_WARN_DOCUMENTATION_COMMENTS = YES;
				CLANG_WARN_EMPTY_BODY = YES;
				CLANG_WARN_ENUM_CONVERSION = YES;
				CLANG_WARN_INFINITE_RECURSION = YES;
				CLANG_WARN_INT_CONVERSION = YES;
				CLANG_WARN_NON_LITERAL_NULL_CONVERSION = YES;
				CLANG_WARN_OBJC_IMPLICIT_RETAIN_SELF = YES;
				CLANG_WARN_OBJC_LITERAL_CONVERSION = YES;
				CLANG_WARN_OBJC_ROOT_CLASS = YES_ERROR;
				CLANG_WARN_RANGE_LOOP_ANALYSIS = YES;
				CLANG_WARN_STRICT_PROTOTYPES = YES;
				CLANG_WARN_SUSPICIOUS_MOVE = YES;
				CLANG_WARN_UNGUARDED_AVAILABILITY = YES_AGGRESSIVE;
				CLANG_WARN_UNREACHABLE_CODE = YES;
				CLANG_WARN__DUPLICATE_METHOD_MATCH = YES;
				CODE_SIGN_IDENTITY = "Mac Developer";
				COPY_PHASE_STRIP = NO;
				DEBUG_INFORMATION_FORMAT = dwarf;
				ENABLE_STRICT_OBJC_MSGSEND = YES;
				ENABLE_TESTABILITY = YES;
				GCC_C_LANGUAGE_STANDARD = gnu11;
				GCC_DYNAMIC_NO_PIC = NO;
				GCC_NO_COMMON_BLOCKS = YES;
				GCC_OPTIMIZATION_LEVEL = 0;
				GCC_PREPROCESSOR_DEFINITIONS = (
					"DEBUG=1",
					"$(inherited)",
				);
				GCC_WARN_64_TO_32_BIT_CONVERSION = YES;
				GCC_WARN_ABOUT_RETURN_TYPE = YES_ERROR;
				GCC_WARN_UNDECLARED_SELECTOR = YES;
				GCC_WARN_UNINITIALIZED_AUTOS = YES_AGGRESSIVE;
				GCC_WARN_UNUSED_FUNCTION = YES;
				GCC_WARN_UNUSED_VARIABLE = YES;
				MACOSX_DEPLOYMENT_TARGET = 10.14;
				MTL_ENABLE_DEBUG_INFO = INCLUDE_SOURCE;
				MTL_FAST_MATH = YES;
				ONLY_ACTIVE_ARCH = YES;
				SDKROOT = macosx;
				SWIFT_ACTIVE_COMPILATION_CONDITIONS = DEBUG;
				SWIFT_OPTIMIZATION_LEVEL = "-Onone";
			};
			name = Debug;
		};
		4F84D00322ADA0F200C9FD23 /* Release */ = {
			isa = XCBuildConfiguration;
			buildSettings = {
				ALWAYS_SEARCH_USER_PATHS = NO;
				CLANG_ANALYZER_NONNULL = YES;
				CLANG_ANALYZER_NUMBER_OBJECT_CONVERSION = YES_AGGRESSIVE;
				CLANG_CXX_LANGUAGE_STANDARD = "gnu++14";
				CLANG_CXX_LIBRARY = "libc++";
				CLANG_ENABLE_MODULES = YES;
				CLANG_ENABLE_OBJC_ARC = YES;
				CLANG_ENABLE_OBJC_WEAK = YES;
				CLANG_WARN_BLOCK_CAPTURE_AUTORELEASING = YES;
				CLANG_WARN_BOOL_CONVERSION = YES;
				CLANG_WARN_COMMA = YES;
				CLANG_WARN_CONSTANT_CONVERSION = YES;
				CLANG_WARN_DEPRECATED_OBJC_IMPLEMENTATIONS = YES;
				CLANG_WARN_DIRECT_OBJC_ISA_USAGE = YES_ERROR;
				CLANG_WARN_DOCUMENTATION_COMMENTS = YES;
				CLANG_WARN_EMPTY_BODY = YES;
				CLANG_WARN_ENUM_CONVERSION = YES;
				CLANG_WARN_INFINITE_RECURSION = YES;
				CLANG_WARN_INT_CONVERSION = YES;
				CLANG_WARN_NON_LITERAL_NULL_CONVERSION = YES;
				CLANG_WARN_OBJC_IMPLICIT_RETAIN_SELF = YES;
				CLANG_WARN_OBJC_LITERAL_CONVERSION = YES;
				CLANG_WARN_OBJC_ROOT_CLASS = YES_ERROR;
				CLANG_WARN_RANGE_LOOP_ANALYSIS = YES;
				CLANG_WARN_STRICT_PROTOTYPES = YES;
				CLANG_WARN_SUSPICIOUS_MOVE = YES;
				CLANG_WARN_UNGUARDED_AVAILABILITY = YES_AGGRESSIVE;
				CLANG_WARN_UNREACHABLE_CODE = YES;
				CLANG_WARN__DUPLICATE_METHOD_MATCH = YES;
				CODE_SIGN_IDENTITY = "Mac Developer";
				COPY_PHASE_STRIP = NO;
				DEBUG_INFORMATION_FORMAT = "dwarf-with-dsym";
				ENABLE_NS_ASSERTIONS = NO;
				ENABLE_STRICT_OBJC_MSGSEND = YES;
				GCC_C_LANGUAGE_STANDARD = gnu11;
				GCC_NO_COMMON_BLOCKS = YES;
				GCC_WARN_64_TO_32_BIT_CONVERSION = YES;
				GCC_WARN_ABOUT_RETURN_TYPE = YES_ERROR;
				GCC_WARN_UNDECLARED_SELECTOR = YES;
				GCC_WARN_UNINITIALIZED_AUTOS = YES_AGGRESSIVE;
				GCC_WARN_UNUSED_FUNCTION = YES;
				GCC_WARN_UNUSED_VARIABLE = YES;
				MACOSX_DEPLOYMENT_TARGET = 10.14;
				MTL_ENABLE_DEBUG_INFO = NO;
				MTL_FAST_MATH = YES;
				SDKROOT = macosx;
				SWIFT_COMPILATION_MODE = wholemodule;
				SWIFT_OPTIMIZATION_LEVEL = "-O";
			};
			name = Release;
		};
		4F84D00522ADA0F200C9FD23 /* Debug */ = {
			isa = XCBuildConfiguration;
			buildSettings = {
				CODE_SIGN_STYLE = Automatic;
				DEVELOPMENT_TEAM = 27XZ82KJ77;
				PRODUCT_NAME = "$(TARGET_NAME)";
				SWIFT_VERSION = 5.0;
			};
			name = Debug;
		};
		4F84D00622ADA0F200C9FD23 /* Release */ = {
			isa = XCBuildConfiguration;
			buildSettings = {
				CODE_SIGN_STYLE = Automatic;
				DEVELOPMENT_TEAM = 27XZ82KJ77;
				PRODUCT_NAME = "$(TARGET_NAME)";
				SWIFT_VERSION = 5.0;
			};
			name = Release;
		};
/* End XCBuildConfiguration section */

/* Begin XCConfigurationList section */
		4F84CFF822ADA0F100C9FD23 /* Build configuration list for PBXProject "iris-script" */ = {
			isa = XCConfigurationList;
			buildConfigurations = (
				4F84D00222ADA0F200C9FD23 /* Debug */,
				4F84D00322ADA0F200C9FD23 /* Release */,
			);
			defaultConfigurationIsVisible = 0;
			defaultConfigurationName = Release;
		};
		4F84D00422ADA0F200C9FD23 /* Build configuration list for PBXNativeTarget "iris-script" */ = {
			isa = XCConfigurationList;
			buildConfigurations = (
				4F84D00522ADA0F200C9FD23 /* Debug */,
				4F84D00622ADA0F200C9FD23 /* Release */,
			);
			defaultConfigurationIsVisible = 0;
			defaultConfigurationName = Release;
		};
/* End XCConfigurationList section */
	};
	rootObject = 4F84CFF522ADA0F100C9FD23 /* Project object */;
}
