// !$*UTF8*$!
{
	archiveVersion = 1;
	classes = {
	};
	objectVersion = 50;
	objects = {

/* Begin PBXBuildFile section */
		4F1EA48122B2793800FFA4D2 /* scalar coercions.swift in Sources */ = {isa = PBXBuildFile; fileRef = 4F1EA48022B2793800FFA4D2 /* scalar coercions.swift */; };
		4F1EA48322B2794400FFA4D2 /* collection coercions.swift in Sources */ = {isa = PBXBuildFile; fileRef = 4F1EA48222B2794400FFA4D2 /* collection coercions.swift */; };
		4F1EA48522B279B500FFA4D2 /* null.swift in Sources */ = {isa = PBXBuildFile; fileRef = 4F1EA48422B279B500FFA4D2 /* null.swift */; };
		4F1EA48722B27B8D00FFA4D2 /* text.swift in Sources */ = {isa = PBXBuildFile; fileRef = 4F1EA48622B27B8D00FFA4D2 /* text.swift */; };
		4F1EA48922B2888400FFA4D2 /* ordered list.swift in Sources */ = {isa = PBXBuildFile; fileRef = 4F1EA48822B2888400FFA4D2 /* ordered list.swift */; };
		4F1EA48E22B4E7C200FFA4D2 /* coercion modifiers.swift in Sources */ = {isa = PBXBuildFile; fileRef = 4F1EA48D22B4E7C200FFA4D2 /* coercion modifiers.swift */; };
		4F1EA49022B4E8D700FFA4D2 /* complex coercions.swift in Sources */ = {isa = PBXBuildFile; fileRef = 4F1EA48F22B4E8D700FFA4D2 /* complex coercions.swift */; };
		4F25506522EA38F500B7034F /* block readers.swift in Sources */ = {isa = PBXBuildFile; fileRef = 4F25506422EA38F500B7034F /* block readers.swift */; };
		4F25553B22E5053E002FAE5E /* operator registry.swift in Sources */ = {isa = PBXBuildFile; fileRef = 4F25553A22E5053E002FAE5E /* operator registry.swift */; };
		4F25553D22E5D3DE002FAE5E /* characters.swift in Sources */ = {isa = PBXBuildFile; fileRef = 4F25553C22E5D3DE002FAE5E /* characters.swift */; };
		4F257CCC22BAD1FA00A51CF5 /* std math.swift in Sources */ = {isa = PBXBuildFile; fileRef = 4F257CCB22BAD1FA00A51CF5 /* std math.swift */; };
		4F25FB8522B64B58007EE7AE /* numeric.swift in Sources */ = {isa = PBXBuildFile; fileRef = 4F25FB8422B64B58007EE7AE /* numeric.swift */; };
		4F25FB8A22B6AC82007EE7AE /* std general.swift in Sources */ = {isa = PBXBuildFile; fileRef = 4F25FB8922B6AC82007EE7AE /* std general.swift */; };
		4F25FB8C22B6E561007EE7AE /* stdlib_handlers.swift in Sources */ = {isa = PBXBuildFile; fileRef = 4F25FB8B22B6E561007EE7AE /* stdlib_handlers.swift */; };
		4F26065422BECD7B0036D904 /* record.swift in Sources */ = {isa = PBXBuildFile; fileRef = 4F26065322BECD7B0036D904 /* record.swift */; };
		4F26065622C0158C0036D904 /* value modifiers.swift in Sources */ = {isa = PBXBuildFile; fileRef = 4F26065522C0158C0036D904 /* value modifiers.swift */; };
		4F26065822C015A30036D904 /* symbol.swift in Sources */ = {isa = PBXBuildFile; fileRef = 4F26065722C015A30036D904 /* symbol.swift */; };
		4F26065B22C015F10036D904 /* handler interface.swift in Sources */ = {isa = PBXBuildFile; fileRef = 4F26065A22C015F10036D904 /* handler interface.swift */; };
		4F26065D22C0161D0036D904 /* native handler.swift in Sources */ = {isa = PBXBuildFile; fileRef = 4F26065C22C0161D0036D904 /* native handler.swift */; };
		4F26065F22C016570036D904 /* primitive handler.swift in Sources */ = {isa = PBXBuildFile; fileRef = 4F26065E22C016570036D904 /* primitive handler.swift */; };
		4F26066222C017EF0036D904 /* command bindings.swift in Sources */ = {isa = PBXBuildFile; fileRef = 4F26066122C017EF0036D904 /* command bindings.swift */; };
		4F2694D722DF5607009B8FC0 /* token.swift in Sources */ = {isa = PBXBuildFile; fileRef = 4F2694D622DF5607009B8FC0 /* token.swift */; };
		4F2694D922E061AC009B8FC0 /* numeric reader.swift in Sources */ = {isa = PBXBuildFile; fileRef = 4F2694D822E061AC009B8FC0 /* numeric reader.swift */; };
		4F2694DB22E06D24009B8FC0 /* parser protocols.swift in Sources */ = {isa = PBXBuildFile; fileRef = 4F2694DA22E06D24009B8FC0 /* parser protocols.swift */; };
		4F26F7182306C410002DD292 /* stdlib_operators.swift in Sources */ = {isa = PBXBuildFile; fileRef = 4F26F7172306C410002DD292 /* stdlib_operators.swift */; };
		4F27087622D9E584009F40B2 /* keyed list.swift in Sources */ = {isa = PBXBuildFile; fileRef = 4F27087522D9E584009F40B2 /* keyed list.swift */; };
		4F282D5624AEFF470027D6DE /* reduce expressions.swift in Sources */ = {isa = PBXBuildFile; fileRef = 4F282D5524AEFF470027D6DE /* reduce expressions.swift */; };
		4F28323F2474712C004C9CE5 /* reduce commands.swift in Sources */ = {isa = PBXBuildFile; fileRef = 4F28323E2474712C004C9CE5 /* reduce commands.swift */; };
		4F2876B42471A35A0012E692 /* standard patterns.swift in Sources */ = {isa = PBXBuildFile; fileRef = 4F2876B32471A35A0012E692 /* standard patterns.swift */; };
		4F28B59524ACDF44005583C7 /* misc tests.swift in Sources */ = {isa = PBXBuildFile; fileRef = 4F28B59424ACDF44005583C7 /* misc tests.swift */; };
		4F28B59724ACE1C2005583C7 /* tests.swift in Sources */ = {isa = PBXBuildFile; fileRef = 4F28B59624ACE1C2005583C7 /* tests.swift */; };
		4F28C40824731F750079301A /* standard reducers.swift in Sources */ = {isa = PBXBuildFile; fileRef = 4F28C40724731F750079301A /* standard reducers.swift */; };
		4F28F28F24A5F88200DA62C4 /* token stack.swift in Sources */ = {isa = PBXBuildFile; fileRef = 4F28F28E24A5F88200DA62C4 /* token stack.swift */; };
		4F29320022E2290B00BC0AD4 /* editable script.swift in Sources */ = {isa = PBXBuildFile; fileRef = 4F2931FF22E2290B00BC0AD4 /* editable script.swift */; };
		4F29320222E23AD700BC0AD4 /* other line readers.swift in Sources */ = {isa = PBXBuildFile; fileRef = 4F29320122E23AD700BC0AD4 /* other line readers.swift */; };
		4F29320422E25E7100BC0AD4 /* operator reader.swift in Sources */ = {isa = PBXBuildFile; fileRef = 4F29320322E25E7100BC0AD4 /* operator reader.swift */; };
		4F2B81BF22CCD63E00FD1EB8 /* record coercion.swift in Sources */ = {isa = PBXBuildFile; fileRef = 4F2B81BE22CCD63E00FD1EB8 /* record coercion.swift */; };
		4F2BAC3924B6017800107A87 /* block stack.swift in Sources */ = {isa = PBXBuildFile; fileRef = 4F2BAC3824B6017800107A87 /* block stack.swift */; };
		4F2D2ADF245AFDCE005F3709 /* parser.swift in Sources */ = {isa = PBXBuildFile; fileRef = 4F2D2ADE245AFDCE005F3709 /* parser.swift */; };
		4F409196231904C900045E85 /* handler stub template.swift in Sources */ = {isa = PBXBuildFile; fileRef = 4F409195231904C900045E85 /* handler stub template.swift */; };
		4F5B24AF231405B8001C1941 /* swift literal.swift in Sources */ = {isa = PBXBuildFile; fileRef = 4F5B24AE231405B8001C1941 /* swift literal.swift */; };
		4F5B24B423156A8F001C1941 /* std text.swift in Sources */ = {isa = PBXBuildFile; fileRef = 4F5B24B323156A8F001C1941 /* std text.swift */; };
		4F5B24CE23165870001C1941 /* std control.swift in Sources */ = {isa = PBXBuildFile; fileRef = 4F5B24CD23165870001C1941 /* std control.swift */; };
		4F5B24D823171E55001C1941 /* main.swift in Sources */ = {isa = PBXBuildFile; fileRef = 4F5B24D723171E55001C1941 /* main.swift */; };
		4F5B24DC23171EB9001C1941 /* parser protocols.swift in Sources */ = {isa = PBXBuildFile; fileRef = 4F2694DA22E06D24009B8FC0 /* parser protocols.swift */; };
		4F5B24DD23171EB9001C1941 /* characters.swift in Sources */ = {isa = PBXBuildFile; fileRef = 4F25553C22E5D3DE002FAE5E /* characters.swift */; };
		4F5B24DE23171EB9001C1941 /* token.swift in Sources */ = {isa = PBXBuildFile; fileRef = 4F2694D622DF5607009B8FC0 /* token.swift */; };
		4F5B24E023171EB9001C1941 /* tokenizer.swift in Sources */ = {isa = PBXBuildFile; fileRef = 4FFC6F2422D6818000D636B9 /* tokenizer.swift */; };
		4F5B24E123171EB9001C1941 /* name reader.swift in Sources */ = {isa = PBXBuildFile; fileRef = 4FC5C7FE23110B76007D694C /* name reader.swift */; };
		4F5B24E223171EB9001C1941 /* numeric reader.swift in Sources */ = {isa = PBXBuildFile; fileRef = 4F2694D822E061AC009B8FC0 /* numeric reader.swift */; };
		4F5B24E323171EB9001C1941 /* unicode reader.swift in Sources */ = {isa = PBXBuildFile; fileRef = 4FC5C825231316D9007D694C /* unicode reader.swift */; };
		4F5B24E423171EB9001C1941 /* operator reader.swift in Sources */ = {isa = PBXBuildFile; fileRef = 4F29320322E25E7100BC0AD4 /* operator reader.swift */; };
		4F5B24E523171EB9001C1941 /* other line readers.swift in Sources */ = {isa = PBXBuildFile; fileRef = 4F29320122E23AD700BC0AD4 /* other line readers.swift */; };
		4F5B24E723171EB9001C1941 /* block readers.swift in Sources */ = {isa = PBXBuildFile; fileRef = 4F25506422EA38F500B7034F /* block readers.swift */; };
		4F5B24E823171EB9001C1941 /* quote reader.swift in Sources */ = {isa = PBXBuildFile; fileRef = 4FC5C7FC23110B1F007D694C /* quote reader.swift */; };
		4F5B24EA23171EB9001C1941 /* value protocols.swift in Sources */ = {isa = PBXBuildFile; fileRef = 4F84D00722ADA12A00C9FD23 /* value protocols.swift */; };
		4F5B24EB23171EB9001C1941 /* text.swift in Sources */ = {isa = PBXBuildFile; fileRef = 4F1EA48622B27B8D00FFA4D2 /* text.swift */; };
		4F5B24EC23171EB9001C1941 /* numeric.swift in Sources */ = {isa = PBXBuildFile; fileRef = 4F25FB8422B64B58007EE7AE /* numeric.swift */; };
		4F5B24ED23171EB9001C1941 /* ordered list.swift in Sources */ = {isa = PBXBuildFile; fileRef = 4F1EA48822B2888400FFA4D2 /* ordered list.swift */; };
		4F5B24EE23171EB9001C1941 /* keyed list.swift in Sources */ = {isa = PBXBuildFile; fileRef = 4F27087522D9E584009F40B2 /* keyed list.swift */; };
		4F5B24EF23171EB9001C1941 /* null.swift in Sources */ = {isa = PBXBuildFile; fileRef = 4F1EA48422B279B500FFA4D2 /* null.swift */; };
		4F5B24F023171EB9001C1941 /* symbol.swift in Sources */ = {isa = PBXBuildFile; fileRef = 4F26065722C015A30036D904 /* symbol.swift */; };
		4F5B24F123171EB9001C1941 /* pair.swift in Sources */ = {isa = PBXBuildFile; fileRef = 4F5B58842302098200B039DC /* pair.swift */; };
		4F5B24F223171EB9001C1941 /* record.swift in Sources */ = {isa = PBXBuildFile; fileRef = 4F26065322BECD7B0036D904 /* record.swift */; };
		4F5B24F323171EB9001C1941 /* block.swift in Sources */ = {isa = PBXBuildFile; fileRef = 4F84D01322AE7EEA00C9FD23 /* block.swift */; };
		4F5B24F423171EB9001C1941 /* command.swift in Sources */ = {isa = PBXBuildFile; fileRef = 4F84D00F22AE7E2500C9FD23 /* command.swift */; };
		4F5B24F523171EB9001C1941 /* command bindings.swift in Sources */ = {isa = PBXBuildFile; fileRef = 4F26066122C017EF0036D904 /* command bindings.swift */; };
		4F5B24F623171EB9001C1941 /* handler protocols.swift in Sources */ = {isa = PBXBuildFile; fileRef = 4F84D01122AE7E2C00C9FD23 /* handler protocols.swift */; };
		4F5B24F723171EB9001C1941 /* handler interface.swift in Sources */ = {isa = PBXBuildFile; fileRef = 4F26065A22C015F10036D904 /* handler interface.swift */; };
		4F5B24F823171EB9001C1941 /* native handler.swift in Sources */ = {isa = PBXBuildFile; fileRef = 4F26065C22C0161D0036D904 /* native handler.swift */; };
		4F5B24F923171EB9001C1941 /* primitive handler.swift in Sources */ = {isa = PBXBuildFile; fileRef = 4F26065E22C016570036D904 /* primitive handler.swift */; };
		4F5B24FA23171EB9001C1941 /* value modifiers.swift in Sources */ = {isa = PBXBuildFile; fileRef = 4F26065522C0158C0036D904 /* value modifiers.swift */; };
		4F5B24FB23171EB9001C1941 /* coercion protocols.swift in Sources */ = {isa = PBXBuildFile; fileRef = 4F84D00922ADA13700C9FD23 /* coercion protocols.swift */; };
		4F5B24FC23171EB9001C1941 /* scalar coercions.swift in Sources */ = {isa = PBXBuildFile; fileRef = 4F1EA48022B2793800FFA4D2 /* scalar coercions.swift */; };
		4F5B24FD23171EB9001C1941 /* collection coercions.swift in Sources */ = {isa = PBXBuildFile; fileRef = 4F1EA48222B2794400FFA4D2 /* collection coercions.swift */; };
		4F5B24FE23171EB9001C1941 /* record coercion.swift in Sources */ = {isa = PBXBuildFile; fileRef = 4F2B81BE22CCD63E00FD1EB8 /* record coercion.swift */; };
		4F5B24FF23171EB9001C1941 /* complex coercions.swift in Sources */ = {isa = PBXBuildFile; fileRef = 4F1EA48F22B4E8D700FFA4D2 /* complex coercions.swift */; };
		4F5B250023171EB9001C1941 /* handler coercions.swift in Sources */ = {isa = PBXBuildFile; fileRef = 4FC5C7F7230F380E007D694C /* handler coercions.swift */; };
		4F5B250123171EB9001C1941 /* coercion modifiers.swift in Sources */ = {isa = PBXBuildFile; fileRef = 4F1EA48D22B4E7C200FFA4D2 /* coercion modifiers.swift */; };
		4F5B250223171EB9001C1941 /* access protocols.swift in Sources */ = {isa = PBXBuildFile; fileRef = 4FFC6F2922D7704D00D636B9 /* access protocols.swift */; };
		4F5B250323171EB9001C1941 /* environment.swift in Sources */ = {isa = PBXBuildFile; fileRef = 4F84D00B22ADA1AF00C9FD23 /* environment.swift */; };
		4F5B250423171EB9001C1941 /* swift literal.swift in Sources */ = {isa = PBXBuildFile; fileRef = 4F5B24AE231405B8001C1941 /* swift literal.swift */; };
		4F5B250723171EB9001C1941 /* std general.swift in Sources */ = {isa = PBXBuildFile; fileRef = 4F25FB8922B6AC82007EE7AE /* std general.swift */; };
		4F5B250823171EB9001C1941 /* std math.swift in Sources */ = {isa = PBXBuildFile; fileRef = 4F257CCB22BAD1FA00A51CF5 /* std math.swift */; };
		4F5B250923171EB9001C1941 /* std text.swift in Sources */ = {isa = PBXBuildFile; fileRef = 4F5B24B323156A8F001C1941 /* std text.swift */; };
		4F5B250A23171EB9001C1941 /* std control.swift in Sources */ = {isa = PBXBuildFile; fileRef = 4F5B24CD23165870001C1941 /* std control.swift */; };
		4F5B250B23171EB9001C1941 /* std state.swift in Sources */ = {isa = PBXBuildFile; fileRef = 4F857702230D34AE002B47F2 /* std state.swift */; };
		4F5B251023171EB9001C1941 /* stdlib_constants.swift in Sources */ = {isa = PBXBuildFile; fileRef = 4F857700230C9247002B47F2 /* stdlib_constants.swift */; };
		4F5B251123171EB9001C1941 /* handler glue.swift in Sources */ = {isa = PBXBuildFile; fileRef = 4FC5C81C23129BCC007D694C /* handler glue.swift */; };
		4F5B251223171EB9001C1941 /* handler glue template.swift in Sources */ = {isa = PBXBuildFile; fileRef = 4FC5C81B23129BCC007D694C /* handler glue template.swift */; };
		4F5B251323171EB9001C1941 /* operator glue template.swift in Sources */ = {isa = PBXBuildFile; fileRef = 4F5B24B123150C52001C1941 /* operator glue template.swift */; };
		4F5B251423171EB9001C1941 /* text template.swift in Sources */ = {isa = PBXBuildFile; fileRef = 4FC5C81D23129BCC007D694C /* text template.swift */; };
		4F5B251523171EB9001C1941 /* gluelib_handlers.swift in Sources */ = {isa = PBXBuildFile; fileRef = 4FC5C7FA23109824007D694C /* gluelib_handlers.swift */; };
		4F5B251623171EB9001C1941 /* gluelib_operators.swift in Sources */ = {isa = PBXBuildFile; fileRef = 4FC5C7FB23109826007D694C /* gluelib_operators.swift */; };
		4F5B58852302098200B039DC /* pair.swift in Sources */ = {isa = PBXBuildFile; fileRef = 4F5B58842302098200B039DC /* pair.swift */; };
		4F84D00122ADA0F200C9FD23 /* main.swift in Sources */ = {isa = PBXBuildFile; fileRef = 4F84D00022ADA0F200C9FD23 /* main.swift */; };
		4F84D00822ADA12A00C9FD23 /* value protocols.swift in Sources */ = {isa = PBXBuildFile; fileRef = 4F84D00722ADA12A00C9FD23 /* value protocols.swift */; };
		4F84D00A22ADA13700C9FD23 /* coercion protocols.swift in Sources */ = {isa = PBXBuildFile; fileRef = 4F84D00922ADA13700C9FD23 /* coercion protocols.swift */; };
		4F84D00C22ADA1AF00C9FD23 /* environment.swift in Sources */ = {isa = PBXBuildFile; fileRef = 4F84D00B22ADA1AF00C9FD23 /* environment.swift */; };
		4F84D01022AE7E2500C9FD23 /* command.swift in Sources */ = {isa = PBXBuildFile; fileRef = 4F84D00F22AE7E2500C9FD23 /* command.swift */; };
		4F84D01222AE7E2C00C9FD23 /* handler protocols.swift in Sources */ = {isa = PBXBuildFile; fileRef = 4F84D01122AE7E2C00C9FD23 /* handler protocols.swift */; };
		4F84D01422AE7EEA00C9FD23 /* block.swift in Sources */ = {isa = PBXBuildFile; fileRef = 4F84D01322AE7EEA00C9FD23 /* block.swift */; };
		4F84D01622AE819000C9FD23 /* errors.swift in Sources */ = {isa = PBXBuildFile; fileRef = 4F84D01522AE819000C9FD23 /* errors.swift */; };
		4F857701230C9247002B47F2 /* stdlib_constants.swift in Sources */ = {isa = PBXBuildFile; fileRef = 4F857700230C9247002B47F2 /* stdlib_constants.swift */; };
		4F857703230D34AF002B47F2 /* std state.swift in Sources */ = {isa = PBXBuildFile; fileRef = 4F857702230D34AE002B47F2 /* std state.swift */; };
		4FB53942246FF69B0040B520 /* pattern match.swift in Sources */ = {isa = PBXBuildFile; fileRef = 4FB53941246FF69B0040B520 /* pattern match.swift */; };
		4FB53944246FF6DF0040B520 /* operator definitions.swift in Sources */ = {isa = PBXBuildFile; fileRef = 4FB53943246FF6DF0040B520 /* operator definitions.swift */; };
		4FC5C7F8230F380E007D694C /* handler coercions.swift in Sources */ = {isa = PBXBuildFile; fileRef = 4FC5C7F7230F380E007D694C /* handler coercions.swift */; };
		4FC5C7FD23110B1F007D694C /* quote reader.swift in Sources */ = {isa = PBXBuildFile; fileRef = 4FC5C7FC23110B1F007D694C /* quote reader.swift */; };
		4FC5C7FF23110B76007D694C /* name reader.swift in Sources */ = {isa = PBXBuildFile; fileRef = 4FC5C7FE23110B76007D694C /* name reader.swift */; };
		4FC5C826231316D9007D694C /* unicode reader.swift in Sources */ = {isa = PBXBuildFile; fileRef = 4FC5C825231316D9007D694C /* unicode reader.swift */; };
		4FE78456246AB15E006AC859 /* pattern.swift in Sources */ = {isa = PBXBuildFile; fileRef = 4FE78455246AB15E006AC859 /* pattern.swift */; };
		4FE7845D246AB1CC006AC859 /* pattern definition.swift in Sources */ = {isa = PBXBuildFile; fileRef = 4FE7845C246AB1CC006AC859 /* pattern definition.swift */; };
		4FE7845F246AB298006AC859 /* keyword.swift in Sources */ = {isa = PBXBuildFile; fileRef = 4FE7845E246AB298006AC859 /* keyword.swift */; };
		4FFC6F2522D6818000D636B9 /* tokenizer.swift in Sources */ = {isa = PBXBuildFile; fileRef = 4FFC6F2422D6818000D636B9 /* tokenizer.swift */; };
		4FFC6F2A22D7704D00D636B9 /* access protocols.swift in Sources */ = {isa = PBXBuildFile; fileRef = 4FFC6F2922D7704D00D636B9 /* access protocols.swift */; };
/* End PBXBuildFile section */

/* Begin PBXCopyFilesBuildPhase section */
		4F5B24D323171E54001C1941 /* CopyFiles */ = {
			isa = PBXCopyFilesBuildPhase;
			buildActionMask = 2147483647;
			dstPath = /usr/share/man/man1/;
			dstSubfolderSpec = 0;
			files = (
			);
			runOnlyForDeploymentPostprocessing = 1;
		};
		4F84CFFB22ADA0F200C9FD23 /* CopyFiles */ = {
			isa = PBXCopyFilesBuildPhase;
			buildActionMask = 2147483647;
			dstPath = /usr/share/man/man1/;
			dstSubfolderSpec = 0;
			files = (
			);
			runOnlyForDeploymentPostprocessing = 1;
		};
/* End PBXCopyFilesBuildPhase section */

/* Begin PBXFileReference section */
		4F08503923229BC600F0BEAB /* AppleEvents.framework */ = {isa = PBXFileReference; explicitFileType = wrapper.framework; path = AppleEvents.framework; sourceTree = BUILT_PRODUCTS_DIR; };
		4F1EA48022B2793800FFA4D2 /* scalar coercions.swift */ = {isa = PBXFileReference; lastKnownFileType = sourcecode.swift; path = "scalar coercions.swift"; sourceTree = "<group>"; };
		4F1EA48222B2794400FFA4D2 /* collection coercions.swift */ = {isa = PBXFileReference; lastKnownFileType = sourcecode.swift; path = "collection coercions.swift"; sourceTree = "<group>"; };
		4F1EA48422B279B500FFA4D2 /* null.swift */ = {isa = PBXFileReference; lastKnownFileType = sourcecode.swift; path = null.swift; sourceTree = "<group>"; };
		4F1EA48622B27B8D00FFA4D2 /* text.swift */ = {isa = PBXFileReference; lastKnownFileType = sourcecode.swift; path = text.swift; sourceTree = "<group>"; };
		4F1EA48822B2888400FFA4D2 /* ordered list.swift */ = {isa = PBXFileReference; lastKnownFileType = sourcecode.swift; path = "ordered list.swift"; sourceTree = "<group>"; };
		4F1EA48D22B4E7C200FFA4D2 /* coercion modifiers.swift */ = {isa = PBXFileReference; lastKnownFileType = sourcecode.swift; path = "coercion modifiers.swift"; sourceTree = "<group>"; };
		4F1EA48F22B4E8D700FFA4D2 /* complex coercions.swift */ = {isa = PBXFileReference; lastKnownFileType = sourcecode.swift; path = "complex coercions.swift"; sourceTree = "<group>"; };
		4F2503DF232BF8A700C8BDD0 /* test clause.swift */ = {isa = PBXFileReference; lastKnownFileType = sourcecode.swift; path = "test clause.swift"; sourceTree = "<group>"; };
		4F2503E6232BF96800C8BDD0 /* test clause selectors.swift */ = {isa = PBXFileReference; lastKnownFileType = sourcecode.swift; path = "test clause selectors.swift"; sourceTree = "<group>"; };
		4F25506422EA38F500B7034F /* block readers.swift */ = {isa = PBXFileReference; lastKnownFileType = sourcecode.swift; path = "block readers.swift"; sourceTree = "<group>"; };
		4F25553A22E5053E002FAE5E /* operator registry.swift */ = {isa = PBXFileReference; lastKnownFileType = sourcecode.swift; path = "operator registry.swift"; sourceTree = "<group>"; };
		4F25553C22E5D3DE002FAE5E /* characters.swift */ = {isa = PBXFileReference; lastKnownFileType = sourcecode.swift; path = characters.swift; sourceTree = "<group>"; };
		4F257CCB22BAD1FA00A51CF5 /* std math.swift */ = {isa = PBXFileReference; lastKnownFileType = sourcecode.swift; path = "std math.swift"; sourceTree = "<group>"; };
		4F2594002324E58400B57593 /* reference selectors.swift */ = {isa = PBXFileReference; lastKnownFileType = sourcecode.swift; path = "reference selectors.swift"; sourceTree = "<group>"; };
		4F25FB8422B64B58007EE7AE /* numeric.swift */ = {isa = PBXFileReference; fileEncoding = 4; lastKnownFileType = sourcecode.swift; path = numeric.swift; sourceTree = "<group>"; };
		4F25FB8622B68530007EE7AE /* query funcs.swift */ = {isa = PBXFileReference; lastKnownFileType = sourcecode.swift; path = "query funcs.swift"; sourceTree = "<group>"; };
		4F25FB8922B6AC82007EE7AE /* std general.swift */ = {isa = PBXFileReference; fileEncoding = 4; lastKnownFileType = sourcecode.swift; path = "std general.swift"; sourceTree = "<group>"; };
		4F25FB8B22B6E561007EE7AE /* stdlib_handlers.swift */ = {isa = PBXFileReference; lastKnownFileType = sourcecode.swift; path = stdlib_handlers.swift; sourceTree = "<group>"; };
		4F26065322BECD7B0036D904 /* record.swift */ = {isa = PBXFileReference; lastKnownFileType = sourcecode.swift; path = record.swift; sourceTree = "<group>"; };
		4F26065522C0158C0036D904 /* value modifiers.swift */ = {isa = PBXFileReference; lastKnownFileType = sourcecode.swift; path = "value modifiers.swift"; sourceTree = "<group>"; };
		4F26065722C015A30036D904 /* symbol.swift */ = {isa = PBXFileReference; lastKnownFileType = sourcecode.swift; path = symbol.swift; sourceTree = "<group>"; };
		4F26065A22C015F10036D904 /* handler interface.swift */ = {isa = PBXFileReference; lastKnownFileType = sourcecode.swift; path = "handler interface.swift"; sourceTree = "<group>"; };
		4F26065C22C0161D0036D904 /* native handler.swift */ = {isa = PBXFileReference; lastKnownFileType = sourcecode.swift; path = "native handler.swift"; sourceTree = "<group>"; };
		4F26065E22C016570036D904 /* primitive handler.swift */ = {isa = PBXFileReference; lastKnownFileType = sourcecode.swift; path = "primitive handler.swift"; sourceTree = "<group>"; };
		4F26066122C017EF0036D904 /* command bindings.swift */ = {isa = PBXFileReference; lastKnownFileType = sourcecode.swift; path = "command bindings.swift"; sourceTree = "<group>"; };
		4F2694D622DF5607009B8FC0 /* token.swift */ = {isa = PBXFileReference; lastKnownFileType = sourcecode.swift; path = token.swift; sourceTree = "<group>"; };
		4F2694D822E061AC009B8FC0 /* numeric reader.swift */ = {isa = PBXFileReference; lastKnownFileType = sourcecode.swift; path = "numeric reader.swift"; sourceTree = "<group>"; };
		4F2694DA22E06D24009B8FC0 /* parser protocols.swift */ = {isa = PBXFileReference; lastKnownFileType = sourcecode.swift; path = "parser protocols.swift"; sourceTree = "<group>"; };
		4F26F7172306C410002DD292 /* stdlib_operators.swift */ = {isa = PBXFileReference; lastKnownFileType = sourcecode.swift; path = stdlib_operators.swift; sourceTree = "<group>"; };
		4F27087522D9E584009F40B2 /* keyed list.swift */ = {isa = PBXFileReference; lastKnownFileType = sourcecode.swift; path = "keyed list.swift"; sourceTree = "<group>"; };
		4F282D5524AEFF470027D6DE /* reduce expressions.swift */ = {isa = PBXFileReference; lastKnownFileType = sourcecode.swift; path = "reduce expressions.swift"; sourceTree = "<group>"; };
		4F28323E2474712C004C9CE5 /* reduce commands.swift */ = {isa = PBXFileReference; lastKnownFileType = sourcecode.swift; path = "reduce commands.swift"; sourceTree = "<group>"; };
		4F2876B32471A35A0012E692 /* standard patterns.swift */ = {isa = PBXFileReference; lastKnownFileType = sourcecode.swift; path = "standard patterns.swift"; sourceTree = "<group>"; };
		4F28B59424ACDF44005583C7 /* misc tests.swift */ = {isa = PBXFileReference; lastKnownFileType = sourcecode.swift; path = "misc tests.swift"; sourceTree = "<group>"; };
		4F28B59624ACE1C2005583C7 /* tests.swift */ = {isa = PBXFileReference; lastKnownFileType = sourcecode.swift; path = tests.swift; sourceTree = "<group>"; };
		4F28C40724731F750079301A /* standard reducers.swift */ = {isa = PBXFileReference; lastKnownFileType = sourcecode.swift; path = "standard reducers.swift"; sourceTree = "<group>"; };
		4F28F28E24A5F88200DA62C4 /* token stack.swift */ = {isa = PBXFileReference; lastKnownFileType = sourcecode.swift; path = "token stack.swift"; sourceTree = "<group>"; };
		4F2931FF22E2290B00BC0AD4 /* editable script.swift */ = {isa = PBXFileReference; lastKnownFileType = sourcecode.swift; path = "editable script.swift"; sourceTree = "<group>"; };
		4F29320122E23AD700BC0AD4 /* other line readers.swift */ = {isa = PBXFileReference; lastKnownFileType = sourcecode.swift; path = "other line readers.swift"; sourceTree = "<group>"; };
		4F29320322E25E7100BC0AD4 /* operator reader.swift */ = {isa = PBXFileReference; lastKnownFileType = sourcecode.swift; path = "operator reader.swift"; sourceTree = "<group>"; };
		4F2B81BE22CCD63E00FD1EB8 /* record coercion.swift */ = {isa = PBXFileReference; lastKnownFileType = sourcecode.swift; path = "record coercion.swift"; sourceTree = "<group>"; };
		4F2BAC3824B6017800107A87 /* block stack.swift */ = {isa = PBXFileReference; lastKnownFileType = sourcecode.swift; path = "block stack.swift"; sourceTree = "<group>"; };
		4F2D2ADE245AFDCE005F3709 /* parser.swift */ = {isa = PBXFileReference; lastKnownFileType = sourcecode.swift; path = parser.swift; sourceTree = "<group>"; };
		4F409193231876E600045E85 /* range clause.swift */ = {isa = PBXFileReference; lastKnownFileType = sourcecode.swift; path = "range clause.swift"; sourceTree = "<group>"; };
		4F409195231904C900045E85 /* handler stub template.swift */ = {isa = PBXFileReference; lastKnownFileType = sourcecode.swift; path = "handler stub template.swift"; sourceTree = "<group>"; };
		4F46A41923225975008E0265 /* native app data.swift */ = {isa = PBXFileReference; fileEncoding = 4; lastKnownFileType = sourcecode.swift; path = "native app data.swift"; sourceTree = "<group>"; };
		4F46A41B232259FB008E0265 /* keyword converter.swift */ = {isa = PBXFileReference; fileEncoding = 4; lastKnownFileType = sourcecode.swift; path = "keyword converter.swift"; sourceTree = "<group>"; };
		4F5B24AE231405B8001C1941 /* swift literal.swift */ = {isa = PBXFileReference; fileEncoding = 4; lastKnownFileType = sourcecode.swift; path = "swift literal.swift"; sourceTree = "<group>"; };
		4F5B24B123150C52001C1941 /* operator glue template.swift */ = {isa = PBXFileReference; lastKnownFileType = sourcecode.swift; path = "operator glue template.swift"; sourceTree = "<group>"; };
		4F5B24B323156A8F001C1941 /* std text.swift */ = {isa = PBXFileReference; fileEncoding = 4; lastKnownFileType = sourcecode.swift; path = "std text.swift"; sourceTree = "<group>"; };
		4F5B24CD23165870001C1941 /* std control.swift */ = {isa = PBXFileReference; fileEncoding = 4; lastKnownFileType = sourcecode.swift; path = "std control.swift"; sourceTree = "<group>"; };
		4F5B24D523171E54001C1941 /* stdlib-glue */ = {isa = PBXFileReference; explicitFileType = "compiled.mach-o.executable"; includeInIndex = 0; path = "stdlib-glue"; sourceTree = BUILT_PRODUCTS_DIR; };
		4F5B24D723171E55001C1941 /* main.swift */ = {isa = PBXFileReference; lastKnownFileType = sourcecode.swift; path = main.swift; sourceTree = "<group>"; };
		4F5B58842302098200B039DC /* pair.swift */ = {isa = PBXFileReference; lastKnownFileType = sourcecode.swift; path = pair.swift; sourceTree = "<group>"; };
		4F731D2E23254869008700C6 /* result descriptor.swift */ = {isa = PBXFileReference; fileEncoding = 4; lastKnownFileType = sourcecode.swift; path = "result descriptor.swift"; sourceTree = "<group>"; };
		4F84CFFD22ADA0F200C9FD23 /* iris-script */ = {isa = PBXFileReference; explicitFileType = "compiled.mach-o.executable"; includeInIndex = 0; path = "iris-script"; sourceTree = BUILT_PRODUCTS_DIR; };
		4F84D00022ADA0F200C9FD23 /* main.swift */ = {isa = PBXFileReference; lastKnownFileType = sourcecode.swift; path = main.swift; sourceTree = "<group>"; };
		4F84D00722ADA12A00C9FD23 /* value protocols.swift */ = {isa = PBXFileReference; lastKnownFileType = sourcecode.swift; path = "value protocols.swift"; sourceTree = "<group>"; };
		4F84D00922ADA13700C9FD23 /* coercion protocols.swift */ = {isa = PBXFileReference; lastKnownFileType = sourcecode.swift; path = "coercion protocols.swift"; sourceTree = "<group>"; };
		4F84D00B22ADA1AF00C9FD23 /* environment.swift */ = {isa = PBXFileReference; lastKnownFileType = sourcecode.swift; path = environment.swift; sourceTree = "<group>"; };
		4F84D00F22AE7E2500C9FD23 /* command.swift */ = {isa = PBXFileReference; lastKnownFileType = sourcecode.swift; path = command.swift; sourceTree = "<group>"; };
		4F84D01122AE7E2C00C9FD23 /* handler protocols.swift */ = {isa = PBXFileReference; lastKnownFileType = sourcecode.swift; path = "handler protocols.swift"; sourceTree = "<group>"; };
		4F84D01322AE7EEA00C9FD23 /* block.swift */ = {isa = PBXFileReference; lastKnownFileType = sourcecode.swift; path = block.swift; sourceTree = "<group>"; };
		4F84D01522AE819000C9FD23 /* errors.swift */ = {isa = PBXFileReference; lastKnownFileType = sourcecode.swift; path = errors.swift; sourceTree = "<group>"; };
		4F857700230C9247002B47F2 /* stdlib_constants.swift */ = {isa = PBXFileReference; fileEncoding = 4; lastKnownFileType = sourcecode.swift; path = stdlib_constants.swift; sourceTree = "<group>"; };
		4F857702230D34AE002B47F2 /* std state.swift */ = {isa = PBXFileReference; fileEncoding = 4; lastKnownFileType = sourcecode.swift; path = "std state.swift"; sourceTree = "<group>"; };
		4FAF5F44231E817A0082FB6F /* reference.swift */ = {isa = PBXFileReference; lastKnownFileType = sourcecode.swift; path = reference.swift; sourceTree = "<group>"; };
		4FB53941246FF69B0040B520 /* pattern match.swift */ = {isa = PBXFileReference; lastKnownFileType = sourcecode.swift; path = "pattern match.swift"; sourceTree = "<group>"; };
		4FB53943246FF6DF0040B520 /* operator definitions.swift */ = {isa = PBXFileReference; lastKnownFileType = sourcecode.swift; path = "operator definitions.swift"; sourceTree = "<group>"; };
		4FC5C7F7230F380E007D694C /* handler coercions.swift */ = {isa = PBXFileReference; lastKnownFileType = sourcecode.swift; path = "handler coercions.swift"; sourceTree = "<group>"; };
		4FC5C7FA23109824007D694C /* gluelib_handlers.swift */ = {isa = PBXFileReference; lastKnownFileType = sourcecode.swift; path = gluelib_handlers.swift; sourceTree = "<group>"; };
		4FC5C7FB23109826007D694C /* gluelib_operators.swift */ = {isa = PBXFileReference; lastKnownFileType = sourcecode.swift; path = gluelib_operators.swift; sourceTree = "<group>"; };
		4FC5C7FC23110B1F007D694C /* quote reader.swift */ = {isa = PBXFileReference; lastKnownFileType = sourcecode.swift; path = "quote reader.swift"; sourceTree = "<group>"; };
		4FC5C7FE23110B76007D694C /* name reader.swift */ = {isa = PBXFileReference; lastKnownFileType = sourcecode.swift; path = "name reader.swift"; sourceTree = "<group>"; };
		4FC5C81B23129BCC007D694C /* handler glue template.swift */ = {isa = PBXFileReference; fileEncoding = 4; lastKnownFileType = sourcecode.swift; path = "handler glue template.swift"; sourceTree = "<group>"; };
		4FC5C81C23129BCC007D694C /* handler glue.swift */ = {isa = PBXFileReference; fileEncoding = 4; lastKnownFileType = sourcecode.swift; path = "handler glue.swift"; sourceTree = "<group>"; };
		4FC5C81D23129BCC007D694C /* text template.swift */ = {isa = PBXFileReference; fileEncoding = 4; lastKnownFileType = sourcecode.swift; path = "text template.swift"; sourceTree = "<group>"; };
		4FC5C8232312A06C007D694C /* notes.txt */ = {isa = PBXFileReference; lastKnownFileType = text; path = notes.txt; sourceTree = "<group>"; };
		4FC5C825231316D9007D694C /* unicode reader.swift */ = {isa = PBXFileReference; lastKnownFileType = sourcecode.swift; path = "unicode reader.swift"; sourceTree = "<group>"; };
		4FDAE7B1232B9F31005197DE /* reference coercions.swift */ = {isa = PBXFileReference; lastKnownFileType = sourcecode.swift; path = "reference coercions.swift"; sourceTree = "<group>"; };
		4FE78455246AB15E006AC859 /* pattern.swift */ = {isa = PBXFileReference; lastKnownFileType = sourcecode.swift; path = pattern.swift; sourceTree = "<group>"; };
		4FE7845C246AB1CC006AC859 /* pattern definition.swift */ = {isa = PBXFileReference; lastKnownFileType = sourcecode.swift; path = "pattern definition.swift"; sourceTree = "<group>"; };
		4FE7845E246AB298006AC859 /* keyword.swift */ = {isa = PBXFileReference; lastKnownFileType = sourcecode.swift; path = keyword.swift; sourceTree = "<group>"; };
		4FFC6F2422D6818000D636B9 /* tokenizer.swift */ = {isa = PBXFileReference; lastKnownFileType = sourcecode.swift; path = tokenizer.swift; sourceTree = "<group>"; };
		4FFC6F2922D7704D00D636B9 /* access protocols.swift */ = {isa = PBXFileReference; lastKnownFileType = sourcecode.swift; path = "access protocols.swift"; sourceTree = "<group>"; };
/* End PBXFileReference section */

/* Begin PBXFrameworksBuildPhase section */
		4F5B24D223171E54001C1941 /* Frameworks */ = {
			isa = PBXFrameworksBuildPhase;
			buildActionMask = 2147483647;
			files = (
			);
			runOnlyForDeploymentPostprocessing = 0;
		};
		4F84CFFA22ADA0F200C9FD23 /* Frameworks */ = {
			isa = PBXFrameworksBuildPhase;
			buildActionMask = 2147483647;
			files = (
			);
			runOnlyForDeploymentPostprocessing = 0;
		};
/* End PBXFrameworksBuildPhase section */

/* Begin PBXGroup section */
		4F1EA48B22B4E71300FFA4D2 /* values */ = {
			isa = PBXGroup;
			children = (
				4F84D00722ADA12A00C9FD23 /* value protocols.swift */,
				4F27087722D9E58C009F40B2 /* scalars */,
				4F27087922D9E608009F40B2 /* collections */,
				4F27087822D9E5D2009F40B2 /* complex */,
				4F26066022C017AC0036D904 /* commands */,
				4F26065922C015D50036D904 /* handlers */,
				4F26065522C0158C0036D904 /* value modifiers.swift */,
			);
			path = values;
			sourceTree = "<group>";
		};
		4F1EA48C22B4E72F00FFA4D2 /* coercions */ = {
			isa = PBXGroup;
			children = (
				4F84D00922ADA13700C9FD23 /* coercion protocols.swift */,
				4F1EA48022B2793800FFA4D2 /* scalar coercions.swift */,
				4F1EA48222B2794400FFA4D2 /* collection coercions.swift */,
				4F2B81BE22CCD63E00FD1EB8 /* record coercion.swift */,
				4F1EA48F22B4E8D700FFA4D2 /* complex coercions.swift */,
				4FC5C7F7230F380E007D694C /* handler coercions.swift */,
				4F1EA48D22B4E7C200FFA4D2 /* coercion modifiers.swift */,
			);
			path = coercions;
			sourceTree = "<group>";
		};
		4F25506022EA384F00B7034F /* lexer */ = {
			isa = PBXGroup;
			children = (
				4F25553C22E5D3DE002FAE5E /* characters.swift */,
				4F2694D622DF5607009B8FC0 /* token.swift */,
				4FFC6F2422D6818000D636B9 /* tokenizer.swift */,
			);
			name = lexer;
			sourceTree = "<group>";
		};
		4F257CCA22BACB0D00A51CF5 /* chunk expressions */ = {
			isa = PBXGroup;
			children = (
				4FAF5F44231E817A0082FB6F /* reference.swift */,
				4F2594002324E58400B57593 /* reference selectors.swift */,
				4F409193231876E600045E85 /* range clause.swift */,
				4F2503DF232BF8A700C8BDD0 /* test clause.swift */,
				4F2503E6232BF96800C8BDD0 /* test clause selectors.swift */,
				4FDAE7B1232B9F31005197DE /* reference coercions.swift */,
				4F25FB8622B68530007EE7AE /* query funcs.swift */,
			);
			path = "chunk expressions";
			sourceTree = "<group>";
		};
		4F25FB8822B6AC57007EE7AE /* stdlib */ = {
			isa = PBXGroup;
			children = (
				4F282D5424AE55A80027D6DE /* handlers */,
				4F4091922317B28B00045E85 /* glues */,
			);
			path = stdlib;
			sourceTree = "<group>";
		};
		4F26065922C015D50036D904 /* handlers */ = {
			isa = PBXGroup;
			children = (
				4F84D01122AE7E2C00C9FD23 /* handler protocols.swift */,
				4F26065A22C015F10036D904 /* handler interface.swift */,
				4F26065C22C0161D0036D904 /* native handler.swift */,
				4F26065E22C016570036D904 /* primitive handler.swift */,
			);
			name = handlers;
			sourceTree = "<group>";
		};
		4F26066022C017AC0036D904 /* commands */ = {
			isa = PBXGroup;
			children = (
				4F84D00F22AE7E2500C9FD23 /* command.swift */,
				4F26066122C017EF0036D904 /* command bindings.swift */,
			);
			name = commands;
			sourceTree = "<group>";
		};
		4F27087722D9E58C009F40B2 /* scalars */ = {
			isa = PBXGroup;
			children = (
				4F1EA48622B27B8D00FFA4D2 /* text.swift */,
				4F25FB8422B64B58007EE7AE /* numeric.swift */,
			);
			name = scalars;
			sourceTree = "<group>";
		};
		4F27087822D9E5D2009F40B2 /* complex */ = {
			isa = PBXGroup;
			children = (
				4F1EA48422B279B500FFA4D2 /* null.swift */,
				4F26065722C015A30036D904 /* symbol.swift */,
				4F5B58842302098200B039DC /* pair.swift */,
				4F26065322BECD7B0036D904 /* record.swift */,
				4F84D01322AE7EEA00C9FD23 /* block.swift */,
			);
			name = complex;
			sourceTree = "<group>";
		};
		4F27087922D9E608009F40B2 /* collections */ = {
			isa = PBXGroup;
			children = (
				4F1EA48822B2888400FFA4D2 /* ordered list.swift */,
				4F27087522D9E584009F40B2 /* keyed list.swift */,
			);
			name = collections;
			sourceTree = "<group>";
		};
		4F282D5424AE55A80027D6DE /* handlers */ = {
			isa = PBXGroup;
			children = (
				4F25FB8922B6AC82007EE7AE /* std general.swift */,
				4F257CCB22BAD1FA00A51CF5 /* std math.swift */,
				4F5B24B323156A8F001C1941 /* std text.swift */,
				4F5B24CD23165870001C1941 /* std control.swift */,
				4F857702230D34AE002B47F2 /* std state.swift */,
			);
			name = handlers;
			sourceTree = "<group>";
		};
		4F2832452474848C004C9CE5 /* pattern matching */ = {
			isa = PBXGroup;
			children = (
				4FE7845E246AB298006AC859 /* keyword.swift */,
				4FE78455246AB15E006AC859 /* pattern.swift */,
				4FB53941246FF69B0040B520 /* pattern match.swift */,
				4FE7845C246AB1CC006AC859 /* pattern definition.swift */,
				4F2876B32471A35A0012E692 /* standard patterns.swift */,
				4F28C40724731F750079301A /* standard reducers.swift */,
			);
			name = "pattern matching";
			sourceTree = "<group>";
		};
		4F2876BA247295AC0012E692 /* line readers */ = {
			isa = PBXGroup;
			children = (
				4FC5C7FE23110B76007D694C /* name reader.swift */,
				4F2694D822E061AC009B8FC0 /* numeric reader.swift */,
				4FC5C825231316D9007D694C /* unicode reader.swift */,
				4F29320322E25E7100BC0AD4 /* operator reader.swift */,
				4F29320122E23AD700BC0AD4 /* other line readers.swift */,
			);
			name = "line readers";
			sourceTree = "<group>";
		};
		4F2876BB247295BD0012E692 /* block readers */ = {
			isa = PBXGroup;
			children = (
				4F25506422EA38F500B7034F /* block readers.swift */,
				4FC5C7FC23110B1F007D694C /* quote reader.swift */,
			);
			name = "block readers";
			sourceTree = "<group>";
		};
		4F2D2ADD245AFDA7005F3709 /* parser */ = {
			isa = PBXGroup;
			children = (
				4F28F28E24A5F88200DA62C4 /* token stack.swift */,
				4F2BAC3824B6017800107A87 /* block stack.swift */,
				4F28323E2474712C004C9CE5 /* reduce commands.swift */,
				4F282D5524AEFF470027D6DE /* reduce expressions.swift */,
				4F2D2ADE245AFDCE005F3709 /* parser.swift */,
				4F2931FF22E2290B00BC0AD4 /* editable script.swift */,
			);
			name = parser;
			sourceTree = "<group>";
		};
		4F4091922317B28B00045E85 /* glues */ = {
			isa = PBXGroup;
			children = (
				4F25FB8B22B6E561007EE7AE /* stdlib_handlers.swift */,
				4F26F7172306C410002DD292 /* stdlib_operators.swift */,
				4F857700230C9247002B47F2 /* stdlib_constants.swift */,
			);
			name = glues;
			sourceTree = "<group>";
		};
		4F46A415232258E6008E0265 /* Frameworks */ = {
			isa = PBXGroup;
			children = (
				4F08503923229BC600F0BEAB /* AppleEvents.framework */,
			);
			name = Frameworks;
			sourceTree = "<group>";
		};
		4F46A41D23225A14008E0265 /* aelib */ = {
			isa = PBXGroup;
			children = (
				4F257CCA22BACB0D00A51CF5 /* chunk expressions */,
				4F46A41923225975008E0265 /* native app data.swift */,
				4F731D2E23254869008700C6 /* result descriptor.swift */,
				4F46A41B232259FB008E0265 /* keyword converter.swift */,
			);
			path = aelib;
			sourceTree = "<group>";
		};
		4F5B24B0231405C8001C1941 /* formatting */ = {
			isa = PBXGroup;
			children = (
				4F5B24AE231405B8001C1941 /* swift literal.swift */,
			);
			path = formatting;
			sourceTree = "<group>";
		};
		4F5B24D623171E55001C1941 /* stdlib-gluedef */ = {
			isa = PBXGroup;
			children = (
				4F5B24D723171E55001C1941 /* main.swift */,
			);
			path = "stdlib-gluedef";
			sourceTree = "<group>";
		};
		4F84CFF422ADA0F100C9FD23 = {
			isa = PBXGroup;
			children = (
				4FC5C8232312A06C007D694C /* notes.txt */,
				4F84CFFF22ADA0F200C9FD23 /* iris-script */,
				4F84CFFE22ADA0F200C9FD23 /* Products */,
				4F46A415232258E6008E0265 /* Frameworks */,
			);
			sourceTree = "<group>";
		};
		4F84CFFE22ADA0F200C9FD23 /* Products */ = {
			isa = PBXGroup;
			children = (
				4F84CFFD22ADA0F200C9FD23 /* iris-script */,
				4F5B24D523171E54001C1941 /* stdlib-glue */,
			);
			name = Products;
			sourceTree = "<group>";
		};
		4F84CFFF22ADA0F200C9FD23 /* iris-script */ = {
			isa = PBXGroup;
			children = (
				4F28B59624ACE1C2005583C7 /* tests.swift */,
				4F28B59424ACDF44005583C7 /* misc tests.swift */,
				4F84D00022ADA0F200C9FD23 /* main.swift */,
				4FFC6F2322D6816F00D636B9 /* parser */,
				4F1EA48B22B4E71300FFA4D2 /* values */,
				4F1EA48C22B4E72F00FFA4D2 /* coercions */,
				4FFC6F2822D7703000D636B9 /* scopes */,
				4F5B24B0231405C8001C1941 /* formatting */,
				4F84D01522AE819000C9FD23 /* errors.swift */,
				4F5B24D623171E55001C1941 /* stdlib-gluedef */,
				4F25FB8822B6AC57007EE7AE /* stdlib */,
				4F46A41D23225A14008E0265 /* aelib */,
				4FC5C7F9231097FE007D694C /* gluelib */,
			);
			path = "iris-script";
			sourceTree = "<group>";
		};
		4FB53940246FF66F0040B520 /* operator definitions */ = {
			isa = PBXGroup;
			children = (
				4FB53943246FF6DF0040B520 /* operator definitions.swift */,
				4F25553A22E5053E002FAE5E /* operator registry.swift */,
			);
			name = "operator definitions";
			sourceTree = "<group>";
		};
		4FC5C7F9231097FE007D694C /* gluelib */ = {
			isa = PBXGroup;
			children = (
				4FC5C81C23129BCC007D694C /* handler glue.swift */,
				4FC5C81B23129BCC007D694C /* handler glue template.swift */,
				4F409195231904C900045E85 /* handler stub template.swift */,
				4F5B24B123150C52001C1941 /* operator glue template.swift */,
				4FC5C8242312B8FA007D694C /* support */,
				4FC5C7FA23109824007D694C /* gluelib_handlers.swift */,
				4FC5C7FB23109826007D694C /* gluelib_operators.swift */,
			);
			path = gluelib;
			sourceTree = "<group>";
		};
		4FC5C8242312B8FA007D694C /* support */ = {
			isa = PBXGroup;
			children = (
				4FC5C81D23129BCC007D694C /* text template.swift */,
			);
			name = support;
			sourceTree = "<group>";
		};
		4FFC6F2322D6816F00D636B9 /* parser */ = {
			isa = PBXGroup;
			children = (
				4F2694DA22E06D24009B8FC0 /* parser protocols.swift */,
				4F25506022EA384F00B7034F /* lexer */,
				4F2876BA247295AC0012E692 /* line readers */,
				4F2876BB247295BD0012E692 /* block readers */,
				4F2832452474848C004C9CE5 /* pattern matching */,
				4FB53940246FF66F0040B520 /* operator definitions */,
				4F2D2ADD245AFDA7005F3709 /* parser */,
			);
			path = parser;
			sourceTree = "<group>";
		};
		4FFC6F2822D7703000D636B9 /* scopes */ = {
			isa = PBXGroup;
			children = (
				4FFC6F2922D7704D00D636B9 /* access protocols.swift */,
				4F84D00B22ADA1AF00C9FD23 /* environment.swift */,
			);
			path = scopes;
			sourceTree = "<group>";
		};
/* End PBXGroup section */

/* Begin PBXNativeTarget section */
		4F5B24D423171E54001C1941 /* stdlib-glue */ = {
			isa = PBXNativeTarget;
			buildConfigurationList = 4F5B24D923171E55001C1941 /* Build configuration list for PBXNativeTarget "stdlib-glue" */;
			buildPhases = (
				4F5B24D123171E54001C1941 /* Sources */,
				4F5B24D223171E54001C1941 /* Frameworks */,
				4F5B24D323171E54001C1941 /* CopyFiles */,
			);
			buildRules = (
			);
			dependencies = (
			);
			name = "stdlib-glue";
			productName = "stdlib-glue";
			productReference = 4F5B24D523171E54001C1941 /* stdlib-glue */;
			productType = "com.apple.product-type.tool";
		};
		4F84CFFC22ADA0F200C9FD23 /* iris-script */ = {
			isa = PBXNativeTarget;
			buildConfigurationList = 4F84D00422ADA0F200C9FD23 /* Build configuration list for PBXNativeTarget "iris-script" */;
			buildPhases = (
				4F84CFF922ADA0F200C9FD23 /* Sources */,
				4F84CFFA22ADA0F200C9FD23 /* Frameworks */,
				4F84CFFB22ADA0F200C9FD23 /* CopyFiles */,
			);
			buildRules = (
			);
			dependencies = (
			);
			name = "iris-script";
			productName = "iris-lang";
			productReference = 4F84CFFD22ADA0F200C9FD23 /* iris-script */;
			productType = "com.apple.product-type.tool";
		};
/* End PBXNativeTarget section */

/* Begin PBXProject section */
		4F84CFF522ADA0F100C9FD23 /* Project object */ = {
			isa = PBXProject;
			attributes = {
				LastSwiftUpdateCheck = 1030;
				LastUpgradeCheck = 1130;
				TargetAttributes = {
					4F5B24D423171E54001C1941 = {
						CreatedOnToolsVersion = 10.3;
					};
					4F84CFFC22ADA0F200C9FD23 = {
						CreatedOnToolsVersion = 10.2.1;
					};
				};
			};
			buildConfigurationList = 4F84CFF822ADA0F100C9FD23 /* Build configuration list for PBXProject "iris-script" */;
			compatibilityVersion = "Xcode 9.3";
			developmentRegion = en;
			hasScannedForEncodings = 0;
			knownRegions = (
				en,
				Base,
			);
			mainGroup = 4F84CFF422ADA0F100C9FD23;
			productRefGroup = 4F84CFFE22ADA0F200C9FD23 /* Products */;
			projectDirPath = "";
			projectRoot = "";
			targets = (
				4F84CFFC22ADA0F200C9FD23 /* iris-script */,
				4F5B24D423171E54001C1941 /* stdlib-glue */,
			);
		};
/* End PBXProject section */

/* Begin PBXSourcesBuildPhase section */
		4F5B24D123171E54001C1941 /* Sources */ = {
			isa = PBXSourcesBuildPhase;
			buildActionMask = 2147483647;
			files = (
				4F5B24DC23171EB9001C1941 /* parser protocols.swift in Sources */,
				4F5B24DD23171EB9001C1941 /* characters.swift in Sources */,
				4F5B24DE23171EB9001C1941 /* token.swift in Sources */,
				4F5B24E023171EB9001C1941 /* tokenizer.swift in Sources */,
				4F5B24E123171EB9001C1941 /* name reader.swift in Sources */,
				4F5B24E223171EB9001C1941 /* numeric reader.swift in Sources */,
				4F5B24E323171EB9001C1941 /* unicode reader.swift in Sources */,
				4F5B24E423171EB9001C1941 /* operator reader.swift in Sources */,
				4F5B24E523171EB9001C1941 /* other line readers.swift in Sources */,
				4F5B24E723171EB9001C1941 /* block readers.swift in Sources */,
				4F5B24E823171EB9001C1941 /* quote reader.swift in Sources */,
				4F5B24EA23171EB9001C1941 /* value protocols.swift in Sources */,
				4F5B24EB23171EB9001C1941 /* text.swift in Sources */,
				4F5B24EC23171EB9001C1941 /* numeric.swift in Sources */,
				4F5B24ED23171EB9001C1941 /* ordered list.swift in Sources */,
				4F5B24EE23171EB9001C1941 /* keyed list.swift in Sources */,
				4F5B24EF23171EB9001C1941 /* null.swift in Sources */,
				4F5B24F023171EB9001C1941 /* symbol.swift in Sources */,
				4F5B24F123171EB9001C1941 /* pair.swift in Sources */,
				4F5B24F223171EB9001C1941 /* record.swift in Sources */,
				4F5B24F323171EB9001C1941 /* block.swift in Sources */,
				4F5B24F423171EB9001C1941 /* command.swift in Sources */,
				4F5B24F523171EB9001C1941 /* command bindings.swift in Sources */,
				4F5B24F623171EB9001C1941 /* handler protocols.swift in Sources */,
				4F5B24F723171EB9001C1941 /* handler interface.swift in Sources */,
				4F5B24F823171EB9001C1941 /* native handler.swift in Sources */,
				4F5B24F923171EB9001C1941 /* primitive handler.swift in Sources */,
				4F5B24FA23171EB9001C1941 /* value modifiers.swift in Sources */,
				4F5B24FB23171EB9001C1941 /* coercion protocols.swift in Sources */,
				4F5B24FC23171EB9001C1941 /* scalar coercions.swift in Sources */,
				4F5B24FD23171EB9001C1941 /* collection coercions.swift in Sources */,
				4F409196231904C900045E85 /* handler stub template.swift in Sources */,
				4F5B24FE23171EB9001C1941 /* record coercion.swift in Sources */,
				4F5B24FF23171EB9001C1941 /* complex coercions.swift in Sources */,
				4F5B250023171EB9001C1941 /* handler coercions.swift in Sources */,
				4F5B250123171EB9001C1941 /* coercion modifiers.swift in Sources */,
				4F5B250223171EB9001C1941 /* access protocols.swift in Sources */,
				4F5B250323171EB9001C1941 /* environment.swift in Sources */,
				4F5B250423171EB9001C1941 /* swift literal.swift in Sources */,
				4F5B250723171EB9001C1941 /* std general.swift in Sources */,
				4F5B250823171EB9001C1941 /* std math.swift in Sources */,
				4F5B250923171EB9001C1941 /* std text.swift in Sources */,
				4F5B250A23171EB9001C1941 /* std control.swift in Sources */,
				4F5B250B23171EB9001C1941 /* std state.swift in Sources */,
				4F5B251023171EB9001C1941 /* stdlib_constants.swift in Sources */,
				4F5B251123171EB9001C1941 /* handler glue.swift in Sources */,
				4F5B251223171EB9001C1941 /* handler glue template.swift in Sources */,
				4F5B251323171EB9001C1941 /* operator glue template.swift in Sources */,
				4F5B251423171EB9001C1941 /* text template.swift in Sources */,
				4F5B251523171EB9001C1941 /* gluelib_handlers.swift in Sources */,
				4F5B251623171EB9001C1941 /* gluelib_operators.swift in Sources */,
				4F5B24D823171E55001C1941 /* main.swift in Sources */,
			);
			runOnlyForDeploymentPostprocessing = 0;
		};
		4F84CFF922ADA0F200C9FD23 /* Sources */ = {
			isa = PBXSourcesBuildPhase;
			buildActionMask = 2147483647;
			files = (
				4F84D00122ADA0F200C9FD23 /* main.swift in Sources */,
				4F28C40824731F750079301A /* standard reducers.swift in Sources */,
				4FB53944246FF6DF0040B520 /* operator definitions.swift in Sources */,
				4F25553B22E5053E002FAE5E /* operator registry.swift in Sources */,
				4FE7845F246AB298006AC859 /* keyword.swift in Sources */,
				4F2694D722DF5607009B8FC0 /* token.swift in Sources */,
				4FE7845D246AB1CC006AC859 /* pattern definition.swift in Sources */,
				4F2876B42471A35A0012E692 /* standard patterns.swift in Sources */,
				4F28323F2474712C004C9CE5 /* reduce commands.swift in Sources */,
				4F25506522EA38F500B7034F /* block readers.swift in Sources */,
				4FB53942246FF69B0040B520 /* pattern match.swift in Sources */,
				4FC5C7FD23110B1F007D694C /* quote reader.swift in Sources */,
				4F25553D22E5D3DE002FAE5E /* characters.swift in Sources */,
				4F2D2ADF245AFDCE005F3709 /* parser.swift in Sources */,
				4FC5C826231316D9007D694C /* unicode reader.swift in Sources */,
				4F28F28F24A5F88200DA62C4 /* token stack.swift in Sources */,
				4F29320222E23AD700BC0AD4 /* other line readers.swift in Sources */,
				4F29320422E25E7100BC0AD4 /* operator reader.swift in Sources */,
				4FC5C7FF23110B76007D694C /* name reader.swift in Sources */,
				4F2694D922E061AC009B8FC0 /* numeric reader.swift in Sources */,
				4F2694DB22E06D24009B8FC0 /* parser protocols.swift in Sources */,
				4FFC6F2522D6818000D636B9 /* tokenizer.swift in Sources */,
				4F29320022E2290B00BC0AD4 /* editable script.swift in Sources */,
				4FE78456246AB15E006AC859 /* pattern.swift in Sources */,
				4F26066222C017EF0036D904 /* command bindings.swift in Sources */,
				4F1EA48522B279B500FFA4D2 /* null.swift in Sources */,
				4F1EA48722B27B8D00FFA4D2 /* text.swift in Sources */,
				4F5B58852302098200B039DC /* pair.swift in Sources */,
				4F26065D22C0161D0036D904 /* native handler.swift in Sources */,
				4F84D01422AE7EEA00C9FD23 /* block.swift in Sources */,
				4F26065B22C015F10036D904 /* handler interface.swift in Sources */,
				4F84D00822ADA12A00C9FD23 /* value protocols.swift in Sources */,
				4F84D01222AE7E2C00C9FD23 /* handler protocols.swift in Sources */,
				4F26065822C015A30036D904 /* symbol.swift in Sources */,
				4F1EA48922B2888400FFA4D2 /* ordered list.swift in Sources */,
				4F26065422BECD7B0036D904 /* record.swift in Sources */,
				4F25FB8522B64B58007EE7AE /* numeric.swift in Sources */,
				4F84D01022AE7E2500C9FD23 /* command.swift in Sources */,
				4F27087622D9E584009F40B2 /* keyed list.swift in Sources */,
				4F26065622C0158C0036D904 /* value modifiers.swift in Sources */,
				4F28B59524ACDF44005583C7 /* misc tests.swift in Sources */,
				4F26065F22C016570036D904 /* primitive handler.swift in Sources */,
				4F2B81BF22CCD63E00FD1EB8 /* record coercion.swift in Sources */,
				4F84D00A22ADA13700C9FD23 /* coercion protocols.swift in Sources */,
				4F1EA49022B4E8D700FFA4D2 /* complex coercions.swift in Sources */,
				4FC5C7F8230F380E007D694C /* handler coercions.swift in Sources */,
				4F1EA48E22B4E7C200FFA4D2 /* coercion modifiers.swift in Sources */,
				4F1EA48322B2794400FFA4D2 /* collection coercions.swift in Sources */,
				4F1EA48122B2793800FFA4D2 /* scalar coercions.swift in Sources */,
				4FFC6F2A22D7704D00D636B9 /* access protocols.swift in Sources */,
				4F84D00C22ADA1AF00C9FD23 /* environment.swift in Sources */,
				4F5B24AF231405B8001C1941 /* swift literal.swift in Sources */,
				4F84D01622AE819000C9FD23 /* errors.swift in Sources */,
				4F28B59724ACE1C2005583C7 /* tests.swift in Sources */,
				4F857703230D34AF002B47F2 /* std state.swift in Sources */,
				4F25FB8A22B6AC82007EE7AE /* std general.swift in Sources */,
				4F257CCC22BAD1FA00A51CF5 /* std math.swift in Sources */,
				4F5B24B423156A8F001C1941 /* std text.swift in Sources */,
				4F282D5624AEFF470027D6DE /* reduce expressions.swift in Sources */,
				4F26F7182306C410002DD292 /* stdlib_operators.swift in Sources */,
				4F857701230C9247002B47F2 /* stdlib_constants.swift in Sources */,
				4F5B24CE23165870001C1941 /* std control.swift in Sources */,
				4F2BAC3924B6017800107A87 /* block stack.swift in Sources */,
				4F25FB8C22B6E561007EE7AE /* stdlib_handlers.swift in Sources */,
			);
			runOnlyForDeploymentPostprocessing = 0;
		};
/* End PBXSourcesBuildPhase section */

/* Begin XCBuildConfiguration section */
		4F5B24DA23171E55001C1941 /* Debug */ = {
			isa = XCBuildConfiguration;
			buildSettings = {
				CODE_SIGN_IDENTITY = "-";
				CODE_SIGN_STYLE = Automatic;
				DEVELOPMENT_TEAM = 27XZ82KJ77;
				PRODUCT_NAME = "$(TARGET_NAME)";
				SWIFT_VERSION = 5.0;
			};
			name = Debug;
		};
		4F5B24DB23171E55001C1941 /* Release */ = {
			isa = XCBuildConfiguration;
			buildSettings = {
				CODE_SIGN_IDENTITY = "-";
				CODE_SIGN_STYLE = Automatic;
				DEVELOPMENT_TEAM = 27XZ82KJ77;
				PRODUCT_NAME = "$(TARGET_NAME)";
				SWIFT_VERSION = 5.0;
			};
			name = Release;
		};
		4F84D00222ADA0F200C9FD23 /* Debug */ = {
			isa = XCBuildConfiguration;
			buildSettings = {
				ALWAYS_SEARCH_USER_PATHS = NO;
				CLANG_ANALYZER_NONNULL = YES;
				CLANG_ANALYZER_NUMBER_OBJECT_CONVERSION = YES_AGGRESSIVE;
				CLANG_CXX_LANGUAGE_STANDARD = "gnu++14";
				CLANG_CXX_LIBRARY = "libc++";
				CLANG_ENABLE_MODULES = YES;
				CLANG_ENABLE_OBJC_ARC = YES;
				CLANG_ENABLE_OBJC_WEAK = YES;
				CLANG_WARN_BLOCK_CAPTURE_AUTORELEASING = YES;
				CLANG_WARN_BOOL_CONVERSION = YES;
				CLANG_WARN_COMMA = YES;
				CLANG_WARN_CONSTANT_CONVERSION = YES;
				CLANG_WARN_DEPRECATED_OBJC_IMPLEMENTATIONS = YES;
				CLANG_WARN_DIRECT_OBJC_ISA_USAGE = YES_ERROR;
				CLANG_WARN_DOCUMENTATION_COMMENTS = YES;
				CLANG_WARN_EMPTY_BODY = YES;
				CLANG_WARN_ENUM_CONVERSION = YES;
				CLANG_WARN_INFINITE_RECURSION = YES;
				CLANG_WARN_INT_CONVERSION = YES;
				CLANG_WARN_NON_LITERAL_NULL_CONVERSION = YES;
				CLANG_WARN_OBJC_IMPLICIT_RETAIN_SELF = YES;
				CLANG_WARN_OBJC_LITERAL_CONVERSION = YES;
				CLANG_WARN_OBJC_ROOT_CLASS = YES_ERROR;
				CLANG_WARN_RANGE_LOOP_ANALYSIS = YES;
				CLANG_WARN_STRICT_PROTOTYPES = YES;
				CLANG_WARN_SUSPICIOUS_MOVE = YES;
				CLANG_WARN_UNGUARDED_AVAILABILITY = YES_AGGRESSIVE;
				CLANG_WARN_UNREACHABLE_CODE = YES;
				CLANG_WARN__DUPLICATE_METHOD_MATCH = YES;
				CODE_SIGN_IDENTITY = "Mac Developer";
				COPY_PHASE_STRIP = NO;
				DEBUG_INFORMATION_FORMAT = dwarf;
				ENABLE_STRICT_OBJC_MSGSEND = YES;
				ENABLE_TESTABILITY = YES;
				GCC_C_LANGUAGE_STANDARD = gnu11;
				GCC_DYNAMIC_NO_PIC = NO;
				GCC_NO_COMMON_BLOCKS = YES;
				GCC_OPTIMIZATION_LEVEL = 0;
				GCC_PREPROCESSOR_DEFINITIONS = (
					"DEBUG=1",
					"$(inherited)",
				);
				GCC_WARN_64_TO_32_BIT_CONVERSION = YES;
				GCC_WARN_ABOUT_RETURN_TYPE = YES_ERROR;
				GCC_WARN_UNDECLARED_SELECTOR = YES;
				GCC_WARN_UNINITIALIZED_AUTOS = YES_AGGRESSIVE;
				GCC_WARN_UNUSED_FUNCTION = YES;
				GCC_WARN_UNUSED_VARIABLE = YES;
				MACOSX_DEPLOYMENT_TARGET = 10.14;
				MTL_ENABLE_DEBUG_INFO = INCLUDE_SOURCE;
				MTL_FAST_MATH = YES;
				ONLY_ACTIVE_ARCH = YES;
				SDKROOT = macosx;
				SWIFT_ACTIVE_COMPILATION_CONDITIONS = DEBUG;
				SWIFT_OPTIMIZATION_LEVEL = "-Onone";
			};
			name = Debug;
		};
		4F84D00322ADA0F200C9FD23 /* Release */ = {
			isa = XCBuildConfiguration;
			buildSettings = {
				ALWAYS_SEARCH_USER_PATHS = NO;
				CLANG_ANALYZER_NONNULL = YES;
				CLANG_ANALYZER_NUMBER_OBJECT_CONVERSION = YES_AGGRESSIVE;
				CLANG_CXX_LANGUAGE_STANDARD = "gnu++14";
				CLANG_CXX_LIBRARY = "libc++";
				CLANG_ENABLE_MODULES = YES;
				CLANG_ENABLE_OBJC_ARC = YES;
				CLANG_ENABLE_OBJC_WEAK = YES;
				CLANG_WARN_BLOCK_CAPTURE_AUTORELEASING = YES;
				CLANG_WARN_BOOL_CONVERSION = YES;
				CLANG_WARN_COMMA = YES;
				CLANG_WARN_CONSTANT_CONVERSION = YES;
				CLANG_WARN_DEPRECATED_OBJC_IMPLEMENTATIONS = YES;
				CLANG_WARN_DIRECT_OBJC_ISA_USAGE = YES_ERROR;
				CLANG_WARN_DOCUMENTATION_COMMENTS = YES;
				CLANG_WARN_EMPTY_BODY = YES;
				CLANG_WARN_ENUM_CONVERSION = YES;
				CLANG_WARN_INFINITE_RECURSION = YES;
				CLANG_WARN_INT_CONVERSION = YES;
				CLANG_WARN_NON_LITERAL_NULL_CONVERSION = YES;
				CLANG_WARN_OBJC_IMPLICIT_RETAIN_SELF = YES;
				CLANG_WARN_OBJC_LITERAL_CONVERSION = YES;
				CLANG_WARN_OBJC_ROOT_CLASS = YES_ERROR;
				CLANG_WARN_RANGE_LOOP_ANALYSIS = YES;
				CLANG_WARN_STRICT_PROTOTYPES = YES;
				CLANG_WARN_SUSPICIOUS_MOVE = YES;
				CLANG_WARN_UNGUARDED_AVAILABILITY = YES_AGGRESSIVE;
				CLANG_WARN_UNREACHABLE_CODE = YES;
				CLANG_WARN__DUPLICATE_METHOD_MATCH = YES;
				CODE_SIGN_IDENTITY = "Mac Developer";
				COPY_PHASE_STRIP = NO;
				DEBUG_INFORMATION_FORMAT = "dwarf-with-dsym";
				ENABLE_NS_ASSERTIONS = NO;
				ENABLE_STRICT_OBJC_MSGSEND = YES;
				GCC_C_LANGUAGE_STANDARD = gnu11;
				GCC_NO_COMMON_BLOCKS = YES;
				GCC_WARN_64_TO_32_BIT_CONVERSION = YES;
				GCC_WARN_ABOUT_RETURN_TYPE = YES_ERROR;
				GCC_WARN_UNDECLARED_SELECTOR = YES;
				GCC_WARN_UNINITIALIZED_AUTOS = YES_AGGRESSIVE;
				GCC_WARN_UNUSED_FUNCTION = YES;
				GCC_WARN_UNUSED_VARIABLE = YES;
				MACOSX_DEPLOYMENT_TARGET = 10.14;
				MTL_ENABLE_DEBUG_INFO = NO;
				MTL_FAST_MATH = YES;
				SDKROOT = macosx;
				SWIFT_COMPILATION_MODE = wholemodule;
				SWIFT_OPTIMIZATION_LEVEL = "-O";
			};
			name = Release;
		};
		4F84D00522ADA0F200C9FD23 /* Debug */ = {
			isa = XCBuildConfiguration;
			buildSettings = {
				CODE_SIGN_IDENTITY = "-";
				CODE_SIGN_STYLE = Automatic;
				DEVELOPMENT_TEAM = 27XZ82KJ77;
				PRODUCT_NAME = "$(TARGET_NAME)";
				SWIFT_VERSION = 5.0;
			};
			name = Debug;
		};
		4F84D00622ADA0F200C9FD23 /* Release */ = {
			isa = XCBuildConfiguration;
			buildSettings = {
				CODE_SIGN_IDENTITY = "-";
				CODE_SIGN_STYLE = Automatic;
				DEVELOPMENT_TEAM = 27XZ82KJ77;
				PRODUCT_NAME = "$(TARGET_NAME)";
				SWIFT_VERSION = 5.0;
			};
			name = Release;
		};
/* End XCBuildConfiguration section */

/* Begin XCConfigurationList section */
		4F5B24D923171E55001C1941 /* Build configuration list for PBXNativeTarget "stdlib-glue" */ = {
			isa = XCConfigurationList;
			buildConfigurations = (
				4F5B24DA23171E55001C1941 /* Debug */,
				4F5B24DB23171E55001C1941 /* Release */,
			);
			defaultConfigurationIsVisible = 0;
			defaultConfigurationName = Release;
		};
		4F84CFF822ADA0F100C9FD23 /* Build configuration list for PBXProject "iris-script" */ = {
			isa = XCConfigurationList;
			buildConfigurations = (
				4F84D00222ADA0F200C9FD23 /* Debug */,
				4F84D00322ADA0F200C9FD23 /* Release */,
			);
			defaultConfigurationIsVisible = 0;
			defaultConfigurationName = Release;
		};
		4F84D00422ADA0F200C9FD23 /* Build configuration list for PBXNativeTarget "iris-script" */ = {
			isa = XCConfigurationList;
			buildConfigurations = (
				4F84D00522ADA0F200C9FD23 /* Debug */,
				4F84D00622ADA0F200C9FD23 /* Release */,
			);
			defaultConfigurationIsVisible = 0;
			defaultConfigurationName = Release;
		};
/* End XCConfigurationList section */
	};
	rootObject = 4F84CFF522ADA0F100C9FD23 /* Project object */;
}
