// !$*UTF8*$!
{
	archiveVersion = 1;
	classes = {
	};
	objectVersion = 50;
	objects = {

/* Begin PBXBuildFile section */
		4F2B0C6624C0CC4F00664ABB /* formatter.swift in Sources */ = {isa = PBXBuildFile; fileRef = 4F2B0C6524C0CC4F00664ABB /* formatter.swift */; };
		4F2C4D1E24C864CE0058749A /* pattern value.swift in Sources */ = {isa = PBXBuildFile; fileRef = 4F2C4D1624C863420058749A /* pattern value.swift */; };
		4F2C4D2124C86BD30058749A /* define patterns.swift in Sources */ = {isa = PBXBuildFile; fileRef = 4F2C4D2024C86BD30058749A /* define patterns.swift */; };
		4F2C4D2324C8C0A40058749A /* handler glue.swift in Sources */ = {isa = PBXBuildFile; fileRef = 4F2C4D2224C8C0A40058749A /* handler glue.swift */; };
		4F2C4D2924C8DC910058749A /* gluelib_constants.swift in Sources */ = {isa = PBXBuildFile; fileRef = 4F2C4D2824C8DC910058749A /* gluelib_constants.swift */; };
		4F2C4D2C24C8F5CC0058749A /* stdlib_operators.swift in Sources */ = {isa = PBXBuildFile; fileRef = 4F2C4D2A24C8F5CB0058749A /* stdlib_operators.swift */; };
		4F2C4D2D24C8F5CC0058749A /* stdlib_handlers.swift in Sources */ = {isa = PBXBuildFile; fileRef = 4F2C4D2B24C8F5CC0058749A /* stdlib_handlers.swift */; };
		4F2F81A024C739CC00EB2F0F /* opaque value.swift in Sources */ = {isa = PBXBuildFile; fileRef = 4FE5504224C06EFC00509806 /* opaque value.swift */; };
		4F345EA024C38C7900532054 /* quote reader.swift in Sources */ = {isa = PBXBuildFile; fileRef = 4F345E9F24C38C7900532054 /* quote reader.swift */; };
		4F877A5E24BD90A90067A463 /* libedit.tbd in Frameworks */ = {isa = PBXBuildFile; fileRef = 4F877A5924BD90A90067A463 /* libedit.tbd */; };
		4F877A6624BD97D10067A463 /* libedit.tbd in Frameworks */ = {isa = PBXBuildFile; fileRef = 4F877A5924BD90A90067A463 /* libedit.tbd */; };
		4F877A6824BD995F0067A463 /* iris-shell.c in Sources */ = {isa = PBXBuildFile; fileRef = 4F877A6724BD995F0067A463 /* iris-shell.c */; };
		4F877A6B24BDBB4E0067A463 /* libiris.a in Frameworks */ = {isa = PBXBuildFile; fileRef = 4F988CB624BCC4D700EE66C7 /* libiris.a */; };
		4F877A6C24BDBD7C0067A463 /* libiris.a in Frameworks */ = {isa = PBXBuildFile; fileRef = 4F988CB624BCC4D700EE66C7 /* libiris.a */; };
		4F877A6F24BDC0130067A463 /* tests.swift in Sources */ = {isa = PBXBuildFile; fileRef = 4F28B59624ACE1C2005583C7 /* tests.swift */; };
		4F877A7024BDC0150067A463 /* misc tests.swift in Sources */ = {isa = PBXBuildFile; fileRef = 4F28B59424ACDF44005583C7 /* misc tests.swift */; };
		4F877A7124BDC0180067A463 /* main.swift in Sources */ = {isa = PBXBuildFile; fileRef = 4F84D00022ADA0F200C9FD23 /* main.swift */; };
		4F8C407524BCC02200735273 /* main.swift in Sources */ = {isa = PBXBuildFile; fileRef = 4F8C407424BCC02200735273 /* main.swift */; };
		4F988CC024BCC57E00EE66C7 /* main.swift in Sources */ = {isa = PBXBuildFile; fileRef = 4F988CBF24BCC57E00EE66C7 /* main.swift */; };
		4F988CC124BCC5A500EE66C7 /* parser protocols.swift in Sources */ = {isa = PBXBuildFile; fileRef = 4F2694DA22E06D24009B8FC0 /* parser protocols.swift */; };
		4F988CC224BCC5A500EE66C7 /* characters.swift in Sources */ = {isa = PBXBuildFile; fileRef = 4F25553C22E5D3DE002FAE5E /* characters.swift */; };
		4F988CC324BCC5A500EE66C7 /* token.swift in Sources */ = {isa = PBXBuildFile; fileRef = 4F2694D622DF5607009B8FC0 /* token.swift */; };
		4F988CC424BCC5A500EE66C7 /* base lexer.swift in Sources */ = {isa = PBXBuildFile; fileRef = 4FFC6F2422D6818000D636B9 /* base lexer.swift */; };
		4F988CC524BCC5A500EE66C7 /* name readers.swift in Sources */ = {isa = PBXBuildFile; fileRef = 4FC5C7FE23110B76007D694C /* name readers.swift */; };
		4F988CC624BCC5A500EE66C7 /* numeric reader.swift in Sources */ = {isa = PBXBuildFile; fileRef = 4F2694D822E061AC009B8FC0 /* numeric reader.swift */; };
		4F988CC724BCC5A500EE66C7 /* unicode reader.swift in Sources */ = {isa = PBXBuildFile; fileRef = 4FC5C825231316D9007D694C /* unicode reader.swift */; };
		4F988CC824BCC5A500EE66C7 /* operator reader.swift in Sources */ = {isa = PBXBuildFile; fileRef = 4F29320322E25E7100BC0AD4 /* operator reader.swift */; };
		4F988CC924BCC5A500EE66C7 /* other line readers.swift in Sources */ = {isa = PBXBuildFile; fileRef = 4F29320122E23AD700BC0AD4 /* other line readers.swift */; };
		4F988CCA24BCC5A500EE66C7 /* token stream.swift in Sources */ = {isa = PBXBuildFile; fileRef = 4F25506422EA38F500B7034F /* token stream.swift */; };
		4F988CCB24BCC5A500EE66C7 /* quote document reader.swift in Sources */ = {isa = PBXBuildFile; fileRef = 4FC5C7FC23110B1F007D694C /* quote document reader.swift */; };
		4F988CCC24BCC5A500EE66C7 /* keyword.swift in Sources */ = {isa = PBXBuildFile; fileRef = 4FE7845E246AB298006AC859 /* keyword.swift */; };
		4F988CCD24BCC5A500EE66C7 /* pattern.swift in Sources */ = {isa = PBXBuildFile; fileRef = 4FE78455246AB15E006AC859 /* pattern.swift */; };
		4F988CCE24BCC5A500EE66C7 /* pattern match.swift in Sources */ = {isa = PBXBuildFile; fileRef = 4FB53941246FF69B0040B520 /* pattern match.swift */; };
		4F988CCF24BCC5A500EE66C7 /* pattern definition.swift in Sources */ = {isa = PBXBuildFile; fileRef = 4FE7845C246AB1CC006AC859 /* pattern definition.swift */; };
		4F988CD024BCC5A500EE66C7 /* standard patterns.swift in Sources */ = {isa = PBXBuildFile; fileRef = 4F2876B32471A35A0012E692 /* standard patterns.swift */; };
		4F988CD124BCC5A500EE66C7 /* standard reducers.swift in Sources */ = {isa = PBXBuildFile; fileRef = 4F28C40724731F750079301A /* standard reducers.swift */; };
		4F988CD224BCC5A500EE66C7 /* operator definitions.swift in Sources */ = {isa = PBXBuildFile; fileRef = 4FB53943246FF6DF0040B520 /* operator definitions.swift */; };
		4F988CD324BCC5A500EE66C7 /* operator registry.swift in Sources */ = {isa = PBXBuildFile; fileRef = 4F25553A22E5053E002FAE5E /* operator registry.swift */; };
		4F988CD424BCC5A500EE66C7 /* token stack.swift in Sources */ = {isa = PBXBuildFile; fileRef = 4F28F28E24A5F88200DA62C4 /* token stack.swift */; };
		4F988CD524BCC5A500EE66C7 /* block stack.swift in Sources */ = {isa = PBXBuildFile; fileRef = 4F2BAC3824B6017800107A87 /* block stack.swift */; };
		4F988CD624BCC5A500EE66C7 /* reduce commands.swift in Sources */ = {isa = PBXBuildFile; fileRef = 4F28323E2474712C004C9CE5 /* reduce commands.swift */; };
		4F988CD724BCC5A500EE66C7 /* reduce expressions.swift in Sources */ = {isa = PBXBuildFile; fileRef = 4F282D5524AEFF470027D6DE /* reduce expressions.swift */; };
		4F988CD824BCC5A500EE66C7 /* parser.swift in Sources */ = {isa = PBXBuildFile; fileRef = 4F2D2ADE245AFDCE005F3709 /* parser.swift */; };
		4F988CD924BCC5A500EE66C7 /* editable script.swift in Sources */ = {isa = PBXBuildFile; fileRef = 4F2931FF22E2290B00BC0AD4 /* editable script.swift */; };
		4F988CDA24BCC5A500EE66C7 /* value protocols.swift in Sources */ = {isa = PBXBuildFile; fileRef = 4F84D00722ADA12A00C9FD23 /* value protocols.swift */; };
		4F988CDB24BCC5A500EE66C7 /* text.swift in Sources */ = {isa = PBXBuildFile; fileRef = 4F1EA48622B27B8D00FFA4D2 /* text.swift */; };
		4F988CDC24BCC5A500EE66C7 /* numeric.swift in Sources */ = {isa = PBXBuildFile; fileRef = 4F25FB8422B64B58007EE7AE /* numeric.swift */; };
		4F988CDD24BCC5A500EE66C7 /* ordered list.swift in Sources */ = {isa = PBXBuildFile; fileRef = 4F1EA48822B2888400FFA4D2 /* ordered list.swift */; };
		4F988CDE24BCC5A500EE66C7 /* keyed list.swift in Sources */ = {isa = PBXBuildFile; fileRef = 4F27087522D9E584009F40B2 /* keyed list.swift */; };
		4F988CDF24BCC5A500EE66C7 /* atoms.swift in Sources */ = {isa = PBXBuildFile; fileRef = 4F1EA48422B279B500FFA4D2 /* atoms.swift */; };
		4F988CE024BCC5A500EE66C7 /* symbol.swift in Sources */ = {isa = PBXBuildFile; fileRef = 4F26065722C015A30036D904 /* symbol.swift */; };
		4F988CE224BCC5A500EE66C7 /* record.swift in Sources */ = {isa = PBXBuildFile; fileRef = 4F26065322BECD7B0036D904 /* record.swift */; };
		4F988CE324BCC5A500EE66C7 /* block.swift in Sources */ = {isa = PBXBuildFile; fileRef = 4F84D01322AE7EEA00C9FD23 /* block.swift */; };
		4F988CE424BCC5A500EE66C7 /* command.swift in Sources */ = {isa = PBXBuildFile; fileRef = 4F84D00F22AE7E2500C9FD23 /* command.swift */; };
		4F988CE524BCC5A500EE66C7 /* command bindings.swift in Sources */ = {isa = PBXBuildFile; fileRef = 4F26066122C017EF0036D904 /* command bindings.swift */; };
		4F988CE624BCC5A500EE66C7 /* handler protocols.swift in Sources */ = {isa = PBXBuildFile; fileRef = 4F84D01122AE7E2C00C9FD23 /* handler protocols.swift */; };
		4F988CE724BCC5A500EE66C7 /* handler interface.swift in Sources */ = {isa = PBXBuildFile; fileRef = 4F26065A22C015F10036D904 /* handler interface.swift */; };
		4F988CE824BCC5A500EE66C7 /* native handler.swift in Sources */ = {isa = PBXBuildFile; fileRef = 4F26065C22C0161D0036D904 /* native handler.swift */; };
		4F988CE924BCC5A500EE66C7 /* primitive handler.swift in Sources */ = {isa = PBXBuildFile; fileRef = 4F26065E22C016570036D904 /* primitive handler.swift */; };
		4F988CEA24BCC5A500EE66C7 /* value modifiers.swift in Sources */ = {isa = PBXBuildFile; fileRef = 4F26065522C0158C0036D904 /* value modifiers.swift */; };
		4F988CEB24BCC5A500EE66C7 /* coercion protocols.swift in Sources */ = {isa = PBXBuildFile; fileRef = 4F84D00922ADA13700C9FD23 /* coercion protocols.swift */; };
		4F988CEC24BCC5A500EE66C7 /* scalar coercions.swift in Sources */ = {isa = PBXBuildFile; fileRef = 4F1EA48022B2793800FFA4D2 /* scalar coercions.swift */; };
		4F988CED24BCC5A500EE66C7 /* collection coercions.swift in Sources */ = {isa = PBXBuildFile; fileRef = 4F1EA48222B2794400FFA4D2 /* collection coercions.swift */; };
		4F988CEE24BCC5A500EE66C7 /* record coercion.swift in Sources */ = {isa = PBXBuildFile; fileRef = 4F2B81BE22CCD63E00FD1EB8 /* record coercion.swift */; };
		4F988CEF24BCC5A500EE66C7 /* complex coercions.swift in Sources */ = {isa = PBXBuildFile; fileRef = 4F1EA48F22B4E8D700FFA4D2 /* complex coercions.swift */; };
		4F988CF024BCC5A500EE66C7 /* handler coercions.swift in Sources */ = {isa = PBXBuildFile; fileRef = 4FC5C7F7230F380E007D694C /* handler coercions.swift */; };
		4F988CF124BCC5A500EE66C7 /* coercion modifiers.swift in Sources */ = {isa = PBXBuildFile; fileRef = 4F1EA48D22B4E7C200FFA4D2 /* coercion modifiers.swift */; };
		4F988CF224BCC5A500EE66C7 /* access protocols.swift in Sources */ = {isa = PBXBuildFile; fileRef = 4FFC6F2922D7704D00D636B9 /* access protocols.swift */; };
		4F988CF324BCC5A500EE66C7 /* environment.swift in Sources */ = {isa = PBXBuildFile; fileRef = 4F84D00B22ADA1AF00C9FD23 /* environment.swift */; };
		4F988CF424BCC5A500EE66C7 /* swift literal.swift in Sources */ = {isa = PBXBuildFile; fileRef = 4F5B24AE231405B8001C1941 /* swift literal.swift */; };
		4F988CF524BCC5A500EE66C7 /* errors.swift in Sources */ = {isa = PBXBuildFile; fileRef = 4F84D01522AE819000C9FD23 /* errors.swift */; };
		4F988CF624BCC5CB00EE66C7 /* std general.swift in Sources */ = {isa = PBXBuildFile; fileRef = 4F25FB8922B6AC82007EE7AE /* std general.swift */; };
		4F988CF724BCC5CB00EE66C7 /* std math.swift in Sources */ = {isa = PBXBuildFile; fileRef = 4F257CCB22BAD1FA00A51CF5 /* std math.swift */; };
		4F988CF824BCC5CB00EE66C7 /* std text.swift in Sources */ = {isa = PBXBuildFile; fileRef = 4F5B24B323156A8F001C1941 /* std text.swift */; };
		4F988CF924BCC5CC00EE66C7 /* std control.swift in Sources */ = {isa = PBXBuildFile; fileRef = 4F5B24CD23165870001C1941 /* std control.swift */; };
		4F988CFA24BCC5CC00EE66C7 /* std state.swift in Sources */ = {isa = PBXBuildFile; fileRef = 4F857702230D34AE002B47F2 /* std state.swift */; };
		4F988CFD24BCC5CC00EE66C7 /* stdlib_constants.swift in Sources */ = {isa = PBXBuildFile; fileRef = 4F857700230C9247002B47F2 /* stdlib_constants.swift */; };
		4F988CFE24BCC5CC00EE66C7 /* reference.swift in Sources */ = {isa = PBXBuildFile; fileRef = 4FAF5F44231E817A0082FB6F /* reference.swift */; };
		4F988CFF24BCC5CC00EE66C7 /* reference selectors.swift in Sources */ = {isa = PBXBuildFile; fileRef = 4F2594002324E58400B57593 /* reference selectors.swift */; };
		4F988D0024BCC5CC00EE66C7 /* range clause.swift in Sources */ = {isa = PBXBuildFile; fileRef = 4F409193231876E600045E85 /* range clause.swift */; };
		4F988D0124BCC5CC00EE66C7 /* test clause.swift in Sources */ = {isa = PBXBuildFile; fileRef = 4F2503DF232BF8A700C8BDD0 /* test clause.swift */; };
		4F988D0224BCC5CC00EE66C7 /* test clause selectors.swift in Sources */ = {isa = PBXBuildFile; fileRef = 4F2503E6232BF96800C8BDD0 /* test clause selectors.swift */; };
		4F988D0324BCC5CC00EE66C7 /* reference coercions.swift in Sources */ = {isa = PBXBuildFile; fileRef = 4FDAE7B1232B9F31005197DE /* reference coercions.swift */; };
		4F988D0424BCC5CC00EE66C7 /* query funcs.swift in Sources */ = {isa = PBXBuildFile; fileRef = 4F25FB8622B68530007EE7AE /* query funcs.swift */; };
		4F988D0524BCC5CC00EE66C7 /* native app data.swift in Sources */ = {isa = PBXBuildFile; fileRef = 4F46A41923225975008E0265 /* native app data.swift */; };
		4F988D0624BCC5CC00EE66C7 /* result descriptor.swift in Sources */ = {isa = PBXBuildFile; fileRef = 4F731D2E23254869008700C6 /* result descriptor.swift */; };
		4F988D0724BCC5CC00EE66C7 /* keyword converter.swift in Sources */ = {isa = PBXBuildFile; fileRef = 4F46A41B232259FB008E0265 /* keyword converter.swift */; };
		4F988D0924BCC62C00EE66C7 /* libAppleEvents.a in Frameworks */ = {isa = PBXBuildFile; fileRef = 4F988D0824BCC62C00EE66C7 /* libAppleEvents.a */; };
		4F988D0A24BCC62C00EE66C7 /* libSwiftAutomation.a in Frameworks */ = {isa = PBXBuildFile; fileRef = 4F28389A24B8C4D80054C70E /* libSwiftAutomation.a */; };
		4F988D1124BCEA5C00EE66C7 /* commands.swift in Sources */ = {isa = PBXBuildFile; fileRef = 4F988D1024BCEA5C00EE66C7 /* commands.swift */; };
		4FD41C1524BE487D00B56A14 /* incremental parser.swift in Sources */ = {isa = PBXBuildFile; fileRef = 4FD41C1424BE487D00B56A14 /* incremental parser.swift */; };
		4FD41C1C24BE614600B56A14 /* null token stream.swift in Sources */ = {isa = PBXBuildFile; fileRef = 4FD41C1B24BE614600B56A14 /* null token stream.swift */; };
		4FE5502724C035D500509806 /* main.swift in Sources */ = {isa = PBXBuildFile; fileRef = 4FE5502624C035D500509806 /* main.swift */; };
		4FE5503124C0387E00509806 /* libiris.a in Frameworks */ = {isa = PBXBuildFile; fileRef = 4F988CB624BCC4D700EE66C7 /* libiris.a */; };
		4FE5503424C0389400509806 /* define handler glue.swift in Sources */ = {isa = PBXBuildFile; fileRef = 4FC5C81C23129BCC007D694C /* define handler glue.swift */; };
		4FE5503524C0389400509806 /* handler stub template.swift in Sources */ = {isa = PBXBuildFile; fileRef = 4F409195231904C900045E85 /* handler stub template.swift */; };
		4FE5503624C0389400509806 /* handler glue template.swift in Sources */ = {isa = PBXBuildFile; fileRef = 4FC5C81B23129BCC007D694C /* handler glue template.swift */; };
		4FE5503724C0389400509806 /* operator glue template.swift in Sources */ = {isa = PBXBuildFile; fileRef = 4F5B24B123150C52001C1941 /* operator glue template.swift */; };
		4FE5503824C0389400509806 /* texttemplate.swift in Sources */ = {isa = PBXBuildFile; fileRef = 4FC5C81D23129BCC007D694C /* texttemplate.swift */; };
		4FE5503924C0389400509806 /* gluelib_handlers.swift in Sources */ = {isa = PBXBuildFile; fileRef = 4FC5C7FA23109824007D694C /* gluelib_handlers.swift */; };
		4FE5503A24C0389400509806 /* gluelib_operators.swift in Sources */ = {isa = PBXBuildFile; fileRef = 4FC5C7FB23109826007D694C /* gluelib_operators.swift */; };
		4FE5504024C06B9600509806 /* render glue.swift in Sources */ = {isa = PBXBuildFile; fileRef = 4FE5503F24C06B9600509806 /* render glue.swift */; };
/* End PBXBuildFile section */

/* Begin PBXContainerItemProxy section */
		4F28389724B8C4D80054C70E /* PBXContainerItemProxy */ = {
			isa = PBXContainerItemProxy;
			containerPortal = 4F28388D24B8C4D80054C70E /* SwiftAutomation.xcodeproj */;
			proxyType = 2;
			remoteGlobalIDString = 4FFF5D241D899F0D008ED4F5;
			remoteInfo = SwiftAutomation;
		};
		4F28389924B8C4D80054C70E /* PBXContainerItemProxy */ = {
			isa = PBXContainerItemProxy;
			containerPortal = 4F28388D24B8C4D80054C70E /* SwiftAutomation.xcodeproj */;
			proxyType = 2;
			remoteGlobalIDString = 4F21AF3D22861DA400A1B978;
			remoteInfo = libSwiftAutomation;
		};
		4F28389B24B8C4D80054C70E /* PBXContainerItemProxy */ = {
			isa = PBXContainerItemProxy;
			containerPortal = 4F28388D24B8C4D80054C70E /* SwiftAutomation.xcodeproj */;
			proxyType = 2;
			remoteGlobalIDString = 4F0E39651BAA98A900FF2A96;
			remoteInfo = aeglue;
		};
		4F28389D24B8C4D80054C70E /* PBXContainerItemProxy */ = {
			isa = PBXContainerItemProxy;
			containerPortal = 4F28388D24B8C4D80054C70E /* SwiftAutomation.xcodeproj */;
			proxyType = 2;
			remoteGlobalIDString = 4F9AFB361D5B58EB00A71890;
			remoteInfo = test;
		};
		4F28389F24B8C4D80054C70E /* PBXContainerItemProxy */ = {
			isa = PBXContainerItemProxy;
			containerPortal = 4F28388D24B8C4D80054C70E /* SwiftAutomation.xcodeproj */;
			proxyType = 2;
			remoteGlobalIDString = 4F1A57FA1D9E81C300ACFA51;
			remoteInfo = MacOSGlues;
		};
		4F2838A124B8C4D80054C70E /* PBXContainerItemProxy */ = {
			isa = PBXContainerItemProxy;
			containerPortal = 4F28388D24B8C4D80054C70E /* SwiftAutomation.xcodeproj */;
			proxyType = 2;
			remoteGlobalIDString = 4FACE27222723090000A04A0;
			remoteInfo = SwiftAutomationLite;
		};
		4F877A6924BDBB430067A463 /* PBXContainerItemProxy */ = {
			isa = PBXContainerItemProxy;
			containerPortal = 4F84CFF522ADA0F100C9FD23 /* Project object */;
			proxyType = 1;
			remoteGlobalIDString = 4F988CB524BCC4D700EE66C7;
			remoteInfo = libiris;
		};
		4F877A6D24BDBD840067A463 /* PBXContainerItemProxy */ = {
			isa = PBXContainerItemProxy;
			containerPortal = 4F84CFF522ADA0F100C9FD23 /* Project object */;
			proxyType = 1;
			remoteGlobalIDString = 4F988CB524BCC4D700EE66C7;
			remoteInfo = libiris;
		};
		4FE5503224C0388300509806 /* PBXContainerItemProxy */ = {
			isa = PBXContainerItemProxy;
			containerPortal = 4F84CFF522ADA0F100C9FD23 /* Project object */;
			proxyType = 1;
			remoteGlobalIDString = 4F988CB524BCC4D700EE66C7;
			remoteInfo = libiris;
		};
		4FFD83C024BCF01B00E5E28A /* PBXContainerItemProxy */ = {
			isa = PBXContainerItemProxy;
			containerPortal = 4F28388D24B8C4D80054C70E /* SwiftAutomation.xcodeproj */;
			proxyType = 1;
			remoteGlobalIDString = 4F21AF3C22861DA400A1B978;
			remoteInfo = libSwiftAutomation;
		};
/* End PBXContainerItemProxy section */

/* Begin PBXCopyFilesBuildPhase section */
		4F84CFFB22ADA0F200C9FD23 /* CopyFiles */ = {
			isa = PBXCopyFilesBuildPhase;
			buildActionMask = 2147483647;
			dstPath = /usr/share/man/man1/;
			dstSubfolderSpec = 0;
			files = (
			);
			runOnlyForDeploymentPostprocessing = 1;
		};
		4F8C407024BCC02200735273 /* CopyFiles */ = {
			isa = PBXCopyFilesBuildPhase;
			buildActionMask = 2147483647;
			dstPath = /usr/share/man/man1/;
			dstSubfolderSpec = 0;
			files = (
			);
			runOnlyForDeploymentPostprocessing = 1;
		};
		4FE5502224C035D500509806 /* CopyFiles */ = {
			isa = PBXCopyFilesBuildPhase;
			buildActionMask = 2147483647;
			dstPath = /usr/share/man/man1/;
			dstSubfolderSpec = 0;
			files = (
			);
			runOnlyForDeploymentPostprocessing = 1;
		};
/* End PBXCopyFilesBuildPhase section */

/* Begin PBXFileReference section */
		4F08503923229BC600F0BEAB /* AppleEvents.framework */ = {isa = PBXFileReference; explicitFileType = wrapper.framework; path = AppleEvents.framework; sourceTree = BUILT_PRODUCTS_DIR; };
		4F1EA48022B2793800FFA4D2 /* scalar coercions.swift */ = {isa = PBXFileReference; lastKnownFileType = sourcecode.swift; path = "scalar coercions.swift"; sourceTree = "<group>"; };
		4F1EA48222B2794400FFA4D2 /* collection coercions.swift */ = {isa = PBXFileReference; lastKnownFileType = sourcecode.swift; path = "collection coercions.swift"; sourceTree = "<group>"; };
		4F1EA48422B279B500FFA4D2 /* atoms.swift */ = {isa = PBXFileReference; lastKnownFileType = sourcecode.swift; path = atoms.swift; sourceTree = "<group>"; };
		4F1EA48622B27B8D00FFA4D2 /* text.swift */ = {isa = PBXFileReference; lastKnownFileType = sourcecode.swift; path = text.swift; sourceTree = "<group>"; };
		4F1EA48822B2888400FFA4D2 /* ordered list.swift */ = {isa = PBXFileReference; lastKnownFileType = sourcecode.swift; path = "ordered list.swift"; sourceTree = "<group>"; };
		4F1EA48D22B4E7C200FFA4D2 /* coercion modifiers.swift */ = {isa = PBXFileReference; lastKnownFileType = sourcecode.swift; path = "coercion modifiers.swift"; sourceTree = "<group>"; };
		4F1EA48F22B4E8D700FFA4D2 /* complex coercions.swift */ = {isa = PBXFileReference; lastKnownFileType = sourcecode.swift; path = "complex coercions.swift"; sourceTree = "<group>"; };
		4F2503DF232BF8A700C8BDD0 /* test clause.swift */ = {isa = PBXFileReference; lastKnownFileType = sourcecode.swift; path = "test clause.swift"; sourceTree = "<group>"; };
		4F2503E6232BF96800C8BDD0 /* test clause selectors.swift */ = {isa = PBXFileReference; lastKnownFileType = sourcecode.swift; path = "test clause selectors.swift"; sourceTree = "<group>"; };
		4F25506422EA38F500B7034F /* token stream.swift */ = {isa = PBXFileReference; lastKnownFileType = sourcecode.swift; path = "token stream.swift"; sourceTree = "<group>"; };
		4F25553A22E5053E002FAE5E /* operator registry.swift */ = {isa = PBXFileReference; lastKnownFileType = sourcecode.swift; path = "operator registry.swift"; sourceTree = "<group>"; };
		4F25553C22E5D3DE002FAE5E /* characters.swift */ = {isa = PBXFileReference; lastKnownFileType = sourcecode.swift; path = characters.swift; sourceTree = "<group>"; };
		4F257CCB22BAD1FA00A51CF5 /* std math.swift */ = {isa = PBXFileReference; lastKnownFileType = sourcecode.swift; path = "std math.swift"; sourceTree = "<group>"; };
		4F2594002324E58400B57593 /* reference selectors.swift */ = {isa = PBXFileReference; lastKnownFileType = sourcecode.swift; path = "reference selectors.swift"; sourceTree = "<group>"; };
		4F25FB8422B64B58007EE7AE /* numeric.swift */ = {isa = PBXFileReference; fileEncoding = 4; lastKnownFileType = sourcecode.swift; path = numeric.swift; sourceTree = "<group>"; };
		4F25FB8622B68530007EE7AE /* query funcs.swift */ = {isa = PBXFileReference; lastKnownFileType = sourcecode.swift; path = "query funcs.swift"; sourceTree = "<group>"; };
		4F25FB8922B6AC82007EE7AE /* std general.swift */ = {isa = PBXFileReference; fileEncoding = 4; lastKnownFileType = sourcecode.swift; path = "std general.swift"; sourceTree = "<group>"; };
		4F26065322BECD7B0036D904 /* record.swift */ = {isa = PBXFileReference; lastKnownFileType = sourcecode.swift; path = record.swift; sourceTree = "<group>"; };
		4F26065522C0158C0036D904 /* value modifiers.swift */ = {isa = PBXFileReference; lastKnownFileType = sourcecode.swift; path = "value modifiers.swift"; sourceTree = "<group>"; };
		4F26065722C015A30036D904 /* symbol.swift */ = {isa = PBXFileReference; lastKnownFileType = sourcecode.swift; path = symbol.swift; sourceTree = "<group>"; };
		4F26065A22C015F10036D904 /* handler interface.swift */ = {isa = PBXFileReference; lastKnownFileType = sourcecode.swift; path = "handler interface.swift"; sourceTree = "<group>"; };
		4F26065C22C0161D0036D904 /* native handler.swift */ = {isa = PBXFileReference; lastKnownFileType = sourcecode.swift; path = "native handler.swift"; sourceTree = "<group>"; };
		4F26065E22C016570036D904 /* primitive handler.swift */ = {isa = PBXFileReference; lastKnownFileType = sourcecode.swift; path = "primitive handler.swift"; sourceTree = "<group>"; };
		4F26066122C017EF0036D904 /* command bindings.swift */ = {isa = PBXFileReference; lastKnownFileType = sourcecode.swift; path = "command bindings.swift"; sourceTree = "<group>"; };
		4F2694D622DF5607009B8FC0 /* token.swift */ = {isa = PBXFileReference; lastKnownFileType = sourcecode.swift; path = token.swift; sourceTree = "<group>"; };
		4F2694D822E061AC009B8FC0 /* numeric reader.swift */ = {isa = PBXFileReference; lastKnownFileType = sourcecode.swift; path = "numeric reader.swift"; sourceTree = "<group>"; };
		4F2694DA22E06D24009B8FC0 /* parser protocols.swift */ = {isa = PBXFileReference; lastKnownFileType = sourcecode.swift; path = "parser protocols.swift"; sourceTree = "<group>"; };
		4F27087522D9E584009F40B2 /* keyed list.swift */ = {isa = PBXFileReference; lastKnownFileType = sourcecode.swift; path = "keyed list.swift"; sourceTree = "<group>"; };
		4F282D5524AEFF470027D6DE /* reduce expressions.swift */ = {isa = PBXFileReference; lastKnownFileType = sourcecode.swift; path = "reduce expressions.swift"; sourceTree = "<group>"; };
		4F28323E2474712C004C9CE5 /* reduce commands.swift */ = {isa = PBXFileReference; lastKnownFileType = sourcecode.swift; path = "reduce commands.swift"; sourceTree = "<group>"; };
		4F28388D24B8C4D80054C70E /* SwiftAutomation.xcodeproj */ = {isa = PBXFileReference; lastKnownFileType = "wrapper.pb-project"; name = SwiftAutomation.xcodeproj; path = ../SwiftAutomation/SwiftAutomation.xcodeproj; sourceTree = "<group>"; };
		4F2876B32471A35A0012E692 /* standard patterns.swift */ = {isa = PBXFileReference; lastKnownFileType = sourcecode.swift; path = "standard patterns.swift"; sourceTree = "<group>"; };
		4F28B59424ACDF44005583C7 /* misc tests.swift */ = {isa = PBXFileReference; lastKnownFileType = sourcecode.swift; path = "misc tests.swift"; sourceTree = "<group>"; };
		4F28B59624ACE1C2005583C7 /* tests.swift */ = {isa = PBXFileReference; lastKnownFileType = sourcecode.swift; path = tests.swift; sourceTree = "<group>"; };
		4F28C40724731F750079301A /* standard reducers.swift */ = {isa = PBXFileReference; lastKnownFileType = sourcecode.swift; path = "standard reducers.swift"; sourceTree = "<group>"; };
		4F28F28E24A5F88200DA62C4 /* token stack.swift */ = {isa = PBXFileReference; lastKnownFileType = sourcecode.swift; path = "token stack.swift"; sourceTree = "<group>"; };
		4F2931FF22E2290B00BC0AD4 /* editable script.swift */ = {isa = PBXFileReference; lastKnownFileType = sourcecode.swift; path = "editable script.swift"; sourceTree = "<group>"; };
		4F29320122E23AD700BC0AD4 /* other line readers.swift */ = {isa = PBXFileReference; lastKnownFileType = sourcecode.swift; path = "other line readers.swift"; sourceTree = "<group>"; };
		4F29320322E25E7100BC0AD4 /* operator reader.swift */ = {isa = PBXFileReference; lastKnownFileType = sourcecode.swift; path = "operator reader.swift"; sourceTree = "<group>"; };
		4F2B0C6524C0CC4F00664ABB /* formatter.swift */ = {isa = PBXFileReference; lastKnownFileType = sourcecode.swift; path = formatter.swift; sourceTree = "<group>"; };
		4F2B81BE22CCD63E00FD1EB8 /* record coercion.swift */ = {isa = PBXFileReference; lastKnownFileType = sourcecode.swift; path = "record coercion.swift"; sourceTree = "<group>"; };
		4F2BAC3824B6017800107A87 /* block stack.swift */ = {isa = PBXFileReference; lastKnownFileType = sourcecode.swift; path = "block stack.swift"; sourceTree = "<group>"; };
		4F2C4D1624C863420058749A /* pattern value.swift */ = {isa = PBXFileReference; lastKnownFileType = sourcecode.swift; path = "pattern value.swift"; sourceTree = "<group>"; };
		4F2C4D2024C86BD30058749A /* define patterns.swift */ = {isa = PBXFileReference; lastKnownFileType = sourcecode.swift; path = "define patterns.swift"; sourceTree = "<group>"; };
		4F2C4D2224C8C0A40058749A /* handler glue.swift */ = {isa = PBXFileReference; lastKnownFileType = sourcecode.swift; path = "handler glue.swift"; sourceTree = "<group>"; };
		4F2C4D2824C8DC910058749A /* gluelib_constants.swift */ = {isa = PBXFileReference; lastKnownFileType = sourcecode.swift; path = gluelib_constants.swift; sourceTree = "<group>"; };
		4F2C4D2A24C8F5CB0058749A /* stdlib_operators.swift */ = {isa = PBXFileReference; fileEncoding = 4; lastKnownFileType = sourcecode.swift; path = stdlib_operators.swift; sourceTree = "<group>"; };
		4F2C4D2B24C8F5CC0058749A /* stdlib_handlers.swift */ = {isa = PBXFileReference; fileEncoding = 4; lastKnownFileType = sourcecode.swift; path = stdlib_handlers.swift; sourceTree = "<group>"; };
		4F2C4D3024C977C00058749A /* std state.iris-glue */ = {isa = PBXFileReference; lastKnownFileType = text; path = "std state.iris-glue"; sourceTree = "<group>"; };
		4F2C4D3124C977C00058749A /* std control.iris-glue */ = {isa = PBXFileReference; lastKnownFileType = text; path = "std control.iris-glue"; sourceTree = "<group>"; };
		4F2C4D3224C977C00058749A /* std text.iris-glue */ = {isa = PBXFileReference; lastKnownFileType = text; path = "std text.iris-glue"; sourceTree = "<group>"; };
		4F2C4D3324C977C00058749A /* std general.iris-glue */ = {isa = PBXFileReference; lastKnownFileType = text; path = "std general.iris-glue"; sourceTree = "<group>"; };
		4F2C4D3424C977C00058749A /* std math.iris-glue */ = {isa = PBXFileReference; lastKnownFileType = text; path = "std math.iris-glue"; sourceTree = "<group>"; };
		4F2C4D3724C97BAA0058749A /* ae chunk.iris-glue */ = {isa = PBXFileReference; lastKnownFileType = text; path = "ae chunk.iris-glue"; sourceTree = "<group>"; };
		4F2D2ADE245AFDCE005F3709 /* parser.swift */ = {isa = PBXFileReference; lastKnownFileType = sourcecode.swift; path = parser.swift; sourceTree = "<group>"; };
		4F345E9F24C38C7900532054 /* quote reader.swift */ = {isa = PBXFileReference; lastKnownFileType = sourcecode.swift; path = "quote reader.swift"; sourceTree = "<group>"; };
		4F409193231876E600045E85 /* range clause.swift */ = {isa = PBXFileReference; lastKnownFileType = sourcecode.swift; path = "range clause.swift"; sourceTree = "<group>"; };
		4F409195231904C900045E85 /* handler stub template.swift */ = {isa = PBXFileReference; lastKnownFileType = sourcecode.swift; path = "handler stub template.swift"; sourceTree = "<group>"; };
		4F46A41923225975008E0265 /* native app data.swift */ = {isa = PBXFileReference; fileEncoding = 4; lastKnownFileType = sourcecode.swift; path = "native app data.swift"; sourceTree = "<group>"; };
		4F46A41B232259FB008E0265 /* keyword converter.swift */ = {isa = PBXFileReference; fileEncoding = 4; lastKnownFileType = sourcecode.swift; path = "keyword converter.swift"; sourceTree = "<group>"; };
		4F5B24AE231405B8001C1941 /* swift literal.swift */ = {isa = PBXFileReference; fileEncoding = 4; lastKnownFileType = sourcecode.swift; path = "swift literal.swift"; sourceTree = "<group>"; };
		4F5B24B123150C52001C1941 /* operator glue template.swift */ = {isa = PBXFileReference; lastKnownFileType = sourcecode.swift; path = "operator glue template.swift"; sourceTree = "<group>"; };
		4F5B24B323156A8F001C1941 /* std text.swift */ = {isa = PBXFileReference; fileEncoding = 4; lastKnownFileType = sourcecode.swift; path = "std text.swift"; sourceTree = "<group>"; };
		4F5B24CD23165870001C1941 /* std control.swift */ = {isa = PBXFileReference; fileEncoding = 4; lastKnownFileType = sourcecode.swift; path = "std control.swift"; sourceTree = "<group>"; };
		4F731D2E23254869008700C6 /* result descriptor.swift */ = {isa = PBXFileReference; fileEncoding = 4; lastKnownFileType = sourcecode.swift; path = "result descriptor.swift"; sourceTree = "<group>"; };
		4F84CFFD22ADA0F200C9FD23 /* iris-test */ = {isa = PBXFileReference; explicitFileType = "compiled.mach-o.executable"; includeInIndex = 0; path = "iris-test"; sourceTree = BUILT_PRODUCTS_DIR; };
		4F84D00022ADA0F200C9FD23 /* main.swift */ = {isa = PBXFileReference; lastKnownFileType = sourcecode.swift; path = main.swift; sourceTree = "<group>"; };
		4F84D00722ADA12A00C9FD23 /* value protocols.swift */ = {isa = PBXFileReference; lastKnownFileType = sourcecode.swift; path = "value protocols.swift"; sourceTree = "<group>"; };
		4F84D00922ADA13700C9FD23 /* coercion protocols.swift */ = {isa = PBXFileReference; lastKnownFileType = sourcecode.swift; path = "coercion protocols.swift"; sourceTree = "<group>"; };
		4F84D00B22ADA1AF00C9FD23 /* environment.swift */ = {isa = PBXFileReference; lastKnownFileType = sourcecode.swift; path = environment.swift; sourceTree = "<group>"; };
		4F84D00F22AE7E2500C9FD23 /* command.swift */ = {isa = PBXFileReference; lastKnownFileType = sourcecode.swift; path = command.swift; sourceTree = "<group>"; };
		4F84D01122AE7E2C00C9FD23 /* handler protocols.swift */ = {isa = PBXFileReference; lastKnownFileType = sourcecode.swift; path = "handler protocols.swift"; sourceTree = "<group>"; };
		4F84D01322AE7EEA00C9FD23 /* block.swift */ = {isa = PBXFileReference; lastKnownFileType = sourcecode.swift; path = block.swift; sourceTree = "<group>"; };
		4F84D01522AE819000C9FD23 /* errors.swift */ = {isa = PBXFileReference; lastKnownFileType = sourcecode.swift; path = errors.swift; sourceTree = "<group>"; };
		4F857700230C9247002B47F2 /* stdlib_constants.swift */ = {isa = PBXFileReference; fileEncoding = 4; lastKnownFileType = sourcecode.swift; path = stdlib_constants.swift; sourceTree = "<group>"; };
		4F857702230D34AE002B47F2 /* std state.swift */ = {isa = PBXFileReference; fileEncoding = 4; lastKnownFileType = sourcecode.swift; path = "std state.swift"; sourceTree = "<group>"; };
		4F877A5924BD90A90067A463 /* libedit.tbd */ = {isa = PBXFileReference; lastKnownFileType = "sourcecode.text-based-dylib-definition"; name = libedit.tbd; path = usr/lib/libedit.tbd; sourceTree = SDKROOT; };
		4F877A6224BD97730067A463 /* iris-shell-Bridging-Header.h */ = {isa = PBXFileReference; lastKnownFileType = sourcecode.c.h; path = "iris-shell-Bridging-Header.h"; sourceTree = "<group>"; };
		4F877A6724BD995F0067A463 /* iris-shell.c */ = {isa = PBXFileReference; lastKnownFileType = sourcecode.c.c; path = "iris-shell.c"; sourceTree = "<group>"; };
		4F8C405B24BB9C1400735273 /* README.md */ = {isa = PBXFileReference; lastKnownFileType = net.daringfireball.markdown; path = README.md; sourceTree = "<group>"; };
		4F8C407224BCC02200735273 /* iris-shell */ = {isa = PBXFileReference; explicitFileType = "compiled.mach-o.executable"; includeInIndex = 0; path = "iris-shell"; sourceTree = BUILT_PRODUCTS_DIR; };
		4F8C407424BCC02200735273 /* main.swift */ = {isa = PBXFileReference; lastKnownFileType = sourcecode.swift; path = main.swift; sourceTree = "<group>"; };
		4F988CB624BCC4D700EE66C7 /* libiris.a */ = {isa = PBXFileReference; explicitFileType = archive.ar; includeInIndex = 0; path = libiris.a; sourceTree = BUILT_PRODUCTS_DIR; };
		4F988CBF24BCC57E00EE66C7 /* main.swift */ = {isa = PBXFileReference; lastKnownFileType = sourcecode.swift; path = main.swift; sourceTree = "<group>"; };
		4F988D0824BCC62C00EE66C7 /* libAppleEvents.a */ = {isa = PBXFileReference; explicitFileType = archive.ar; path = libAppleEvents.a; sourceTree = BUILT_PRODUCTS_DIR; };
		4F988D1024BCEA5C00EE66C7 /* commands.swift */ = {isa = PBXFileReference; lastKnownFileType = sourcecode.swift; path = commands.swift; sourceTree = "<group>"; };
		4FAF5F44231E817A0082FB6F /* reference.swift */ = {isa = PBXFileReference; lastKnownFileType = sourcecode.swift; path = reference.swift; sourceTree = "<group>"; };
		4FB53941246FF69B0040B520 /* pattern match.swift */ = {isa = PBXFileReference; lastKnownFileType = sourcecode.swift; path = "pattern match.swift"; sourceTree = "<group>"; };
		4FB53943246FF6DF0040B520 /* operator definitions.swift */ = {isa = PBXFileReference; lastKnownFileType = sourcecode.swift; path = "operator definitions.swift"; sourceTree = "<group>"; };
		4FC5C7F7230F380E007D694C /* handler coercions.swift */ = {isa = PBXFileReference; lastKnownFileType = sourcecode.swift; path = "handler coercions.swift"; sourceTree = "<group>"; };
		4FC5C7FA23109824007D694C /* gluelib_handlers.swift */ = {isa = PBXFileReference; lastKnownFileType = sourcecode.swift; path = gluelib_handlers.swift; sourceTree = "<group>"; };
		4FC5C7FB23109826007D694C /* gluelib_operators.swift */ = {isa = PBXFileReference; lastKnownFileType = sourcecode.swift; path = gluelib_operators.swift; sourceTree = "<group>"; };
		4FC5C7FC23110B1F007D694C /* quote document reader.swift */ = {isa = PBXFileReference; lastKnownFileType = sourcecode.swift; path = "quote document reader.swift"; sourceTree = "<group>"; };
		4FC5C7FE23110B76007D694C /* name readers.swift */ = {isa = PBXFileReference; lastKnownFileType = sourcecode.swift; path = "name readers.swift"; sourceTree = "<group>"; };
		4FC5C81B23129BCC007D694C /* handler glue template.swift */ = {isa = PBXFileReference; fileEncoding = 4; lastKnownFileType = sourcecode.swift; path = "handler glue template.swift"; sourceTree = "<group>"; };
		4FC5C81C23129BCC007D694C /* define handler glue.swift */ = {isa = PBXFileReference; fileEncoding = 4; lastKnownFileType = sourcecode.swift; path = "define handler glue.swift"; sourceTree = "<group>"; };
		4FC5C81D23129BCC007D694C /* texttemplate.swift */ = {isa = PBXFileReference; fileEncoding = 4; lastKnownFileType = sourcecode.swift; path = texttemplate.swift; sourceTree = "<group>"; };
		4FC5C8232312A06C007D694C /* notes.txt */ = {isa = PBXFileReference; lastKnownFileType = text; path = notes.txt; sourceTree = "<group>"; };
		4FC5C825231316D9007D694C /* unicode reader.swift */ = {isa = PBXFileReference; lastKnownFileType = sourcecode.swift; path = "unicode reader.swift"; sourceTree = "<group>"; };
		4FD41C1424BE487D00B56A14 /* incremental parser.swift */ = {isa = PBXFileReference; lastKnownFileType = sourcecode.swift; path = "incremental parser.swift"; sourceTree = "<group>"; };
		4FD41C1B24BE614600B56A14 /* null token stream.swift */ = {isa = PBXFileReference; lastKnownFileType = sourcecode.swift; path = "null token stream.swift"; sourceTree = "<group>"; };
		4FDAE7B1232B9F31005197DE /* reference coercions.swift */ = {isa = PBXFileReference; lastKnownFileType = sourcecode.swift; path = "reference coercions.swift"; sourceTree = "<group>"; };
		4FE5502424C035D500509806 /* iris-glue */ = {isa = PBXFileReference; explicitFileType = "compiled.mach-o.executable"; includeInIndex = 0; path = "iris-glue"; sourceTree = BUILT_PRODUCTS_DIR; };
		4FE5502624C035D500509806 /* main.swift */ = {isa = PBXFileReference; lastKnownFileType = sourcecode.swift; path = main.swift; sourceTree = "<group>"; };
		4FE5503F24C06B9600509806 /* render glue.swift */ = {isa = PBXFileReference; lastKnownFileType = sourcecode.swift; path = "render glue.swift"; sourceTree = "<group>"; };
		4FE5504224C06EFC00509806 /* opaque value.swift */ = {isa = PBXFileReference; lastKnownFileType = sourcecode.swift; path = "opaque value.swift"; sourceTree = "<group>"; };
		4FE5504624C080EE00509806 /* stdlib stubs.swift */ = {isa = PBXFileReference; lastKnownFileType = sourcecode.swift; path = "stdlib stubs.swift"; sourceTree = "<group>"; };
		4FE78455246AB15E006AC859 /* pattern.swift */ = {isa = PBXFileReference; lastKnownFileType = sourcecode.swift; path = pattern.swift; sourceTree = "<group>"; };
		4FE7845C246AB1CC006AC859 /* pattern definition.swift */ = {isa = PBXFileReference; lastKnownFileType = sourcecode.swift; path = "pattern definition.swift"; sourceTree = "<group>"; };
		4FE7845E246AB298006AC859 /* keyword.swift */ = {isa = PBXFileReference; lastKnownFileType = sourcecode.swift; path = keyword.swift; sourceTree = "<group>"; };
		4FFC6F2422D6818000D636B9 /* base lexer.swift */ = {isa = PBXFileReference; lastKnownFileType = sourcecode.swift; path = "base lexer.swift"; sourceTree = "<group>"; };
		4FFC6F2922D7704D00D636B9 /* access protocols.swift */ = {isa = PBXFileReference; lastKnownFileType = sourcecode.swift; path = "access protocols.swift"; sourceTree = "<group>"; };
/* End PBXFileReference section */

/* Begin PBXFrameworksBuildPhase section */
		4F84CFFA22ADA0F200C9FD23 /* Frameworks */ = {
			isa = PBXFrameworksBuildPhase;
			buildActionMask = 2147483647;
			files = (
				4F877A6B24BDBB4E0067A463 /* libiris.a in Frameworks */,
			);
			runOnlyForDeploymentPostprocessing = 0;
		};
		4F8C406F24BCC02200735273 /* Frameworks */ = {
			isa = PBXFrameworksBuildPhase;
			buildActionMask = 2147483647;
			files = (
				4F877A6C24BDBD7C0067A463 /* libiris.a in Frameworks */,
				4F877A6624BD97D10067A463 /* libedit.tbd in Frameworks */,
			);
			runOnlyForDeploymentPostprocessing = 0;
		};
		4F988CB424BCC4D700EE66C7 /* Frameworks */ = {
			isa = PBXFrameworksBuildPhase;
			buildActionMask = 2147483647;
			files = (
				4F877A5E24BD90A90067A463 /* libedit.tbd in Frameworks */,
				4F988D0924BCC62C00EE66C7 /* libAppleEvents.a in Frameworks */,
				4F988D0A24BCC62C00EE66C7 /* libSwiftAutomation.a in Frameworks */,
			);
			runOnlyForDeploymentPostprocessing = 0;
		};
		4FE5502124C035D500509806 /* Frameworks */ = {
			isa = PBXFrameworksBuildPhase;
			buildActionMask = 2147483647;
			files = (
				4FE5503124C0387E00509806 /* libiris.a in Frameworks */,
			);
			runOnlyForDeploymentPostprocessing = 0;
		};
/* End PBXFrameworksBuildPhase section */

/* Begin PBXGroup section */
		4F1EA48B22B4E71300FFA4D2 /* values */ = {
			isa = PBXGroup;
			children = (
				4F84D00722ADA12A00C9FD23 /* value protocols.swift */,
				4F27087722D9E58C009F40B2 /* scalars */,
				4F27087922D9E608009F40B2 /* collections */,
				4F26066022C017AC0036D904 /* commands */,
				4F27087822D9E5D2009F40B2 /* other */,
				4F26065922C015D50036D904 /* handlers */,
				4F26065522C0158C0036D904 /* value modifiers.swift */,
			);
			path = values;
			sourceTree = "<group>";
		};
		4F1EA48C22B4E72F00FFA4D2 /* coercions */ = {
			isa = PBXGroup;
			children = (
				4F84D00922ADA13700C9FD23 /* coercion protocols.swift */,
				4F1EA48022B2793800FFA4D2 /* scalar coercions.swift */,
				4F1EA48222B2794400FFA4D2 /* collection coercions.swift */,
				4F2B81BE22CCD63E00FD1EB8 /* record coercion.swift */,
				4F1EA48F22B4E8D700FFA4D2 /* complex coercions.swift */,
				4FC5C7F7230F380E007D694C /* handler coercions.swift */,
				4F1EA48D22B4E7C200FFA4D2 /* coercion modifiers.swift */,
			);
			path = coercions;
			sourceTree = "<group>";
		};
		4F25506022EA384F00B7034F /* lexer */ = {
			isa = PBXGroup;
			children = (
				4F25553C22E5D3DE002FAE5E /* characters.swift */,
				4F2694D622DF5607009B8FC0 /* token.swift */,
				4FFC6F2422D6818000D636B9 /* base lexer.swift */,
			);
			name = lexer;
			sourceTree = "<group>";
		};
		4F257CCA22BACB0D00A51CF5 /* chunk expressions */ = {
			isa = PBXGroup;
			children = (
				4FAF5F44231E817A0082FB6F /* reference.swift */,
				4F2594002324E58400B57593 /* reference selectors.swift */,
				4F409193231876E600045E85 /* range clause.swift */,
				4F2503DF232BF8A700C8BDD0 /* test clause.swift */,
				4F2503E6232BF96800C8BDD0 /* test clause selectors.swift */,
				4FDAE7B1232B9F31005197DE /* reference coercions.swift */,
				4F25FB8622B68530007EE7AE /* query funcs.swift */,
			);
			path = "chunk expressions";
			sourceTree = "<group>";
		};
		4F25FB8822B6AC57007EE7AE /* stdlib */ = {
			isa = PBXGroup;
			children = (
				4F2C4D2F24C977C00058749A /* stdlib.iris-glue */,
				4F282D5424AE55A80027D6DE /* handlers */,
				4F5B24D623171E55001C1941 /* glues */,
			);
			path = stdlib;
			sourceTree = "<group>";
		};
		4F26065922C015D50036D904 /* handlers */ = {
			isa = PBXGroup;
			children = (
				4F84D01122AE7E2C00C9FD23 /* handler protocols.swift */,
				4F26065A22C015F10036D904 /* handler interface.swift */,
				4F26065C22C0161D0036D904 /* native handler.swift */,
				4F26065E22C016570036D904 /* primitive handler.swift */,
			);
			name = handlers;
			sourceTree = "<group>";
		};
		4F26066022C017AC0036D904 /* commands */ = {
			isa = PBXGroup;
			children = (
				4F84D00F22AE7E2500C9FD23 /* command.swift */,
				4F26066122C017EF0036D904 /* command bindings.swift */,
			);
			name = commands;
			sourceTree = "<group>";
		};
		4F27087722D9E58C009F40B2 /* scalars */ = {
			isa = PBXGroup;
			children = (
				4F1EA48622B27B8D00FFA4D2 /* text.swift */,
				4F25FB8422B64B58007EE7AE /* numeric.swift */,
			);
			name = scalars;
			sourceTree = "<group>";
		};
		4F27087822D9E5D2009F40B2 /* other */ = {
			isa = PBXGroup;
			children = (
				4F1EA48422B279B500FFA4D2 /* atoms.swift */,
				4F26065722C015A30036D904 /* symbol.swift */,
				4FE5504224C06EFC00509806 /* opaque value.swift */,
			);
			name = other;
			sourceTree = "<group>";
		};
		4F27087922D9E608009F40B2 /* collections */ = {
			isa = PBXGroup;
			children = (
				4F1EA48822B2888400FFA4D2 /* ordered list.swift */,
				4F27087522D9E584009F40B2 /* keyed list.swift */,
				4F26065322BECD7B0036D904 /* record.swift */,
				4F84D01322AE7EEA00C9FD23 /* block.swift */,
			);
			name = collections;
			sourceTree = "<group>";
		};
		4F282D5424AE55A80027D6DE /* handlers */ = {
			isa = PBXGroup;
			children = (
				4F25FB8922B6AC82007EE7AE /* std general.swift */,
				4F257CCB22BAD1FA00A51CF5 /* std math.swift */,
				4F5B24B323156A8F001C1941 /* std text.swift */,
				4F5B24CD23165870001C1941 /* std control.swift */,
				4F857702230D34AE002B47F2 /* std state.swift */,
			);
			name = handlers;
			sourceTree = "<group>";
		};
		4F2832452474848C004C9CE5 /* pattern matching */ = {
			isa = PBXGroup;
			children = (
				4FE7845E246AB298006AC859 /* keyword.swift */,
				4FE78455246AB15E006AC859 /* pattern.swift */,
				4FB53941246FF69B0040B520 /* pattern match.swift */,
				4FE7845C246AB1CC006AC859 /* pattern definition.swift */,
				4F2876B32471A35A0012E692 /* standard patterns.swift */,
				4F28C40724731F750079301A /* standard reducers.swift */,
			);
			name = "pattern matching";
			sourceTree = "<group>";
		};
		4F28388E24B8C4D80054C70E /* Products */ = {
			isa = PBXGroup;
			children = (
				4F28389824B8C4D80054C70E /* SwiftAutomation.framework */,
				4F28389A24B8C4D80054C70E /* libSwiftAutomation.a */,
				4F28389C24B8C4D80054C70E /* aeglue */,
				4F28389E24B8C4D80054C70E /* test */,
				4F2838A024B8C4D80054C70E /* MacOSGlues.framework */,
				4F2838A224B8C4D80054C70E /* SwiftAutomationLite.framework */,
			);
			name = Products;
			sourceTree = "<group>";
		};
		4F2876BA247295AC0012E692 /* line readers */ = {
			isa = PBXGroup;
			children = (
				4F345E9F24C38C7900532054 /* quote reader.swift */,
				4FC5C7FE23110B76007D694C /* name readers.swift */,
				4F2694D822E061AC009B8FC0 /* numeric reader.swift */,
				4FC5C825231316D9007D694C /* unicode reader.swift */,
				4F29320322E25E7100BC0AD4 /* operator reader.swift */,
				4F29320122E23AD700BC0AD4 /* other line readers.swift */,
			);
			name = "line readers";
			sourceTree = "<group>";
		};
		4F2876BB247295BD0012E692 /* document readers */ = {
			isa = PBXGroup;
			children = (
				4F25506422EA38F500B7034F /* token stream.swift */,
				4FC5C7FC23110B1F007D694C /* quote document reader.swift */,
				4FD41C1B24BE614600B56A14 /* null token stream.swift */,
			);
			name = "document readers";
			sourceTree = "<group>";
		};
		4F2B0C5F24C0CC3800664ABB /* pretty printer */ = {
			isa = PBXGroup;
			children = (
				4F2B0C6524C0CC4F00664ABB /* formatter.swift */,
			);
			path = "pretty printer";
			sourceTree = "<group>";
		};
		4F2C4D1F24C8690A0058749A /* handlers */ = {
			isa = PBXGroup;
			children = (
				4FC5C81C23129BCC007D694C /* define handler glue.swift */,
				4F2C4D2024C86BD30058749A /* define patterns.swift */,
			);
			name = handlers;
			sourceTree = "<group>";
		};
		4F2C4D2F24C977C00058749A /* stdlib.iris-glue */ = {
			isa = PBXGroup;
			children = (
				4F2C4D3324C977C00058749A /* std general.iris-glue */,
				4F2C4D3424C977C00058749A /* std math.iris-glue */,
				4F2C4D3224C977C00058749A /* std text.iris-glue */,
				4F2C4D3124C977C00058749A /* std control.iris-glue */,
				4F2C4D3024C977C00058749A /* std state.iris-glue */,
				4F2C4D3724C97BAA0058749A /* ae chunk.iris-glue */,
			);
			path = "stdlib.iris-glue";
			sourceTree = "<group>";
		};
		4F2D2ADD245AFDA7005F3709 /* parser */ = {
			isa = PBXGroup;
			children = (
				4F28F28E24A5F88200DA62C4 /* token stack.swift */,
				4F2BAC3824B6017800107A87 /* block stack.swift */,
				4F28323E2474712C004C9CE5 /* reduce commands.swift */,
				4F282D5524AEFF470027D6DE /* reduce expressions.swift */,
				4F2D2ADE245AFDCE005F3709 /* parser.swift */,
				4F2931FF22E2290B00BC0AD4 /* editable script.swift */,
				4FD41C1424BE487D00B56A14 /* incremental parser.swift */,
			);
			name = parser;
			sourceTree = "<group>";
		};
		4F46A415232258E6008E0265 /* Frameworks */ = {
			isa = PBXGroup;
			children = (
				4F877A5924BD90A90067A463 /* libedit.tbd */,
				4F988D0824BCC62C00EE66C7 /* libAppleEvents.a */,
				4F08503923229BC600F0BEAB /* AppleEvents.framework */,
			);
			name = Frameworks;
			sourceTree = "<group>";
		};
		4F46A41D23225A14008E0265 /* aelib */ = {
			isa = PBXGroup;
			children = (
				4F257CCA22BACB0D00A51CF5 /* chunk expressions */,
				4F46A41923225975008E0265 /* native app data.swift */,
				4F731D2E23254869008700C6 /* result descriptor.swift */,
				4F46A41B232259FB008E0265 /* keyword converter.swift */,
			);
			path = aelib;
			sourceTree = "<group>";
		};
		4F5B24B0231405C8001C1941 /* formatting */ = {
			isa = PBXGroup;
			children = (
				4F5B24AE231405B8001C1941 /* swift literal.swift */,
			);
			path = formatting;
			sourceTree = "<group>";
		};
		4F5B24D623171E55001C1941 /* glues */ = {
			isa = PBXGroup;
			children = (
				4FE5504624C080EE00509806 /* stdlib stubs.swift */,
				4F2C4D2B24C8F5CC0058749A /* stdlib_handlers.swift */,
				4F2C4D2A24C8F5CB0058749A /* stdlib_operators.swift */,
				4F857700230C9247002B47F2 /* stdlib_constants.swift */,
			);
			path = glues;
			sourceTree = "<group>";
		};
		4F84CFF422ADA0F100C9FD23 = {
			isa = PBXGroup;
			children = (
				4F8C405B24BB9C1400735273 /* README.md */,
				4FC5C8232312A06C007D694C /* notes.txt */,
				4F28388D24B8C4D80054C70E /* SwiftAutomation.xcodeproj */,
				4F8C407324BCC02200735273 /* iris-shell */,
				4FE5502524C035D500509806 /* iris-glue */,
				4F84CFFF22ADA0F200C9FD23 /* iris-test */,
				4F988CB724BCC4D700EE66C7 /* libiris */,
				4F84CFFE22ADA0F200C9FD23 /* Products */,
				4F46A415232258E6008E0265 /* Frameworks */,
			);
			sourceTree = "<group>";
		};
		4F84CFFE22ADA0F200C9FD23 /* Products */ = {
			isa = PBXGroup;
			children = (
				4F84CFFD22ADA0F200C9FD23 /* iris-test */,
				4F8C407224BCC02200735273 /* iris-shell */,
				4F988CB624BCC4D700EE66C7 /* libiris.a */,
				4FE5502424C035D500509806 /* iris-glue */,
			);
			name = Products;
			sourceTree = "<group>";
		};
		4F84CFFF22ADA0F200C9FD23 /* iris-test */ = {
			isa = PBXGroup;
			children = (
				4F28B59624ACE1C2005583C7 /* tests.swift */,
				4F28B59424ACDF44005583C7 /* misc tests.swift */,
				4F84D00022ADA0F200C9FD23 /* main.swift */,
			);
			path = "iris-test";
			sourceTree = "<group>";
		};
		4F8C407324BCC02200735273 /* iris-shell */ = {
			isa = PBXGroup;
			children = (
				4F8C407424BCC02200735273 /* main.swift */,
				4F988D1024BCEA5C00EE66C7 /* commands.swift */,
				4F877A6224BD97730067A463 /* iris-shell-Bridging-Header.h */,
				4F877A6724BD995F0067A463 /* iris-shell.c */,
			);
			path = "iris-shell";
			sourceTree = "<group>";
		};
		4F988CB724BCC4D700EE66C7 /* libiris */ = {
			isa = PBXGroup;
			children = (
				4F988CBF24BCC57E00EE66C7 /* main.swift */,
				4F2B0C5F24C0CC3800664ABB /* pretty printer */,
				4FFC6F2322D6816F00D636B9 /* parser */,
				4F1EA48B22B4E71300FFA4D2 /* values */,
				4F1EA48C22B4E72F00FFA4D2 /* coercions */,
				4FFC6F2822D7703000D636B9 /* scopes */,
				4F5B24B0231405C8001C1941 /* formatting */,
				4F84D01522AE819000C9FD23 /* errors.swift */,
				4F25FB8822B6AC57007EE7AE /* stdlib */,
				4F46A41D23225A14008E0265 /* aelib */,
			);
			path = libiris;
			sourceTree = "<group>";
		};
		4FB53940246FF66F0040B520 /* operator definitions */ = {
			isa = PBXGroup;
			children = (
				4FB53943246FF6DF0040B520 /* operator definitions.swift */,
				4F25553A22E5053E002FAE5E /* operator registry.swift */,
			);
			name = "operator definitions";
			sourceTree = "<group>";
		};
		4FC5C7F9231097FE007D694C /* gluelib */ = {
			isa = PBXGroup;
			children = (
				4F2C4D2224C8C0A40058749A /* handler glue.swift */,
				4FE5503F24C06B9600509806 /* render glue.swift */,
				4F2C4D1624C863420058749A /* pattern value.swift */,
				4FE5503B24C0396900509806 /* templates */,
				4F2C4D1F24C8690A0058749A /* handlers */,
				4FE5503E24C064B600509806 /* glues */,
				4FC5C8242312B8FA007D694C /* support */,
			);
			path = gluelib;
			sourceTree = "<group>";
		};
		4FC5C8242312B8FA007D694C /* support */ = {
			isa = PBXGroup;
			children = (
				4FC5C81D23129BCC007D694C /* texttemplate.swift */,
			);
			name = support;
			sourceTree = "<group>";
		};
		4FE5502524C035D500509806 /* iris-glue */ = {
			isa = PBXGroup;
			children = (
				4FE5502624C035D500509806 /* main.swift */,
				4FC5C7F9231097FE007D694C /* gluelib */,
			);
			path = "iris-glue";
			sourceTree = "<group>";
		};
		4FE5503B24C0396900509806 /* templates */ = {
			isa = PBXGroup;
			children = (
				4FC5C81B23129BCC007D694C /* handler glue template.swift */,
				4F409195231904C900045E85 /* handler stub template.swift */,
				4F5B24B123150C52001C1941 /* operator glue template.swift */,
			);
			name = templates;
			sourceTree = "<group>";
		};
		4FE5503E24C064B600509806 /* glues */ = {
			isa = PBXGroup;
			children = (
				4FC5C7FA23109824007D694C /* gluelib_handlers.swift */,
				4FC5C7FB23109826007D694C /* gluelib_operators.swift */,
				4F2C4D2824C8DC910058749A /* gluelib_constants.swift */,
			);
			name = glues;
			sourceTree = "<group>";
		};
		4FFC6F2322D6816F00D636B9 /* parser */ = {
			isa = PBXGroup;
			children = (
				4F2694DA22E06D24009B8FC0 /* parser protocols.swift */,
				4F25506022EA384F00B7034F /* lexer */,
				4F2876BA247295AC0012E692 /* line readers */,
				4F2876BB247295BD0012E692 /* document readers */,
				4F2832452474848C004C9CE5 /* pattern matching */,
				4FB53940246FF66F0040B520 /* operator definitions */,
				4F2D2ADD245AFDA7005F3709 /* parser */,
			);
			path = parser;
			sourceTree = "<group>";
		};
		4FFC6F2822D7703000D636B9 /* scopes */ = {
			isa = PBXGroup;
			children = (
				4FFC6F2922D7704D00D636B9 /* access protocols.swift */,
				4F84D00B22ADA1AF00C9FD23 /* environment.swift */,
			);
			path = scopes;
			sourceTree = "<group>";
		};
/* End PBXGroup section */

/* Begin PBXHeadersBuildPhase section */
		4F988CB224BCC4D700EE66C7 /* Headers */ = {
			isa = PBXHeadersBuildPhase;
			buildActionMask = 2147483647;
			files = (
			);
			runOnlyForDeploymentPostprocessing = 0;
		};
/* End PBXHeadersBuildPhase section */

/* Begin PBXNativeTarget section */
		4F84CFFC22ADA0F200C9FD23 /* iris-test */ = {
			isa = PBXNativeTarget;
			buildConfigurationList = 4F84D00422ADA0F200C9FD23 /* Build configuration list for PBXNativeTarget "iris-test" */;
			buildPhases = (
				4F84CFF922ADA0F200C9FD23 /* Sources */,
				4F84CFFA22ADA0F200C9FD23 /* Frameworks */,
				4F84CFFB22ADA0F200C9FD23 /* CopyFiles */,
			);
			buildRules = (
			);
			dependencies = (
				4F877A6A24BDBB430067A463 /* PBXTargetDependency */,
			);
			name = "iris-test";
			productName = "iris-lang";
			productReference = 4F84CFFD22ADA0F200C9FD23 /* iris-test */;
			productType = "com.apple.product-type.tool";
		};
		4F8C407124BCC02200735273 /* iris-shell */ = {
			isa = PBXNativeTarget;
			buildConfigurationList = 4F8C407D24BCC02200735273 /* Build configuration list for PBXNativeTarget "iris-shell" */;
			buildPhases = (
				4F8C406E24BCC02200735273 /* Sources */,
				4F8C406F24BCC02200735273 /* Frameworks */,
				4F8C407024BCC02200735273 /* CopyFiles */,
			);
			buildRules = (
			);
			dependencies = (
				4F877A6E24BDBD840067A463 /* PBXTargetDependency */,
			);
			name = "iris-shell";
			productName = iris;
			productReference = 4F8C407224BCC02200735273 /* iris-shell */;
			productType = "com.apple.product-type.tool";
		};
		4F988CB524BCC4D700EE66C7 /* libiris */ = {
			isa = PBXNativeTarget;
			buildConfigurationList = 4F988CBC24BCC4D700EE66C7 /* Build configuration list for PBXNativeTarget "libiris" */;
			buildPhases = (
				4F988CB224BCC4D700EE66C7 /* Headers */,
				4F988CB324BCC4D700EE66C7 /* Sources */,
				4F988CB424BCC4D700EE66C7 /* Frameworks */,
			);
			buildRules = (
			);
			dependencies = (
				4FFD83C124BCF01B00E5E28A /* PBXTargetDependency */,
			);
			name = libiris;
			productName = libIris;
			productReference = 4F988CB624BCC4D700EE66C7 /* libiris.a */;
			productType = "com.apple.product-type.library.static";
		};
		4FE5502324C035D500509806 /* iris-glue */ = {
			isa = PBXNativeTarget;
			buildConfigurationList = 4FE5502F24C035D500509806 /* Build configuration list for PBXNativeTarget "iris-glue" */;
			buildPhases = (
				4FE5502024C035D500509806 /* Sources */,
				4FE5502124C035D500509806 /* Frameworks */,
				4FE5502224C035D500509806 /* CopyFiles */,
			);
			buildRules = (
			);
			dependencies = (
				4FE5503324C0388300509806 /* PBXTargetDependency */,
			);
			name = "iris-glue";
			productName = "iris-glue";
			productReference = 4FE5502424C035D500509806 /* iris-glue */;
			productType = "com.apple.product-type.tool";
		};
/* End PBXNativeTarget section */

/* Begin PBXProject section */
		4F84CFF522ADA0F100C9FD23 /* Project object */ = {
			isa = PBXProject;
			attributes = {
				LastSwiftUpdateCheck = 1130;
				LastUpgradeCheck = 1130;
				TargetAttributes = {
					4F84CFFC22ADA0F200C9FD23 = {
						CreatedOnToolsVersion = 10.2.1;
					};
					4F8C407124BCC02200735273 = {
						CreatedOnToolsVersion = 11.3.1;
						LastSwiftMigration = 1130;
					};
					4F988CB524BCC4D700EE66C7 = {
						CreatedOnToolsVersion = 11.3.1;
						LastSwiftMigration = 1130;
					};
					4FE5502324C035D500509806 = {
						CreatedOnToolsVersion = 11.3.1;
					};
				};
			};
			buildConfigurationList = 4F84CFF822ADA0F100C9FD23 /* Build configuration list for PBXProject "iris-script" */;
			compatibilityVersion = "Xcode 9.3";
			developmentRegion = en;
			hasScannedForEncodings = 0;
			knownRegions = (
				en,
				Base,
			);
			mainGroup = 4F84CFF422ADA0F100C9FD23;
			productRefGroup = 4F84CFFE22ADA0F200C9FD23 /* Products */;
			projectDirPath = "";
			projectReferences = (
				{
					ProductGroup = 4F28388E24B8C4D80054C70E /* Products */;
					ProjectRef = 4F28388D24B8C4D80054C70E /* SwiftAutomation.xcodeproj */;
				},
			);
			projectRoot = "";
			targets = (
				4F8C407124BCC02200735273 /* iris-shell */,
				4F988CB524BCC4D700EE66C7 /* libiris */,
				4F84CFFC22ADA0F200C9FD23 /* iris-test */,
				4FE5502324C035D500509806 /* iris-glue */,
			);
		};
/* End PBXProject section */

/* Begin PBXReferenceProxy section */
		4F28389824B8C4D80054C70E /* SwiftAutomation.framework */ = {
			isa = PBXReferenceProxy;
			fileType = wrapper.framework;
			path = SwiftAutomation.framework;
			remoteRef = 4F28389724B8C4D80054C70E /* PBXContainerItemProxy */;
			sourceTree = BUILT_PRODUCTS_DIR;
		};
		4F28389A24B8C4D80054C70E /* libSwiftAutomation.a */ = {
			isa = PBXReferenceProxy;
			fileType = archive.ar;
			path = libSwiftAutomation.a;
			remoteRef = 4F28389924B8C4D80054C70E /* PBXContainerItemProxy */;
			sourceTree = BUILT_PRODUCTS_DIR;
		};
		4F28389C24B8C4D80054C70E /* aeglue */ = {
			isa = PBXReferenceProxy;
			fileType = "compiled.mach-o.executable";
			path = aeglue;
			remoteRef = 4F28389B24B8C4D80054C70E /* PBXContainerItemProxy */;
			sourceTree = BUILT_PRODUCTS_DIR;
		};
		4F28389E24B8C4D80054C70E /* test */ = {
			isa = PBXReferenceProxy;
			fileType = "compiled.mach-o.executable";
			path = test;
			remoteRef = 4F28389D24B8C4D80054C70E /* PBXContainerItemProxy */;
			sourceTree = BUILT_PRODUCTS_DIR;
		};
		4F2838A024B8C4D80054C70E /* MacOSGlues.framework */ = {
			isa = PBXReferenceProxy;
			fileType = wrapper.framework;
			path = MacOSGlues.framework;
			remoteRef = 4F28389F24B8C4D80054C70E /* PBXContainerItemProxy */;
			sourceTree = BUILT_PRODUCTS_DIR;
		};
		4F2838A224B8C4D80054C70E /* SwiftAutomationLite.framework */ = {
			isa = PBXReferenceProxy;
			fileType = wrapper.framework;
			path = SwiftAutomationLite.framework;
			remoteRef = 4F2838A124B8C4D80054C70E /* PBXContainerItemProxy */;
			sourceTree = BUILT_PRODUCTS_DIR;
		};
/* End PBXReferenceProxy section */

/* Begin PBXSourcesBuildPhase section */
		4F84CFF922ADA0F200C9FD23 /* Sources */ = {
			isa = PBXSourcesBuildPhase;
			buildActionMask = 2147483647;
			files = (
				4F877A6F24BDC0130067A463 /* tests.swift in Sources */,
				4F877A7024BDC0150067A463 /* misc tests.swift in Sources */,
				4F877A7124BDC0180067A463 /* main.swift in Sources */,
			);
			runOnlyForDeploymentPostprocessing = 0;
		};
		4F8C406E24BCC02200735273 /* Sources */ = {
			isa = PBXSourcesBuildPhase;
			buildActionMask = 2147483647;
			files = (
				4F877A6824BD995F0067A463 /* iris-shell.c in Sources */,
				4F8C407524BCC02200735273 /* main.swift in Sources */,
				4F988D1124BCEA5C00EE66C7 /* commands.swift in Sources */,
			);
			runOnlyForDeploymentPostprocessing = 0;
		};
		4F988CB324BCC4D700EE66C7 /* Sources */ = {
			isa = PBXSourcesBuildPhase;
			buildActionMask = 2147483647;
			files = (
				4F2B0C6624C0CC4F00664ABB /* formatter.swift in Sources */,
				4F988CF624BCC5CB00EE66C7 /* std general.swift in Sources */,
				4F988CF724BCC5CB00EE66C7 /* std math.swift in Sources */,
				4F988CF824BCC5CB00EE66C7 /* std text.swift in Sources */,
				4F988CF924BCC5CC00EE66C7 /* std control.swift in Sources */,
				4F988CFA24BCC5CC00EE66C7 /* std state.swift in Sources */,
				4F988CFD24BCC5CC00EE66C7 /* stdlib_constants.swift in Sources */,
				4F988CFE24BCC5CC00EE66C7 /* reference.swift in Sources */,
				4F988CFF24BCC5CC00EE66C7 /* reference selectors.swift in Sources */,
				4F988D0024BCC5CC00EE66C7 /* range clause.swift in Sources */,
				4F988D0124BCC5CC00EE66C7 /* test clause.swift in Sources */,
				4F988D0224BCC5CC00EE66C7 /* test clause selectors.swift in Sources */,
				4F988D0324BCC5CC00EE66C7 /* reference coercions.swift in Sources */,
				4F345EA024C38C7900532054 /* quote reader.swift in Sources */,
				4F988D0424BCC5CC00EE66C7 /* query funcs.swift in Sources */,
				4F988D0524BCC5CC00EE66C7 /* native app data.swift in Sources */,
				4F988D0624BCC5CC00EE66C7 /* result descriptor.swift in Sources */,
				4F988D0724BCC5CC00EE66C7 /* keyword converter.swift in Sources */,
				4F988CC124BCC5A500EE66C7 /* parser protocols.swift in Sources */,
				4F988CC224BCC5A500EE66C7 /* characters.swift in Sources */,
				4F988CC324BCC5A500EE66C7 /* token.swift in Sources */,
				4F988CC424BCC5A500EE66C7 /* base lexer.swift in Sources */,
				4F988CC524BCC5A500EE66C7 /* name readers.swift in Sources */,
				4F988CC624BCC5A500EE66C7 /* numeric reader.swift in Sources */,
				4F988CC724BCC5A500EE66C7 /* unicode reader.swift in Sources */,
				4F988CC824BCC5A500EE66C7 /* operator reader.swift in Sources */,
				4F988CC924BCC5A500EE66C7 /* other line readers.swift in Sources */,
				4F988CCA24BCC5A500EE66C7 /* token stream.swift in Sources */,
				4F988CCB24BCC5A500EE66C7 /* quote document reader.swift in Sources */,
				4F988CCC24BCC5A500EE66C7 /* keyword.swift in Sources */,
				4F988CCD24BCC5A500EE66C7 /* pattern.swift in Sources */,
				4F988CCE24BCC5A500EE66C7 /* pattern match.swift in Sources */,
				4F988CCF24BCC5A500EE66C7 /* pattern definition.swift in Sources */,
				4F988CD024BCC5A500EE66C7 /* standard patterns.swift in Sources */,
				4F2C4D2D24C8F5CC0058749A /* stdlib_handlers.swift in Sources */,
				4F988CD124BCC5A500EE66C7 /* standard reducers.swift in Sources */,
				4F988CD224BCC5A500EE66C7 /* operator definitions.swift in Sources */,
				4F988CD324BCC5A500EE66C7 /* operator registry.swift in Sources */,
				4F988CD424BCC5A500EE66C7 /* token stack.swift in Sources */,
				4F988CD524BCC5A500EE66C7 /* block stack.swift in Sources */,
				4F988CD624BCC5A500EE66C7 /* reduce commands.swift in Sources */,
				4F988CD724BCC5A500EE66C7 /* reduce expressions.swift in Sources */,
				4F988CD824BCC5A500EE66C7 /* parser.swift in Sources */,
				4F988CD924BCC5A500EE66C7 /* editable script.swift in Sources */,
				4F2F81A024C739CC00EB2F0F /* opaque value.swift in Sources */,
				4F988CDA24BCC5A500EE66C7 /* value protocols.swift in Sources */,
				4F988CDB24BCC5A500EE66C7 /* text.swift in Sources */,
				4F2C4D2C24C8F5CC0058749A /* stdlib_operators.swift in Sources */,
				4F988CDC24BCC5A500EE66C7 /* numeric.swift in Sources */,
				4F988CDD24BCC5A500EE66C7 /* ordered list.swift in Sources */,
				4F988CDE24BCC5A500EE66C7 /* keyed list.swift in Sources */,
				4F988CDF24BCC5A500EE66C7 /* atoms.swift in Sources */,
				4F988CE024BCC5A500EE66C7 /* symbol.swift in Sources */,
				4F988CE224BCC5A500EE66C7 /* record.swift in Sources */,
				4F988CE324BCC5A500EE66C7 /* block.swift in Sources */,
				4F988CE424BCC5A500EE66C7 /* command.swift in Sources */,
				4F988CE524BCC5A500EE66C7 /* command bindings.swift in Sources */,
				4F988CE624BCC5A500EE66C7 /* handler protocols.swift in Sources */,
				4F988CE724BCC5A500EE66C7 /* handler interface.swift in Sources */,
				4F988CE824BCC5A500EE66C7 /* native handler.swift in Sources */,
				4FD41C1C24BE614600B56A14 /* null token stream.swift in Sources */,
				4F988CE924BCC5A500EE66C7 /* primitive handler.swift in Sources */,
				4F988CEA24BCC5A500EE66C7 /* value modifiers.swift in Sources */,
				4F988CEB24BCC5A500EE66C7 /* coercion protocols.swift in Sources */,
				4F988CEC24BCC5A500EE66C7 /* scalar coercions.swift in Sources */,
				4F988CED24BCC5A500EE66C7 /* collection coercions.swift in Sources */,
				4F988CEE24BCC5A500EE66C7 /* record coercion.swift in Sources */,
				4F988CEF24BCC5A500EE66C7 /* complex coercions.swift in Sources */,
				4F988CF024BCC5A500EE66C7 /* handler coercions.swift in Sources */,
				4F988CF124BCC5A500EE66C7 /* coercion modifiers.swift in Sources */,
				4FD41C1524BE487D00B56A14 /* incremental parser.swift in Sources */,
				4F988CF224BCC5A500EE66C7 /* access protocols.swift in Sources */,
				4F988CF324BCC5A500EE66C7 /* environment.swift in Sources */,
				4F988CF424BCC5A500EE66C7 /* swift literal.swift in Sources */,
				4F988CF524BCC5A500EE66C7 /* errors.swift in Sources */,
				4F988CC024BCC57E00EE66C7 /* main.swift in Sources */,
			);
			runOnlyForDeploymentPostprocessing = 0;
		};
		4FE5502024C035D500509806 /* Sources */ = {
			isa = PBXSourcesBuildPhase;
			buildActionMask = 2147483647;
			files = (
				4FE5502724C035D500509806 /* main.swift in Sources */,
				4FE5503424C0389400509806 /* define handler glue.swift in Sources */,
				4F2C4D2924C8DC910058749A /* gluelib_constants.swift in Sources */,
				4F2C4D2124C86BD30058749A /* define patterns.swift in Sources */,
				4FE5504024C06B9600509806 /* render glue.swift in Sources */,
				4F2C4D2324C8C0A40058749A /* handler glue.swift in Sources */,
				4F2C4D1E24C864CE0058749A /* pattern value.swift in Sources */,
				4FE5503524C0389400509806 /* handler stub template.swift in Sources */,
				4FE5503624C0389400509806 /* handler glue template.swift in Sources */,
				4FE5503724C0389400509806 /* operator glue template.swift in Sources */,
				4FE5503924C0389400509806 /* gluelib_handlers.swift in Sources */,
				4FE5503A24C0389400509806 /* gluelib_operators.swift in Sources */,
				4FE5503824C0389400509806 /* texttemplate.swift in Sources */,
			);
			runOnlyForDeploymentPostprocessing = 0;
		};
/* End PBXSourcesBuildPhase section */

/* Begin PBXTargetDependency section */
		4F877A6A24BDBB430067A463 /* PBXTargetDependency */ = {
			isa = PBXTargetDependency;
			target = 4F988CB524BCC4D700EE66C7 /* libiris */;
			targetProxy = 4F877A6924BDBB430067A463 /* PBXContainerItemProxy */;
		};
		4F877A6E24BDBD840067A463 /* PBXTargetDependency */ = {
			isa = PBXTargetDependency;
			target = 4F988CB524BCC4D700EE66C7 /* libiris */;
			targetProxy = 4F877A6D24BDBD840067A463 /* PBXContainerItemProxy */;
		};
		4FE5503324C0388300509806 /* PBXTargetDependency */ = {
			isa = PBXTargetDependency;
			target = 4F988CB524BCC4D700EE66C7 /* libiris */;
			targetProxy = 4FE5503224C0388300509806 /* PBXContainerItemProxy */;
		};
		4FFD83C124BCF01B00E5E28A /* PBXTargetDependency */ = {
			isa = PBXTargetDependency;
			name = libSwiftAutomation;
			targetProxy = 4FFD83C024BCF01B00E5E28A /* PBXContainerItemProxy */;
		};
/* End PBXTargetDependency section */

/* Begin XCBuildConfiguration section */
		4F84D00222ADA0F200C9FD23 /* Debug */ = {
			isa = XCBuildConfiguration;
			buildSettings = {
				ALWAYS_SEARCH_USER_PATHS = NO;
				CLANG_ANALYZER_NONNULL = YES;
				CLANG_ANALYZER_NUMBER_OBJECT_CONVERSION = YES_AGGRESSIVE;
				CLANG_CXX_LANGUAGE_STANDARD = "gnu++14";
				CLANG_CXX_LIBRARY = "libc++";
				CLANG_ENABLE_MODULES = YES;
				CLANG_ENABLE_OBJC_ARC = YES;
				CLANG_ENABLE_OBJC_WEAK = YES;
				CLANG_WARN_BLOCK_CAPTURE_AUTORELEASING = YES;
				CLANG_WARN_BOOL_CONVERSION = YES;
				CLANG_WARN_COMMA = YES;
				CLANG_WARN_CONSTANT_CONVERSION = YES;
				CLANG_WARN_DEPRECATED_OBJC_IMPLEMENTATIONS = YES;
				CLANG_WARN_DIRECT_OBJC_ISA_USAGE = YES_ERROR;
				CLANG_WARN_DOCUMENTATION_COMMENTS = YES;
				CLANG_WARN_EMPTY_BODY = YES;
				CLANG_WARN_ENUM_CONVERSION = YES;
				CLANG_WARN_INFINITE_RECURSION = YES;
				CLANG_WARN_INT_CONVERSION = YES;
				CLANG_WARN_NON_LITERAL_NULL_CONVERSION = YES;
				CLANG_WARN_OBJC_IMPLICIT_RETAIN_SELF = YES;
				CLANG_WARN_OBJC_LITERAL_CONVERSION = YES;
				CLANG_WARN_OBJC_ROOT_CLASS = YES_ERROR;
				CLANG_WARN_RANGE_LOOP_ANALYSIS = YES;
				CLANG_WARN_STRICT_PROTOTYPES = YES;
				CLANG_WARN_SUSPICIOUS_MOVE = YES;
				CLANG_WARN_UNGUARDED_AVAILABILITY = YES_AGGRESSIVE;
				CLANG_WARN_UNREACHABLE_CODE = YES;
				CLANG_WARN__DUPLICATE_METHOD_MATCH = YES;
				CODE_SIGN_IDENTITY = "Mac Developer";
				COPY_PHASE_STRIP = NO;
				DEBUG_INFORMATION_FORMAT = dwarf;
				ENABLE_STRICT_OBJC_MSGSEND = YES;
				ENABLE_TESTABILITY = YES;
				GCC_C_LANGUAGE_STANDARD = gnu11;
				GCC_DYNAMIC_NO_PIC = NO;
				GCC_NO_COMMON_BLOCKS = YES;
				GCC_OPTIMIZATION_LEVEL = 0;
				GCC_PREPROCESSOR_DEFINITIONS = (
					"DEBUG=1",
					"$(inherited)",
				);
				GCC_WARN_64_TO_32_BIT_CONVERSION = YES;
				GCC_WARN_ABOUT_RETURN_TYPE = YES_ERROR;
				GCC_WARN_UNDECLARED_SELECTOR = YES;
				GCC_WARN_UNINITIALIZED_AUTOS = YES_AGGRESSIVE;
				GCC_WARN_UNUSED_FUNCTION = YES;
				GCC_WARN_UNUSED_VARIABLE = YES;
				MACOSX_DEPLOYMENT_TARGET = 10.14;
				MTL_ENABLE_DEBUG_INFO = INCLUDE_SOURCE;
				MTL_FAST_MATH = YES;
				ONLY_ACTIVE_ARCH = YES;
				SDKROOT = macosx;
				SWIFT_ACTIVE_COMPILATION_CONDITIONS = DEBUG;
				SWIFT_OPTIMIZATION_LEVEL = "-Onone";
			};
			name = Debug;
		};
		4F84D00322ADA0F200C9FD23 /* Release */ = {
			isa = XCBuildConfiguration;
			buildSettings = {
				ALWAYS_SEARCH_USER_PATHS = NO;
				CLANG_ANALYZER_NONNULL = YES;
				CLANG_ANALYZER_NUMBER_OBJECT_CONVERSION = YES_AGGRESSIVE;
				CLANG_CXX_LANGUAGE_STANDARD = "gnu++14";
				CLANG_CXX_LIBRARY = "libc++";
				CLANG_ENABLE_MODULES = YES;
				CLANG_ENABLE_OBJC_ARC = YES;
				CLANG_ENABLE_OBJC_WEAK = YES;
				CLANG_WARN_BLOCK_CAPTURE_AUTORELEASING = YES;
				CLANG_WARN_BOOL_CONVERSION = YES;
				CLANG_WARN_COMMA = YES;
				CLANG_WARN_CONSTANT_CONVERSION = YES;
				CLANG_WARN_DEPRECATED_OBJC_IMPLEMENTATIONS = YES;
				CLANG_WARN_DIRECT_OBJC_ISA_USAGE = YES_ERROR;
				CLANG_WARN_DOCUMENTATION_COMMENTS = YES;
				CLANG_WARN_EMPTY_BODY = YES;
				CLANG_WARN_ENUM_CONVERSION = YES;
				CLANG_WARN_INFINITE_RECURSION = YES;
				CLANG_WARN_INT_CONVERSION = YES;
				CLANG_WARN_NON_LITERAL_NULL_CONVERSION = YES;
				CLANG_WARN_OBJC_IMPLICIT_RETAIN_SELF = YES;
				CLANG_WARN_OBJC_LITERAL_CONVERSION = YES;
				CLANG_WARN_OBJC_ROOT_CLASS = YES_ERROR;
				CLANG_WARN_RANGE_LOOP_ANALYSIS = YES;
				CLANG_WARN_STRICT_PROTOTYPES = YES;
				CLANG_WARN_SUSPICIOUS_MOVE = YES;
				CLANG_WARN_UNGUARDED_AVAILABILITY = YES_AGGRESSIVE;
				CLANG_WARN_UNREACHABLE_CODE = YES;
				CLANG_WARN__DUPLICATE_METHOD_MATCH = YES;
				CODE_SIGN_IDENTITY = "Mac Developer";
				COPY_PHASE_STRIP = NO;
				DEBUG_INFORMATION_FORMAT = "dwarf-with-dsym";
				ENABLE_NS_ASSERTIONS = NO;
				ENABLE_STRICT_OBJC_MSGSEND = YES;
				GCC_C_LANGUAGE_STANDARD = gnu11;
				GCC_NO_COMMON_BLOCKS = YES;
				GCC_WARN_64_TO_32_BIT_CONVERSION = YES;
				GCC_WARN_ABOUT_RETURN_TYPE = YES_ERROR;
				GCC_WARN_UNDECLARED_SELECTOR = YES;
				GCC_WARN_UNINITIALIZED_AUTOS = YES_AGGRESSIVE;
				GCC_WARN_UNUSED_FUNCTION = YES;
				GCC_WARN_UNUSED_VARIABLE = YES;
				MACOSX_DEPLOYMENT_TARGET = 10.14;
				MTL_ENABLE_DEBUG_INFO = NO;
				MTL_FAST_MATH = YES;
				SDKROOT = macosx;
				SWIFT_COMPILATION_MODE = wholemodule;
				SWIFT_OPTIMIZATION_LEVEL = "-O";
			};
			name = Release;
		};
		4F84D00522ADA0F200C9FD23 /* Debug */ = {
			isa = XCBuildConfiguration;
			buildSettings = {
				CODE_SIGN_IDENTITY = "-";
				CODE_SIGN_STYLE = Automatic;
				DEVELOPMENT_TEAM = 27XZ82KJ77;
				PRODUCT_NAME = "$(TARGET_NAME)";
				SWIFT_VERSION = 5.0;
			};
			name = Debug;
		};
		4F84D00622ADA0F200C9FD23 /* Release */ = {
			isa = XCBuildConfiguration;
			buildSettings = {
				CODE_SIGN_IDENTITY = "-";
				CODE_SIGN_STYLE = Automatic;
				DEVELOPMENT_TEAM = 27XZ82KJ77;
				PRODUCT_NAME = "$(TARGET_NAME)";
				SWIFT_VERSION = 5.0;
			};
			name = Release;
		};
		4F8C407624BCC02200735273 /* Debug */ = {
			isa = XCBuildConfiguration;
			buildSettings = {
				CLANG_ENABLE_MODULES = YES;
				CODE_SIGN_STYLE = Automatic;
				DEVELOPMENT_TEAM = 27XZ82KJ77;
				ENABLE_HARDENED_RUNTIME = YES;
				LD_RUNPATH_SEARCH_PATHS = (
					"$(inherited)",
					"@executable_path/../Frameworks",
					"@loader_path/../Frameworks",
				);
				PRODUCT_NAME = "$(TARGET_NAME)";
				SWIFT_OBJC_BRIDGING_HEADER = "iris-shell/iris-shell-Bridging-Header.h";
				SWIFT_OPTIMIZATION_LEVEL = "-Onone";
				SWIFT_VERSION = 5.0;
			};
			name = Debug;
		};
		4F8C407724BCC02200735273 /* Release */ = {
			isa = XCBuildConfiguration;
			buildSettings = {
				CLANG_ENABLE_MODULES = YES;
				CODE_SIGN_STYLE = Automatic;
				DEVELOPMENT_TEAM = 27XZ82KJ77;
				ENABLE_HARDENED_RUNTIME = YES;
				LD_RUNPATH_SEARCH_PATHS = (
					"$(inherited)",
					"@executable_path/../Frameworks",
					"@loader_path/../Frameworks",
				);
				PRODUCT_NAME = "$(TARGET_NAME)";
				SWIFT_OBJC_BRIDGING_HEADER = "iris-shell/iris-shell-Bridging-Header.h";
				SWIFT_VERSION = 5.0;
			};
			name = Release;
		};
		4F988CBD24BCC4D700EE66C7 /* Debug */ = {
			isa = XCBuildConfiguration;
			buildSettings = {
				CLANG_ENABLE_MODULES = YES;
				CODE_SIGN_STYLE = Automatic;
				DEVELOPMENT_TEAM = 27XZ82KJ77;
				EXECUTABLE_PREFIX = lib;
				LD_RUNPATH_SEARCH_PATHS = (
					"$(inherited)",
					"@executable_path/../Frameworks",
					"@loader_path/../Frameworks",
				);
				PRODUCT_NAME = iris;
				SKIP_INSTALL = YES;
				SWIFT_OPTIMIZATION_LEVEL = "-Onone";
				SWIFT_VERSION = 5.0;
			};
			name = Debug;
		};
		4F988CBE24BCC4D700EE66C7 /* Release */ = {
			isa = XCBuildConfiguration;
			buildSettings = {
				CLANG_ENABLE_MODULES = YES;
				CODE_SIGN_STYLE = Automatic;
				DEVELOPMENT_TEAM = 27XZ82KJ77;
				EXECUTABLE_PREFIX = lib;
				LD_RUNPATH_SEARCH_PATHS = (
					"$(inherited)",
					"@executable_path/../Frameworks",
					"@loader_path/../Frameworks",
				);
				PRODUCT_NAME = iris;
				SKIP_INSTALL = YES;
				SWIFT_VERSION = 5.0;
			};
			name = Release;
		};
		4FE5502824C035D500509806 /* Debug */ = {
			isa = XCBuildConfiguration;
			buildSettings = {
				CODE_SIGN_STYLE = Automatic;
				DEVELOPMENT_TEAM = 27XZ82KJ77;
				ENABLE_HARDENED_RUNTIME = YES;
				PRODUCT_NAME = "$(TARGET_NAME)";
				SWIFT_VERSION = 5.0;
			};
			name = Debug;
		};
		4FE5502924C035D500509806 /* Release */ = {
			isa = XCBuildConfiguration;
			buildSettings = {
				CODE_SIGN_STYLE = Automatic;
				DEVELOPMENT_TEAM = 27XZ82KJ77;
				ENABLE_HARDENED_RUNTIME = YES;
				PRODUCT_NAME = "$(TARGET_NAME)";
				SWIFT_VERSION = 5.0;
			};
			name = Release;
		};
/* End XCBuildConfiguration section */

/* Begin XCConfigurationList section */
		4F84CFF822ADA0F100C9FD23 /* Build configuration list for PBXProject "iris-script" */ = {
			isa = XCConfigurationList;
			buildConfigurations = (
				4F84D00222ADA0F200C9FD23 /* Debug */,
				4F84D00322ADA0F200C9FD23 /* Release */,
			);
			defaultConfigurationIsVisible = 0;
			defaultConfigurationName = Release;
		};
		4F84D00422ADA0F200C9FD23 /* Build configuration list for PBXNativeTarget "iris-test" */ = {
			isa = XCConfigurationList;
			buildConfigurations = (
				4F84D00522ADA0F200C9FD23 /* Debug */,
				4F84D00622ADA0F200C9FD23 /* Release */,
			);
			defaultConfigurationIsVisible = 0;
			defaultConfigurationName = Release;
		};
		4F8C407D24BCC02200735273 /* Build configuration list for PBXNativeTarget "iris-shell" */ = {
			isa = XCConfigurationList;
			buildConfigurations = (
				4F8C407624BCC02200735273 /* Debug */,
				4F8C407724BCC02200735273 /* Release */,
			);
			defaultConfigurationIsVisible = 0;
			defaultConfigurationName = Release;
		};
		4F988CBC24BCC4D700EE66C7 /* Build configuration list for PBXNativeTarget "libiris" */ = {
			isa = XCConfigurationList;
			buildConfigurations = (
				4F988CBD24BCC4D700EE66C7 /* Debug */,
				4F988CBE24BCC4D700EE66C7 /* Release */,
			);
			defaultConfigurationIsVisible = 0;
			defaultConfigurationName = Release;
		};
		4FE5502F24C035D500509806 /* Build configuration list for PBXNativeTarget "iris-glue" */ = {
			isa = XCConfigurationList;
			buildConfigurations = (
				4FE5502824C035D500509806 /* Debug */,
				4FE5502924C035D500509806 /* Release */,
			);
			defaultConfigurationIsVisible = 0;
			defaultConfigurationName = Release;
		};
/* End XCConfigurationList section */
	};
	rootObject = 4F84CFF522ADA0F100C9FD23 /* Project object */;
}
